
Microsoft Visual Studio Solution File, Format Version 12.00
# Visual Studio Version 17
VisualStudioVersion = 17.10.35004.147
MinimumVisualStudioVersion = 10.0.40219.1
Project("{9A19103F-16F7-4668-BE54-9A1E7A4F7556}") = "8KYU_01", "8KYU_01\8KYU_01.csproj", "{86946FFB-1208-4E87-AFA0-EEAA099EE8A7}"
EndProject
Project("{2150E333-8FDC-42A3-9474-1A3956D46DE8}") = "8KYU", "8KYU", "{D066F411-83EC-498D-AFFC-C3A7A4E7E738}"
EndProject
Project("{9A19103F-16F7-4668-BE54-9A1E7A4F7556}") = "8KYU_02", "8KYU_02\8KYU_02.csproj", "{C663C70B-3B5D-43BC-BBCE-9C9B15552840}"
EndProject
Project("{2150E333-8FDC-42A3-9474-1A3956D46DE8}") = "7KYU", "7KYU", "{96D748E6-B4F4-438F-A219-B3B2CDEA268A}"
EndProject
Project("{9A19103F-16F7-4668-BE54-9A1E7A4F7556}") = "7KYU_01", "7KYU_#01\7KYU_01.csproj", "{CDD542F3-310F-4E58-8B1F-3247403014A1}"
EndProject
Project("{9A19103F-16F7-4668-BE54-9A1E7A4F7556}") = "8KYU_03", "8KYU_03\8KYU_03.csproj", "{44CBEA02-E355-4512-A55C-65C9C7E4D07D}"
EndProject
Project("{2150E333-8FDC-42A3-9474-1A3956D46DE8}") = "6KYU", "6KYU", "{3742FCCD-B571-40BD-88F6-281963C812DE}"
EndProject
Project("{9A19103F-16F7-4668-BE54-9A1E7A4F7556}") = "6KYU_01", "6KYU_01\6KYU_01.csproj", "{66812187-63FA-47CE-82F5-74C0CDFCCD78}"
EndProject
Project("{9A19103F-16F7-4668-BE54-9A1E7A4F7556}") = "8KYU_04", "8KYU_04\8KYU_04.csproj", "{5CDD0F34-C679-422F-920E-34E39C587519}"
EndProject
Project("{9A19103F-16F7-4668-BE54-9A1E7A4F7556}") = "7KYU_02", "7KYU_02\7KYU_02.csproj", "{DB2A5B2E-2168-49F1-93DF-8B51975E73D3}"
EndProject
Project("{9A19103F-16F7-4668-BE54-9A1E7A4F7556}") = "8KYU_05", "8KYU_05\8KYU_05.csproj", "{5E3DE2ED-A55D-4480-8CE0-C3C18DBE1EA2}"
EndProject
Project("{9A19103F-16F7-4668-BE54-9A1E7A4F7556}") = "6KYU_02", "6KYU_02\6KYU_02.csproj", "{FC540188-96FF-434C-8433-0CACB768EFF5}"
EndProject
Project("{9A19103F-16F7-4668-BE54-9A1E7A4F7556}") = "7KYU_03", "7KYU_03\7KYU_03.csproj", "{8EA01B90-81FA-40D0-882A-5DB666BA599A}"
EndProject
Project("{9A19103F-16F7-4668-BE54-9A1E7A4F7556}") = "8KYU_06", "8KYU_06\8KYU_06.csproj", "{30342589-EBAF-4626-9DC3-D32F2885E127}"
EndProject
Project("{9A19103F-16F7-4668-BE54-9A1E7A4F7556}") = "6KYU_03", "6KYU_03\6KYU_03.csproj", "{B98EB288-7EB5-43D9-8D3A-2DEE2DC284C7}"
EndProject
Project("{9A19103F-16F7-4668-BE54-9A1E7A4F7556}") = "8KYU_07", "8KYU_07\8KYU_07.csproj", "{D2C8F32B-3EC9-403B-AC2E-0C87E9445664}"
EndProject
Project("{9A19103F-16F7-4668-BE54-9A1E7A4F7556}") = "7KYU_04", "7KYU_04\7KYU_04.csproj", "{7E1C80A8-6EDC-4716-A2F8-C85A6BE70206}"
EndProject
Project("{9A19103F-16F7-4668-BE54-9A1E7A4F7556}") = "7KYU_05", "KYU_05\7KYU_05.csproj", "{DCC506A5-2F1A-41EE-BFC2-D90127EBB8B6}"
EndProject
Project("{9A19103F-16F7-4668-BE54-9A1E7A4F7556}") = "6KYU_05", "6KYU_05\6KYU_05.csproj", "{F9C1A8A8-A427-4700-BBEC-14B8341D864E}"
EndProject
Project("{9A19103F-16F7-4668-BE54-9A1E7A4F7556}") = "6KYU_06", "6KYU_06\6KYU_06.csproj", "{9701F165-D01B-4149-851F-B49659E7AC18}"
EndProject
Project("{9A19103F-16F7-4668-BE54-9A1E7A4F7556}") = "6KYU_07", "6KYU_07\6KYU_07.csproj", "{8A111540-3386-48E2-8BFC-5C20E325A5BB}"
EndProject
Project("{9A19103F-16F7-4668-BE54-9A1E7A4F7556}") = "7KYU_06", "7KYU_06\7KYU_06.csproj", "{C712CA2A-0560-4103-8687-4CA83BC25C6D}"
EndProject
Project("{9A19103F-16F7-4668-BE54-9A1E7A4F7556}") = "7KYU_07", "7KYU_07\7KYU_07.csproj", "{37C28F88-C1BD-4AA4-88B3-19EDB5847B0F}"
EndProject
Project("{9A19103F-16F7-4668-BE54-9A1E7A4F7556}") = "7KYU_08", "7KYU_08\7KYU_08.csproj", "{4F8567D6-C342-4831-9032-F8F2FAE77054}"
EndProject
Project("{9A19103F-16F7-4668-BE54-9A1E7A4F7556}") = "6KYU_08", "6KYU_08\6KYU_08.csproj", "{CF64F041-B6C1-44C7-B78F-D5B80197D1F6}"
EndProject
Project("{9A19103F-16F7-4668-BE54-9A1E7A4F7556}") = "8KYU_08", "8KYU_08\8KYU_08.csproj", "{644836CD-C079-4F1F-8F97-B4DCFC841722}"
EndProject
Project("{2150E333-8FDC-42A3-9474-1A3956D46DE8}") = "5KYU", "5KYU", "{9FE9F9D9-026A-471F-8142-B66884DA76F7}"
EndProject
Project("{9A19103F-16F7-4668-BE54-9A1E7A4F7556}") = "5KYU_01", "5KYU_01\5KYU_01.csproj", "{C1DEE03B-0187-4A7F-A1EC-5CD9D73A24E1}"
EndProject
Project("{FAE04EC0-301F-11D3-BF4B-00C04F79EFBC}") = "7KYU_09", "7KYU_09\7KYU_09.csproj", "{AA2AB543-EFF2-448B-878F-F584FB05E081}"
EndProject
Project("{FAE04EC0-301F-11D3-BF4B-00C04F79EFBC}") = "6KYU_09", "6KYU_09\6KYU_09.csproj", "{60DBF8F8-AC68-45AA-ABFE-DA94DB234E79}"
EndProject
Project("{FAE04EC0-301F-11D3-BF4B-00C04F79EFBC}") = "8KYU_09", "8KYU_09\8KYU_09.csproj", "{55F5B339-5348-4EC2-A31F-E1E9EF3813F6}"
EndProject
Project("{FAE04EC0-301F-11D3-BF4B-00C04F79EFBC}") = "7KYU_10", "7KYU_10\7KYU_10.csproj", "{ACE2FB74-A260-4EB9-9BFB-30A5C18F3CD3}"
EndProject
Project("{FAE04EC0-301F-11D3-BF4B-00C04F79EFBC}") = "8KYU_10", "8KYU_10\8KYU_10.csproj", "{5979C742-FCA8-478B-BF36-242A104A77F7}"
EndProject
Project("{FAE04EC0-301F-11D3-BF4B-00C04F79EFBC}") = "8KYU_11", "8KYU_11\8KYU_11.csproj", "{13792AD4-078D-495A-A8AD-CC2F8023D0FF}"
EndProject
Project("{FAE04EC0-301F-11D3-BF4B-00C04F79EFBC}") = "8KYU_12", "8KYU_12\8KYU_12.csproj", "{A4038E5C-AD77-4316-8AD7-61E08B0DC8D1}"
EndProject
Project("{FAE04EC0-301F-11D3-BF4B-00C04F79EFBC}") = "6KYU_10", "6KYU_10\6KYU_10.csproj", "{AA39CF4A-23AD-41D9-948F-C3A67CE09745}"
EndProject
Global
	GlobalSection(SolutionConfigurationPlatforms) = preSolution
		Debug|Any CPU = Debug|Any CPU
		Release|Any CPU = Release|Any CPU
	EndGlobalSection
	GlobalSection(ProjectConfigurationPlatforms) = postSolution
		{86946FFB-1208-4E87-AFA0-EEAA099EE8A7}.Debug|Any CPU.ActiveCfg = Debug|Any CPU
		{86946FFB-1208-4E87-AFA0-EEAA099EE8A7}.Debug|Any CPU.Build.0 = Debug|Any CPU
		{86946FFB-1208-4E87-AFA0-EEAA099EE8A7}.Release|Any CPU.ActiveCfg = Release|Any CPU
		{86946FFB-1208-4E87-AFA0-EEAA099EE8A7}.Release|Any CPU.Build.0 = Release|Any CPU
		{C663C70B-3B5D-43BC-BBCE-9C9B15552840}.Debug|Any CPU.ActiveCfg = Debug|Any CPU
		{C663C70B-3B5D-43BC-BBCE-9C9B15552840}.Debug|Any CPU.Build.0 = Debug|Any CPU
		{C663C70B-3B5D-43BC-BBCE-9C9B15552840}.Release|Any CPU.ActiveCfg = Release|Any CPU
		{C663C70B-3B5D-43BC-BBCE-9C9B15552840}.Release|Any CPU.Build.0 = Release|Any CPU
		{CDD542F3-310F-4E58-8B1F-3247403014A1}.Debug|Any CPU.ActiveCfg = Debug|Any CPU
		{CDD542F3-310F-4E58-8B1F-3247403014A1}.Debug|Any CPU.Build.0 = Debug|Any CPU
		{CDD542F3-310F-4E58-8B1F-3247403014A1}.Release|Any CPU.ActiveCfg = Release|Any CPU
		{CDD542F3-310F-4E58-8B1F-3247403014A1}.Release|Any CPU.Build.0 = Release|Any CPU
		{44CBEA02-E355-4512-A55C-65C9C7E4D07D}.Debug|Any CPU.ActiveCfg = Debug|Any CPU
		{44CBEA02-E355-4512-A55C-65C9C7E4D07D}.Debug|Any CPU.Build.0 = Debug|Any CPU
		{44CBEA02-E355-4512-A55C-65C9C7E4D07D}.Release|Any CPU.ActiveCfg = Release|Any CPU
		{44CBEA02-E355-4512-A55C-65C9C7E4D07D}.Release|Any CPU.Build.0 = Release|Any CPU
		{66812187-63FA-47CE-82F5-74C0CDFCCD78}.Debug|Any CPU.ActiveCfg = Debug|Any CPU
		{66812187-63FA-47CE-82F5-74C0CDFCCD78}.Debug|Any CPU.Build.0 = Debug|Any CPU
		{66812187-63FA-47CE-82F5-74C0CDFCCD78}.Release|Any CPU.ActiveCfg = Release|Any CPU
		{66812187-63FA-47CE-82F5-74C0CDFCCD78}.Release|Any CPU.Build.0 = Release|Any CPU
		{5CDD0F34-C679-422F-920E-34E39C587519}.Debug|Any CPU.ActiveCfg = Debug|Any CPU
		{5CDD0F34-C679-422F-920E-34E39C587519}.Debug|Any CPU.Build.0 = Debug|Any CPU
		{5CDD0F34-C679-422F-920E-34E39C587519}.Release|Any CPU.ActiveCfg = Release|Any CPU
		{5CDD0F34-C679-422F-920E-34E39C587519}.Release|Any CPU.Build.0 = Release|Any CPU
		{DB2A5B2E-2168-49F1-93DF-8B51975E73D3}.Debug|Any CPU.ActiveCfg = Debug|Any CPU
		{DB2A5B2E-2168-49F1-93DF-8B51975E73D3}.Debug|Any CPU.Build.0 = Debug|Any CPU
		{DB2A5B2E-2168-49F1-93DF-8B51975E73D3}.Release|Any CPU.ActiveCfg = Release|Any CPU
		{DB2A5B2E-2168-49F1-93DF-8B51975E73D3}.Release|Any CPU.Build.0 = Release|Any CPU
		{5E3DE2ED-A55D-4480-8CE0-C3C18DBE1EA2}.Debug|Any CPU.ActiveCfg = Debug|Any CPU
		{5E3DE2ED-A55D-4480-8CE0-C3C18DBE1EA2}.Debug|Any CPU.Build.0 = Debug|Any CPU
		{5E3DE2ED-A55D-4480-8CE0-C3C18DBE1EA2}.Release|Any CPU.ActiveCfg = Release|Any CPU
		{5E3DE2ED-A55D-4480-8CE0-C3C18DBE1EA2}.Release|Any CPU.Build.0 = Release|Any CPU
		{FC540188-96FF-434C-8433-0CACB768EFF5}.Debug|Any CPU.ActiveCfg = Debug|Any CPU
		{FC540188-96FF-434C-8433-0CACB768EFF5}.Debug|Any CPU.Build.0 = Debug|Any CPU
		{FC540188-96FF-434C-8433-0CACB768EFF5}.Release|Any CPU.ActiveCfg = Release|Any CPU
		{FC540188-96FF-434C-8433-0CACB768EFF5}.Release|Any CPU.Build.0 = Release|Any CPU
		{8EA01B90-81FA-40D0-882A-5DB666BA599A}.Debug|Any CPU.ActiveCfg = Debug|Any CPU
		{8EA01B90-81FA-40D0-882A-5DB666BA599A}.Debug|Any CPU.Build.0 = Debug|Any CPU
		{8EA01B90-81FA-40D0-882A-5DB666BA599A}.Release|Any CPU.ActiveCfg = Release|Any CPU
		{8EA01B90-81FA-40D0-882A-5DB666BA599A}.Release|Any CPU.Build.0 = Release|Any CPU
		{30342589-EBAF-4626-9DC3-D32F2885E127}.Debug|Any CPU.ActiveCfg = Debug|Any CPU
		{30342589-EBAF-4626-9DC3-D32F2885E127}.Debug|Any CPU.Build.0 = Debug|Any CPU
		{30342589-EBAF-4626-9DC3-D32F2885E127}.Release|Any CPU.ActiveCfg = Release|Any CPU
		{30342589-EBAF-4626-9DC3-D32F2885E127}.Release|Any CPU.Build.0 = Release|Any CPU
		{B98EB288-7EB5-43D9-8D3A-2DEE2DC284C7}.Debug|Any CPU.ActiveCfg = Debug|Any CPU
		{B98EB288-7EB5-43D9-8D3A-2DEE2DC284C7}.Debug|Any CPU.Build.0 = Debug|Any CPU
		{B98EB288-7EB5-43D9-8D3A-2DEE2DC284C7}.Release|Any CPU.ActiveCfg = Release|Any CPU
		{B98EB288-7EB5-43D9-8D3A-2DEE2DC284C7}.Release|Any CPU.Build.0 = Release|Any CPU
		{D2C8F32B-3EC9-403B-AC2E-0C87E9445664}.Debug|Any CPU.ActiveCfg = Debug|Any CPU
		{D2C8F32B-3EC9-403B-AC2E-0C87E9445664}.Debug|Any CPU.Build.0 = Debug|Any CPU
		{D2C8F32B-3EC9-403B-AC2E-0C87E9445664}.Release|Any CPU.ActiveCfg = Release|Any CPU
		{D2C8F32B-3EC9-403B-AC2E-0C87E9445664}.Release|Any CPU.Build.0 = Release|Any CPU
		{7E1C80A8-6EDC-4716-A2F8-C85A6BE70206}.Debug|Any CPU.ActiveCfg = Debug|Any CPU
		{7E1C80A8-6EDC-4716-A2F8-C85A6BE70206}.Debug|Any CPU.Build.0 = Debug|Any CPU
		{7E1C80A8-6EDC-4716-A2F8-C85A6BE70206}.Release|Any CPU.ActiveCfg = Release|Any CPU
		{7E1C80A8-6EDC-4716-A2F8-C85A6BE70206}.Release|Any CPU.Build.0 = Release|Any CPU
		{DCC506A5-2F1A-41EE-BFC2-D90127EBB8B6}.Debug|Any CPU.ActiveCfg = Debug|Any CPU
		{DCC506A5-2F1A-41EE-BFC2-D90127EBB8B6}.Debug|Any CPU.Build.0 = Debug|Any CPU
		{DCC506A5-2F1A-41EE-BFC2-D90127EBB8B6}.Release|Any CPU.ActiveCfg = Release|Any CPU
		{DCC506A5-2F1A-41EE-BFC2-D90127EBB8B6}.Release|Any CPU.Build.0 = Release|Any CPU
		{F9C1A8A8-A427-4700-BBEC-14B8341D864E}.Debug|Any CPU.ActiveCfg = Debug|Any CPU
		{F9C1A8A8-A427-4700-BBEC-14B8341D864E}.Debug|Any CPU.Build.0 = Debug|Any CPU
		{F9C1A8A8-A427-4700-BBEC-14B8341D864E}.Release|Any CPU.ActiveCfg = Release|Any CPU
		{F9C1A8A8-A427-4700-BBEC-14B8341D864E}.Release|Any CPU.Build.0 = Release|Any CPU
		{9701F165-D01B-4149-851F-B49659E7AC18}.Debug|Any CPU.ActiveCfg = Debug|Any CPU
		{9701F165-D01B-4149-851F-B49659E7AC18}.Debug|Any CPU.Build.0 = Debug|Any CPU
		{9701F165-D01B-4149-851F-B49659E7AC18}.Release|Any CPU.ActiveCfg = Release|Any CPU
		{9701F165-D01B-4149-851F-B49659E7AC18}.Release|Any CPU.Build.0 = Release|Any CPU
		{8A111540-3386-48E2-8BFC-5C20E325A5BB}.Debug|Any CPU.ActiveCfg = Debug|Any CPU
		{8A111540-3386-48E2-8BFC-5C20E325A5BB}.Debug|Any CPU.Build.0 = Debug|Any CPU
		{8A111540-3386-48E2-8BFC-5C20E325A5BB}.Release|Any CPU.ActiveCfg = Release|Any CPU
		{8A111540-3386-48E2-8BFC-5C20E325A5BB}.Release|Any CPU.Build.0 = Release|Any CPU
		{C712CA2A-0560-4103-8687-4CA83BC25C6D}.Debug|Any CPU.ActiveCfg = Debug|Any CPU
		{C712CA2A-0560-4103-8687-4CA83BC25C6D}.Debug|Any CPU.Build.0 = Debug|Any CPU
		{C712CA2A-0560-4103-8687-4CA83BC25C6D}.Release|Any CPU.ActiveCfg = Release|Any CPU
		{C712CA2A-0560-4103-8687-4CA83BC25C6D}.Release|Any CPU.Build.0 = Release|Any CPU
		{37C28F88-C1BD-4AA4-88B3-19EDB5847B0F}.Debug|Any CPU.ActiveCfg = Debug|Any CPU
		{37C28F88-C1BD-4AA4-88B3-19EDB5847B0F}.Debug|Any CPU.Build.0 = Debug|Any CPU
		{37C28F88-C1BD-4AA4-88B3-19EDB5847B0F}.Release|Any CPU.ActiveCfg = Release|Any CPU
		{37C28F88-C1BD-4AA4-88B3-19EDB5847B0F}.Release|Any CPU.Build.0 = Release|Any CPU
		{4F8567D6-C342-4831-9032-F8F2FAE77054}.Debug|Any CPU.ActiveCfg = Debug|Any CPU
		{4F8567D6-C342-4831-9032-F8F2FAE77054}.Debug|Any CPU.Build.0 = Debug|Any CPU
		{4F8567D6-C342-4831-9032-F8F2FAE77054}.Release|Any CPU.ActiveCfg = Release|Any CPU
		{4F8567D6-C342-4831-9032-F8F2FAE77054}.Release|Any CPU.Build.0 = Release|Any CPU
		{CF64F041-B6C1-44C7-B78F-D5B80197D1F6}.Debug|Any CPU.ActiveCfg = Debug|Any CPU
		{CF64F041-B6C1-44C7-B78F-D5B80197D1F6}.Debug|Any CPU.Build.0 = Debug|Any CPU
		{CF64F041-B6C1-44C7-B78F-D5B80197D1F6}.Release|Any CPU.ActiveCfg = Release|Any CPU
		{CF64F041-B6C1-44C7-B78F-D5B80197D1F6}.Release|Any CPU.Build.0 = Release|Any CPU
		{644836CD-C079-4F1F-8F97-B4DCFC841722}.Debug|Any CPU.ActiveCfg = Debug|Any CPU
		{644836CD-C079-4F1F-8F97-B4DCFC841722}.Debug|Any CPU.Build.0 = Debug|Any CPU
		{644836CD-C079-4F1F-8F97-B4DCFC841722}.Release|Any CPU.ActiveCfg = Release|Any CPU
		{644836CD-C079-4F1F-8F97-B4DCFC841722}.Release|Any CPU.Build.0 = Release|Any CPU
		{C1DEE03B-0187-4A7F-A1EC-5CD9D73A24E1}.Debug|Any CPU.ActiveCfg = Debug|Any CPU
		{C1DEE03B-0187-4A7F-A1EC-5CD9D73A24E1}.Debug|Any CPU.Build.0 = Debug|Any CPU
		{C1DEE03B-0187-4A7F-A1EC-5CD9D73A24E1}.Release|Any CPU.ActiveCfg = Release|Any CPU
		{C1DEE03B-0187-4A7F-A1EC-5CD9D73A24E1}.Release|Any CPU.Build.0 = Release|Any CPU
		{AA2AB543-EFF2-448B-878F-F584FB05E081}.Debug|Any CPU.ActiveCfg = Debug|Any CPU
		{AA2AB543-EFF2-448B-878F-F584FB05E081}.Debug|Any CPU.Build.0 = Debug|Any CPU
		{AA2AB543-EFF2-448B-878F-F584FB05E081}.Release|Any CPU.ActiveCfg = Release|Any CPU
		{AA2AB543-EFF2-448B-878F-F584FB05E081}.Release|Any CPU.Build.0 = Release|Any CPU
		{60DBF8F8-AC68-45AA-ABFE-DA94DB234E79}.Debug|Any CPU.ActiveCfg = Debug|Any CPU
		{60DBF8F8-AC68-45AA-ABFE-DA94DB234E79}.Debug|Any CPU.Build.0 = Debug|Any CPU
		{60DBF8F8-AC68-45AA-ABFE-DA94DB234E79}.Release|Any CPU.ActiveCfg = Release|Any CPU
		{60DBF8F8-AC68-45AA-ABFE-DA94DB234E79}.Release|Any CPU.Build.0 = Release|Any CPU
		{55F5B339-5348-4EC2-A31F-E1E9EF3813F6}.Debug|Any CPU.ActiveCfg = Debug|Any CPU
		{55F5B339-5348-4EC2-A31F-E1E9EF3813F6}.Debug|Any CPU.Build.0 = Debug|Any CPU
		{55F5B339-5348-4EC2-A31F-E1E9EF3813F6}.Release|Any CPU.ActiveCfg = Release|Any CPU
		{55F5B339-5348-4EC2-A31F-E1E9EF3813F6}.Release|Any CPU.Build.0 = Release|Any CPU
		{ACE2FB74-A260-4EB9-9BFB-30A5C18F3CD3}.Debug|Any CPU.ActiveCfg = Debug|Any CPU
		{ACE2FB74-A260-4EB9-9BFB-30A5C18F3CD3}.Debug|Any CPU.Build.0 = Debug|Any CPU
		{ACE2FB74-A260-4EB9-9BFB-30A5C18F3CD3}.Release|Any CPU.ActiveCfg = Release|Any CPU
		{ACE2FB74-A260-4EB9-9BFB-30A5C18F3CD3}.Release|Any CPU.Build.0 = Release|Any CPU
		{5979C742-FCA8-478B-BF36-242A104A77F7}.Debug|Any CPU.ActiveCfg = Debug|Any CPU
		{5979C742-FCA8-478B-BF36-242A104A77F7}.Debug|Any CPU.Build.0 = Debug|Any CPU
		{5979C742-FCA8-478B-BF36-242A104A77F7}.Release|Any CPU.ActiveCfg = Release|Any CPU
		{5979C742-FCA8-478B-BF36-242A104A77F7}.Release|Any CPU.Build.0 = Release|Any CPU
		{13792AD4-078D-495A-A8AD-CC2F8023D0FF}.Debug|Any CPU.ActiveCfg = Debug|Any CPU
		{13792AD4-078D-495A-A8AD-CC2F8023D0FF}.Debug|Any CPU.Build.0 = Debug|Any CPU
		{13792AD4-078D-495A-A8AD-CC2F8023D0FF}.Release|Any CPU.ActiveCfg = Release|Any CPU
		{13792AD4-078D-495A-A8AD-CC2F8023D0FF}.Release|Any CPU.Build.0 = Release|Any CPU
		{A4038E5C-AD77-4316-8AD7-61E08B0DC8D1}.Debug|Any CPU.ActiveCfg = Debug|Any CPU
		{A4038E5C-AD77-4316-8AD7-61E08B0DC8D1}.Debug|Any CPU.Build.0 = Debug|Any CPU
		{A4038E5C-AD77-4316-8AD7-61E08B0DC8D1}.Release|Any CPU.ActiveCfg = Release|Any CPU
		{A4038E5C-AD77-4316-8AD7-61E08B0DC8D1}.Release|Any CPU.Build.0 = Release|Any CPU
		{AA39CF4A-23AD-41D9-948F-C3A67CE09745}.Debug|Any CPU.ActiveCfg = Debug|Any CPU
		{AA39CF4A-23AD-41D9-948F-C3A67CE09745}.Debug|Any CPU.Build.0 = Debug|Any CPU
		{AA39CF4A-23AD-41D9-948F-C3A67CE09745}.Release|Any CPU.ActiveCfg = Release|Any CPU
		{AA39CF4A-23AD-41D9-948F-C3A67CE09745}.Release|Any CPU.Build.0 = Release|Any CPU
	EndGlobalSection
	GlobalSection(SolutionProperties) = preSolution
		HideSolutionNode = FALSE
	EndGlobalSection
	GlobalSection(NestedProjects) = preSolution
		{86946FFB-1208-4E87-AFA0-EEAA099EE8A7} = {D066F411-83EC-498D-AFFC-C3A7A4E7E738}
		{C663C70B-3B5D-43BC-BBCE-9C9B15552840} = {D066F411-83EC-498D-AFFC-C3A7A4E7E738}
		{CDD542F3-310F-4E58-8B1F-3247403014A1} = {96D748E6-B4F4-438F-A219-B3B2CDEA268A}
		{44CBEA02-E355-4512-A55C-65C9C7E4D07D} = {D066F411-83EC-498D-AFFC-C3A7A4E7E738}
		{66812187-63FA-47CE-82F5-74C0CDFCCD78} = {3742FCCD-B571-40BD-88F6-281963C812DE}
		{5CDD0F34-C679-422F-920E-34E39C587519} = {D066F411-83EC-498D-AFFC-C3A7A4E7E738}
		{DB2A5B2E-2168-49F1-93DF-8B51975E73D3} = {96D748E6-B4F4-438F-A219-B3B2CDEA268A}
		{5E3DE2ED-A55D-4480-8CE0-C3C18DBE1EA2} = {D066F411-83EC-498D-AFFC-C3A7A4E7E738}
		{FC540188-96FF-434C-8433-0CACB768EFF5} = {3742FCCD-B571-40BD-88F6-281963C812DE}
		{8EA01B90-81FA-40D0-882A-5DB666BA599A} = {96D748E6-B4F4-438F-A219-B3B2CDEA268A}
		{30342589-EBAF-4626-9DC3-D32F2885E127} = {D066F411-83EC-498D-AFFC-C3A7A4E7E738}
		{B98EB288-7EB5-43D9-8D3A-2DEE2DC284C7} = {3742FCCD-B571-40BD-88F6-281963C812DE}
		{D2C8F32B-3EC9-403B-AC2E-0C87E9445664} = {D066F411-83EC-498D-AFFC-C3A7A4E7E738}
		{7E1C80A8-6EDC-4716-A2F8-C85A6BE70206} = {96D748E6-B4F4-438F-A219-B3B2CDEA268A}
		{DCC506A5-2F1A-41EE-BFC2-D90127EBB8B6} = {96D748E6-B4F4-438F-A219-B3B2CDEA268A}
		{F9C1A8A8-A427-4700-BBEC-14B8341D864E} = {3742FCCD-B571-40BD-88F6-281963C812DE}
		{9701F165-D01B-4149-851F-B49659E7AC18} = {3742FCCD-B571-40BD-88F6-281963C812DE}
		{8A111540-3386-48E2-8BFC-5C20E325A5BB} = {3742FCCD-B571-40BD-88F6-281963C812DE}
		{C712CA2A-0560-4103-8687-4CA83BC25C6D} = {96D748E6-B4F4-438F-A219-B3B2CDEA268A}
		{37C28F88-C1BD-4AA4-88B3-19EDB5847B0F} = {96D748E6-B4F4-438F-A219-B3B2CDEA268A}
		{4F8567D6-C342-4831-9032-F8F2FAE77054} = {96D748E6-B4F4-438F-A219-B3B2CDEA268A}
		{CF64F041-B6C1-44C7-B78F-D5B80197D1F6} = {3742FCCD-B571-40BD-88F6-281963C812DE}
		{644836CD-C079-4F1F-8F97-B4DCFC841722} = {D066F411-83EC-498D-AFFC-C3A7A4E7E738}
		{C1DEE03B-0187-4A7F-A1EC-5CD9D73A24E1} = {9FE9F9D9-026A-471F-8142-B66884DA76F7}
		{AA2AB543-EFF2-448B-878F-F584FB05E081} = {96D748E6-B4F4-438F-A219-B3B2CDEA268A}
		{60DBF8F8-AC68-45AA-ABFE-DA94DB234E79} = {3742FCCD-B571-40BD-88F6-281963C812DE}
		{55F5B339-5348-4EC2-A31F-E1E9EF3813F6} = {D066F411-83EC-498D-AFFC-C3A7A4E7E738}
		{ACE2FB74-A260-4EB9-9BFB-30A5C18F3CD3} = {96D748E6-B4F4-438F-A219-B3B2CDEA268A}
		{5979C742-FCA8-478B-BF36-242A104A77F7} = {D066F411-83EC-498D-AFFC-C3A7A4E7E738}
		{13792AD4-078D-495A-A8AD-CC2F8023D0FF} = {D066F411-83EC-498D-AFFC-C3A7A4E7E738}
		{A4038E5C-AD77-4316-8AD7-61E08B0DC8D1} = {D066F411-83EC-498D-AFFC-C3A7A4E7E738}
		{AA39CF4A-23AD-41D9-948F-C3A67CE09745} = {3742FCCD-B571-40BD-88F6-281963C812DE}
	EndGlobalSection
	GlobalSection(ExtensibilityGlobals) = postSolution
		SolutionGuid = {E98DC5D3-1A12-4A79-86FB-1CF34D8BDAA5}
	EndGlobalSection
EndGlobal
