
Microsoft Visual Studio Solution File, Format Version 12.00
# Visual Studio Version 17
VisualStudioVersion = 17.10.35004.147
MinimumVisualStudioVersion = 10.0.40219.1
Project("{9A19103F-16F7-4668-BE54-9A1E7A4F7556}") = "8KYU_01", "8KYU_01\8KYU_01.csproj", "{86946FFB-1208-4E87-AFA0-EEAA099EE8A7}"
EndProject
Project("{2150E333-8FDC-42A3-9474-1A3956D46DE8}") = "8KYU", "8KYU", "{D066F411-83EC-498D-AFFC-C3A7A4E7E738}"
EndProject
Project("{9A19103F-16F7-4668-BE54-9A1E7A4F7556}") = "8KYU_02", "8KYU_02\8KYU_02.csproj", "{C663C70B-3B5D-43BC-BBCE-9C9B15552840}"
EndProject
Project("{2150E333-8FDC-42A3-9474-1A3956D46DE8}") = "7KYU", "7KYU", "{96D748E6-B4F4-438F-A219-B3B2CDEA268A}"
EndProject
Project("{9A19103F-16F7-4668-BE54-9A1E7A4F7556}") = "7KYU_01", "7KYU_#01\7KYU_01.csproj", "{CDD542F3-310F-4E58-8B1F-3247403014A1}"
EndProject
Project("{9A19103F-16F7-4668-BE54-9A1E7A4F7556}") = "8KYU_03", "8KYU_03\8KYU_03.csproj", "{44CBEA02-E355-4512-A55C-65C9C7E4D07D}"
EndProject
Project("{2150E333-8FDC-42A3-9474-1A3956D46DE8}") = "6KYU", "6KYU", "{3742FCCD-B571-40BD-88F6-281963C812DE}"
EndProject
Project("{9A19103F-16F7-4668-BE54-9A1E7A4F7556}") = "6KYU_01", "6KYU_01\6KYU_01.csproj", "{66812187-63FA-47CE-82F5-74C0CDFCCD78}"
EndProject
Project("{9A19103F-16F7-4668-BE54-9A1E7A4F7556}") = "8KYU_04", "8KYU_04\8KYU_04.csproj", "{5CDD0F34-C679-422F-920E-34E39C587519}"
EndProject
Project("{9A19103F-16F7-4668-BE54-9A1E7A4F7556}") = "7KYU_02", "7KYU_02\7KYU_02.csproj", "{DB2A5B2E-2168-49F1-93DF-8B51975E73D3}"
EndProject
Project("{9A19103F-16F7-4668-BE54-9A1E7A4F7556}") = "8KYU_05", "8KYU_05\8KYU_05.csproj", "{5E3DE2ED-A55D-4480-8CE0-C3C18DBE1EA2}"
EndProject
Project("{9A19103F-16F7-4668-BE54-9A1E7A4F7556}") = "6KYU_02", "6KYU_02\6KYU_02.csproj", "{FC540188-96FF-434C-8433-0CACB768EFF5}"
EndProject
Project("{9A19103F-16F7-4668-BE54-9A1E7A4F7556}") = "7KYU_03", "7KYU_03\7KYU_03.csproj", "{8EA01B90-81FA-40D0-882A-5DB666BA599A}"
EndProject
Project("{9A19103F-16F7-4668-BE54-9A1E7A4F7556}") = "8KYU_06", "8KYU_06\8KYU_06.csproj", "{30342589-EBAF-4626-9DC3-D32F2885E127}"
EndProject
Project("{9A19103F-16F7-4668-BE54-9A1E7A4F7556}") = "6KYU_03", "6KYU_03\6KYU_03.csproj", "{B98EB288-7EB5-43D9-8D3A-2DEE2DC284C7}"
EndProject
Project("{9A19103F-16F7-4668-BE54-9A1E7A4F7556}") = "8KYU_07", "8KYU_07\8KYU_07.csproj", "{D2C8F32B-3EC9-403B-AC2E-0C87E9445664}"
EndProject
Project("{9A19103F-16F7-4668-BE54-9A1E7A4F7556}") = "7KYU_04", "7KYU_04\7KYU_04.csproj", "{7E1C80A8-6EDC-4716-A2F8-C85A6BE70206}"
EndProject
Project("{9A19103F-16F7-4668-BE54-9A1E7A4F7556}") = "7KYU_05", "KYU_05\7KYU_05.csproj", "{DCC506A5-2F1A-41EE-BFC2-D90127EBB8B6}"
EndProject
Project("{9A19103F-16F7-4668-BE54-9A1E7A4F7556}") = "6KYU_05", "6KYU_05\6KYU_05.csproj", "{F9C1A8A8-A427-4700-BBEC-14B8341D864E}"
EndProject
Project("{9A19103F-16F7-4668-BE54-9A1E7A4F7556}") = "6KYU_06", "6KYU_06\6KYU_06.csproj", "{9701F165-D01B-4149-851F-B49659E7AC18}"
EndProject
Project("{9A19103F-16F7-4668-BE54-9A1E7A4F7556}") = "6KYU_07", "6KYU_07\6KYU_07.csproj", "{8A111540-3386-48E2-8BFC-5C20E325A5BB}"
EndProject
Project("{9A19103F-16F7-4668-BE54-9A1E7A4F7556}") = "7KYU_06", "7KYU_06\7KYU_06.csproj", "{C712CA2A-0560-4103-8687-4CA83BC25C6D}"
EndProject
Project("{9A19103F-16F7-4668-BE54-9A1E7A4F7556}") = "7KYU_07", "7KYU_07\7KYU_07.csproj", "{37C28F88-C1BD-4AA4-88B3-19EDB5847B0F}"
EndProject
Project("{9A19103F-16F7-4668-BE54-9A1E7A4F7556}") = "7KYU_08", "7KYU_08\7KYU_08.csproj", "{4F8567D6-C342-4831-9032-F8F2FAE77054}"
EndProject
Project("{9A19103F-16F7-4668-BE54-9A1E7A4F7556}") = "6KYU_08", "6KYU_08\6KYU_08.csproj", "{CF64F041-B6C1-44C7-B78F-D5B80197D1F6}"
EndProject
Project("{9A19103F-16F7-4668-BE54-9A1E7A4F7556}") = "8KYU_08", "8KYU_08\8KYU_08.csproj", "{644836CD-C079-4F1F-8F97-B4DCFC841722}"
EndProject
Project("{2150E333-8FDC-42A3-9474-1A3956D46DE8}") = "5KYU", "5KYU", "{9FE9F9D9-026A-471F-8142-B66884DA76F7}"
EndProject
Project("{9A19103F-16F7-4668-BE54-9A1E7A4F7556}") = "5KYU_01", "5KYU_01\5KYU_01.csproj", "{C1DEE03B-0187-4A7F-A1EC-5CD9D73A24E1}"
EndProject
Project("{9A19103F-16F7-4668-BE54-9A1E7A4F7556}") = "7KYU_09", "7KYU_09\7KYU_09.csproj", "{AA2AB543-EFF2-448B-878F-F584FB05E081}"
EndProject
Project("{9A19103F-16F7-4668-BE54-9A1E7A4F7556}") = "6KYU_09", "6KYU_09\6KYU_09.csproj", "{60DBF8F8-AC68-45AA-ABFE-DA94DB234E79}"
EndProject
Project("{9A19103F-16F7-4668-BE54-9A1E7A4F7556}") = "8KYU_09", "8KYU_09\8KYU_09.csproj", "{55F5B339-5348-4EC2-A31F-E1E9EF3813F6}"
EndProject
Project("{9A19103F-16F7-4668-BE54-9A1E7A4F7556}") = "7KYU_10", "7KYU_10\7KYU_10.csproj", "{ACE2FB74-A260-4EB9-9BFB-30A5C18F3CD3}"
EndProject
Project("{9A19103F-16F7-4668-BE54-9A1E7A4F7556}") = "8KYU_10", "8KYU_10\8KYU_10.csproj", "{5979C742-FCA8-478B-BF36-242A104A77F7}"
EndProject
Project("{9A19103F-16F7-4668-BE54-9A1E7A4F7556}") = "8KYU_11", "8KYU_11\8KYU_11.csproj", "{13792AD4-078D-495A-A8AD-CC2F8023D0FF}"
EndProject
Project("{9A19103F-16F7-4668-BE54-9A1E7A4F7556}") = "8KYU_12", "8KYU_12\8KYU_12.csproj", "{A4038E5C-AD77-4316-8AD7-61E08B0DC8D1}"
EndProject
Project("{9A19103F-16F7-4668-BE54-9A1E7A4F7556}") = "6KYU_10", "6KYU_10\6KYU_10.csproj", "{AA39CF4A-23AD-41D9-948F-C3A67CE09745}"
EndProject
Project("{9A19103F-16F7-4668-BE54-9A1E7A4F7556}") = "8KYU_13", "8KYU_13\8KYU_13.csproj", "{E4449571-FFAC-46D6-8CE4-1A47BD23F25E}"
EndProject
Project("{9A19103F-16F7-4668-BE54-9A1E7A4F7556}") = "8KYU_14", "8KYU_14\8KYU_14.csproj", "{299A90A5-53C8-4FC4-B113-CC252BF74F24}"
EndProject
Project("{9A19103F-16F7-4668-BE54-9A1E7A4F7556}") = "7KYU_11", "7KYU_11\7KYU_11.csproj", "{AB314E11-DFF0-44B4-971D-BB5EEC568679}"
EndProject
Project("{9A19103F-16F7-4668-BE54-9A1E7A4F7556}") = "6KYU_11", "6KYU_11\6KYU_11.csproj", "{C57E320A-E8DB-4964-9606-020E01D32A89}"
EndProject
Project("{9A19103F-16F7-4668-BE54-9A1E7A4F7556}") = "7KYU_12", "7KYU_12\7KYU_12.csproj", "{DC483FFC-899C-47CE-BD5E-1237066C0AB7}"
EndProject
Project("{9A19103F-16F7-4668-BE54-9A1E7A4F7556}") = "7KYU_13", "7KYU_13\7KYU_13.csproj", "{9C9BA749-CD62-407D-929A-0A81963E7E3E}"
EndProject
Project("{9A19103F-16F7-4668-BE54-9A1E7A4F7556}") = "6KYU_12", "6KYU_12\6KYU_12.csproj", "{44CE1246-9C96-4F65-ACDC-EAD4CB35DE32}"
EndProject
Project("{9A19103F-16F7-4668-BE54-9A1E7A4F7556}") = "8KYU_15", "8KYU_15\8KYU_15.csproj", "{336787BD-4D1C-4267-B3AC-B7DCB5FB9A15}"
EndProject
Project("{9A19103F-16F7-4668-BE54-9A1E7A4F7556}") = "7KYU_14", "7KYU_14\7KYU_14.csproj", "{BF52977E-012E-4B2C-AC9A-8FFB636439FC}"
EndProject
Project("{9A19103F-16F7-4668-BE54-9A1E7A4F7556}") = "8KYU_16", "8KYU_16\8KYU_16.csproj", "{A7C37DC0-DD2D-4ECE-8A43-8A198CD00082}"
EndProject
Project("{9A19103F-16F7-4668-BE54-9A1E7A4F7556}") = "6KYU_13", "6KYU_13\6KYU_13.csproj", "{DAAAE29B-3CD3-48A4-B3EE-9ABC9751F3DC}"
EndProject
Project("{9A19103F-16F7-4668-BE54-9A1E7A4F7556}") = "8KYU_17", "8KYU_17\8KYU_17.csproj", "{055848E2-A83F-402C-B04B-15BF34507C1A}"
EndProject
Project("{9A19103F-16F7-4668-BE54-9A1E7A4F7556}") = "7KYU_15", "7KYU_15\7KYU_15.csproj", "{DE90370E-8E5E-496F-9C9D-E15BEE61DCFE}"
EndProject
Project("{9A19103F-16F7-4668-BE54-9A1E7A4F7556}") = "7KYU_16", "7KYU_16\7KYU_16.csproj", "{5EAC7A8A-9679-4E40-B938-08817A288798}"
EndProject
Project("{9A19103F-16F7-4668-BE54-9A1E7A4F7556}") = "8KYU_18", "8KYU_18\8KYU_18.csproj", "{102512F9-1BC7-4561-A8EB-15AA9BA1B9C1}"
EndProject
Project("{9A19103F-16F7-4668-BE54-9A1E7A4F7556}") = "7KYU_17", "7KYU_17\7KYU_17.csproj", "{3DF432B0-A852-4016-9DEB-9F387547A581}"
EndProject
Project("{9A19103F-16F7-4668-BE54-9A1E7A4F7556}") = "8KYU_19", "8KYU_19\8KYU_19.csproj", "{686E03CD-8547-4397-9E76-2D1C198569F4}"
EndProject
Project("{9A19103F-16F7-4668-BE54-9A1E7A4F7556}") = "6KYU_14", "6KYU_14\6KYU_14.csproj", "{10DAB368-BAF1-41AF-A719-17F60E723C5D}"
EndProject
Project("{9A19103F-16F7-4668-BE54-9A1E7A4F7556}") = "7KYU_18", "7KYU_18\7KYU_18.csproj", "{C126F003-9C5A-443C-A607-2B43A1BCD193}"
EndProject
Project("{9A19103F-16F7-4668-BE54-9A1E7A4F7556}") = "6KYU_15", "6KYU_15\6KYU_15.csproj", "{97075585-2322-4DD8-84FF-405ADA70779E}"
EndProject
Project("{9A19103F-16F7-4668-BE54-9A1E7A4F7556}") = "6KYU_16", "6KYU_16\6KYU_16.csproj", "{10A98D36-663E-4E44-A60F-D3F4FB902998}"
EndProject
Project("{9A19103F-16F7-4668-BE54-9A1E7A4F7556}") = "7KYU_19", "7KYU_19\7KYU_19.csproj", "{8D5C3600-03DE-4426-8BA2-E3BC4C942F87}"
EndProject
Project("{9A19103F-16F7-4668-BE54-9A1E7A4F7556}") = "6KYU_17", "6KYU_17\6KYU_17.csproj", "{22100C0A-1633-4A2F-8C34-9F321F1D444B}"
EndProject
Project("{9A19103F-16F7-4668-BE54-9A1E7A4F7556}") = "8KYU_20", "8KYU_20\8KYU_20.csproj", "{AB651CBE-81B0-47BE-BF2E-2607F765C92B}"
EndProject
Project("{9A19103F-16F7-4668-BE54-9A1E7A4F7556}") = "7KYU_20", "7KYU_20\7KYU_20.csproj", "{8AEFB109-C0EE-4E24-89D7-43B45DE4ADCA}"
EndProject
Project("{9A19103F-16F7-4668-BE54-9A1E7A4F7556}") = "6KYU_18", "6KYU_18\6KYU_18.csproj", "{AC647C5C-64FE-4C1D-AE33-618471DF7C8C}"
EndProject
Project("{9A19103F-16F7-4668-BE54-9A1E7A4F7556}") = "7KYU_21", "7KYU_21\7KYU_21.csproj", "{A6CF0CAA-7042-4066-80E0-B936C091ACC2}"
EndProject
Project("{9A19103F-16F7-4668-BE54-9A1E7A4F7556}") = "6KYU_19", "6KYU_19\6KYU_19.csproj", "{C17DE1C6-8E7C-47FF-A1DD-FEA891917BF3}"
EndProject
Project("{9A19103F-16F7-4668-BE54-9A1E7A4F7556}") = "7KYU_22", "7KYU_22\7KYU_22.csproj", "{86D983FF-48DF-4018-A08C-E4A429C0116A}"
EndProject
Project("{9A19103F-16F7-4668-BE54-9A1E7A4F7556}") = "6KYU_20", "6KYU_20\6KYU_20.csproj", "{8E016CF6-51F6-42F5-92A9-5AB93278E911}"
EndProject
Project("{9A19103F-16F7-4668-BE54-9A1E7A4F7556}") = "6KYU_21", "6KYU_21\6KYU_21.csproj", "{D2275029-223E-4A8D-A7DC-706234BA964B}"
EndProject
Project("{9A19103F-16F7-4668-BE54-9A1E7A4F7556}") = "7KYU_23", "7KYU_23\7KYU_23.csproj", "{BB25F885-91FC-429C-9F84-BF104832F953}"
EndProject
Project("{9A19103F-16F7-4668-BE54-9A1E7A4F7556}") = "7KYU_24", "7KYU_24\7KYU_24.csproj", "{85F4FC8A-6172-417D-B9CD-44C10E5F639C}"
EndProject
Project("{9A19103F-16F7-4668-BE54-9A1E7A4F7556}") = "6KYU_22", "6KYU_22\6KYU_22.csproj", "{782B6577-A5C5-4671-893E-125228DBA43E}"
EndProject
Project("{9A19103F-16F7-4668-BE54-9A1E7A4F7556}") = "7KYU_25", "7KYU_25\7KYU_25.csproj", "{3DFB8333-D3F6-42DF-B28F-E08E332004AE}"
EndProject
Project("{9A19103F-16F7-4668-BE54-9A1E7A4F7556}") = "6KYU_23", "6KYU_23\6KYU_23.csproj", "{4A368C22-2C78-41C9-95BE-4CDA45921C92}"
EndProject
Project("{9A19103F-16F7-4668-BE54-9A1E7A4F7556}") = "5KYU_02", "5KYU_02\5KYU_02.csproj", "{76D981B5-52EA-4D01-AF85-E8E771685D82}"
EndProject
Project("{9A19103F-16F7-4668-BE54-9A1E7A4F7556}") = "6KYU_24", "6KYU_24\6KYU_24.csproj", "{5445578E-2677-4F8E-A467-DD74A9E088B1}"
EndProject
Project("{9A19103F-16F7-4668-BE54-9A1E7A4F7556}") = "6KYU_25", "6KYU_25\6KYU_25.csproj", "{DB28908F-6514-4066-8A5D-90C387D4C7DE}"
EndProject
Project("{9A19103F-16F7-4668-BE54-9A1E7A4F7556}") = "7KYU_26", "7KYU_26\7KYU_26.csproj", "{86CAD378-D4DC-4215-B59C-17BB21F2E287}"
EndProject
Project("{9A19103F-16F7-4668-BE54-9A1E7A4F7556}") = "7KYU_27", "7KYU_27\7KYU_27.csproj", "{E07932BF-13CC-4DDD-8288-2F0DC52A7D38}"
EndProject
Project("{9A19103F-16F7-4668-BE54-9A1E7A4F7556}") = "6KYU_26", "6KYU_26\6KYU_26.csproj", "{02CE3385-AAAA-4156-8D9D-49917CE4C358}"
EndProject
Project("{9A19103F-16F7-4668-BE54-9A1E7A4F7556}") = "6KYU_27", "6KYU_27\6KYU_27.csproj", "{EA381CAF-60E2-43E4-8408-08B6C79DFB2A}"
EndProject
Project("{9A19103F-16F7-4668-BE54-9A1E7A4F7556}") = "6KYU_28", "6KYU_28\6KYU_28.csproj", "{437EC1BD-DC8D-45B4-ADED-A98CF1D09791}"
EndProject
Project("{9A19103F-16F7-4668-BE54-9A1E7A4F7556}") = "6KYU_29", "6KYU_29\6KYU_29.csproj", "{6AB5C188-85A0-4B06-BC1F-2471FB4F79A8}"
EndProject
Project("{9A19103F-16F7-4668-BE54-9A1E7A4F7556}") = "5KYU_03", "5KYU_03\5KYU_03.csproj", "{3663FF0B-1C58-4DC9-81FA-87427A347586}"
EndProject
Project("{9A19103F-16F7-4668-BE54-9A1E7A4F7556}") = "5KYU_04", "5KYU_04\5KYU_04.csproj", "{C69CC001-43C5-4660-8D88-02A8B20B4AC2}"
EndProject
Project("{9A19103F-16F7-4668-BE54-9A1E7A4F7556}") = "7KYU_28", "7KYU_28\7KYU_28.csproj", "{09F41670-AB54-46AB-80EC-647733B138C6}"
EndProject
Project("{9A19103F-16F7-4668-BE54-9A1E7A4F7556}") = "6KYU_30", "6KYU_30\6KYU_30.csproj", "{B0E1AE3D-B430-4DB4-B83F-6C27E2C4671B}"
EndProject
Project("{9A19103F-16F7-4668-BE54-9A1E7A4F7556}") = "6KYU_31", "6KYU_31\6KYU_31.csproj", "{083BD8FF-BD39-4498-A3B3-8201A71C0A83}"
EndProject
Project("{9A19103F-16F7-4668-BE54-9A1E7A4F7556}") = "7KYU_29", "7KYU_29\7KYU_29.csproj", "{B6501FB5-C1A9-49AC-88FB-E2EB808BC5BF}"
EndProject
Project("{9A19103F-16F7-4668-BE54-9A1E7A4F7556}") = "8KYU_21", "8KYU_21\8KYU_21.csproj", "{4E34EA8B-1BE9-4900-A4C8-6E567EA40873}"
EndProject
Project("{9A19103F-16F7-4668-BE54-9A1E7A4F7556}") = "7KYU_30", "7KYU_30\7KYU_30.csproj", "{28379E83-80A0-431C-860E-B90B2E835A53}"
EndProject
Project("{9A19103F-16F7-4668-BE54-9A1E7A4F7556}") = "6KYU_32", "6KYU_32\6KYU_32.csproj", "{A4282B31-07CE-48CC-8155-0F7E7DBC0BF5}"
EndProject
Project("{9A19103F-16F7-4668-BE54-9A1E7A4F7556}") = "6KYU_33", "6KYU_33\6KYU_33.csproj", "{DB774B26-A112-4060-8DDB-9FA7DE6A9ABC}"
EndProject
Project("{9A19103F-16F7-4668-BE54-9A1E7A4F7556}") = "7KYU_31", "7KYU_31\7KYU_31.csproj", "{8AF8C344-D387-44D9-875F-4326E72F077E}"
EndProject
Project("{9A19103F-16F7-4668-BE54-9A1E7A4F7556}") = "6KYU_34", "6KYU_34\6KYU_34.csproj", "{172D8D39-A7BE-4B92-99EB-3250CEBC9166}"
EndProject
Project("{9A19103F-16F7-4668-BE54-9A1E7A4F7556}") = "5KYU_05", "5KYU_05\5KYU_05.csproj", "{9D29E4D6-296A-4F1A-8B90-14A0E4CE7D98}"
EndProject
Project("{9A19103F-16F7-4668-BE54-9A1E7A4F7556}") = "7KYU_32", "7KYU_32\7KYU_32.csproj", "{823FCDBE-23DA-460D-8F7C-B22C23B381D6}"
EndProject
Project("{9A19103F-16F7-4668-BE54-9A1E7A4F7556}") = "6KYU_35", "6KYU_35\6KYU_35.csproj", "{A7DCDB01-D374-4E23-BB23-72299610252C}"
EndProject
Project("{9A19103F-16F7-4668-BE54-9A1E7A4F7556}") = "7KYU_33", "7KYU_33\7KYU_33.csproj", "{657230BC-F2DD-48ED-A48C-C5C028583186}"
EndProject
Project("{9A19103F-16F7-4668-BE54-9A1E7A4F7556}") = "6KYU_36", "6KYU_36\6KYU_36.csproj", "{DA7A61CC-2022-4BAF-9DB5-59254428DE88}"
EndProject
Project("{9A19103F-16F7-4668-BE54-9A1E7A4F7556}") = "7KYU_34", "7KYU_34\7KYU_34.csproj", "{DBCC35F4-7C52-49C3-904B-CCB5F6FAC78D}"
EndProject
Project("{9A19103F-16F7-4668-BE54-9A1E7A4F7556}") = "6KYU_37", "6KYU_37\6KYU_37.csproj", "{BFFC1670-D899-460C-8BEF-674C3D685EEB}"
EndProject
Project("{9A19103F-16F7-4668-BE54-9A1E7A4F7556}") = "5KYU_06", "5KYU_06\5KYU_06.csproj", "{FDB29E57-4D72-42DD-914B-BCEA55DA42CF}"
EndProject
Project("{9A19103F-16F7-4668-BE54-9A1E7A4F7556}") = "8KYU_22", "8KYU_22\8KYU_22.csproj", "{7E4AE844-160F-4D18-A934-8ED78FAEB1F8}"
EndProject
Project("{9A19103F-16F7-4668-BE54-9A1E7A4F7556}") = "7KYU_35", "7KYU_35\7KYU_35.csproj", "{24481F83-8B5E-4B88-99F9-96941866705A}"
EndProject
Project("{9A19103F-16F7-4668-BE54-9A1E7A4F7556}") = "6KYU_38", "6KYU_38\6KYU_38.csproj", "{152F879A-6496-4E13-AEA5-9BFF37E73D6D}"
EndProject
Project("{2150E333-8FDC-42A3-9474-1A3956D46DE8}") = "nothing", "nothing", "{B7C6C902-A1E6-4114-9897-C030EE84DFC4}"
EndProject
Project("{9A19103F-16F7-4668-BE54-9A1E7A4F7556}") = "7KYU_36", "7KYU_36\7KYU_36.csproj", "{A7CA9F56-4C26-49CE-AD60-D16E058CF77F}"
EndProject
Project("{9A19103F-16F7-4668-BE54-9A1E7A4F7556}") = "practice", "practice\practice.csproj", "{78868F9B-B1B6-473A-BB7B-44AA546B8BC6}"
EndProject
Project("{9A19103F-16F7-4668-BE54-9A1E7A4F7556}") = "7KYU_37", "7KYU_37\7KYU_37.csproj", "{F25B78B0-3E56-4802-9956-C39C8BD8C996}"
EndProject
Project("{9A19103F-16F7-4668-BE54-9A1E7A4F7556}") = "8KYU_23", "8KYU_23\8KYU_23.csproj", "{04D43C45-37CC-4C4B-9DEB-44A5420AE408}"
EndProject
Project("{9A19103F-16F7-4668-BE54-9A1E7A4F7556}") = "7KYU_38", "7KYU_38\7KYU_38.csproj", "{E40E4F53-81B4-4942-89F2-E46B038762CF}"
EndProject
Project("{9A19103F-16F7-4668-BE54-9A1E7A4F7556}") = "6KYU_39", "6KYU_39\6KYU_39.csproj", "{4026D788-237A-40AD-95D8-7DEC3502FD92}"
EndProject
Project("{9A19103F-16F7-4668-BE54-9A1E7A4F7556}") = "8KYU_24", "8KYU_24\8KYU_24.csproj", "{0CC5AA70-A020-4857-A864-E636366D1150}"
EndProject
Project("{9A19103F-16F7-4668-BE54-9A1E7A4F7556}") = "7KYU_39", "7KYU_39\7KYU_39.csproj", "{92EBA8B2-0661-4FA5-B0E9-0C236A2B53DF}"
EndProject
Project("{9A19103F-16F7-4668-BE54-9A1E7A4F7556}") = "6KYU_40", "6KYU_40\6KYU_40.csproj", "{D9817009-5987-454A-A348-B89273C55422}"
EndProject
Project("{9A19103F-16F7-4668-BE54-9A1E7A4F7556}") = "8KYU_25", "8KYU_25\8KYU_25.csproj", "{56ECFA1F-584A-499C-935C-A6E516B3F76A}"
EndProject
Project("{9A19103F-16F7-4668-BE54-9A1E7A4F7556}") = "7KYU_40", "7KYU_40\7KYU_40.csproj", "{339A07C6-0AE4-4202-9D3D-CDA5322CA645}"
EndProject
Project("{9A19103F-16F7-4668-BE54-9A1E7A4F7556}") = "7KYU_41", "7KYU_41\7KYU_41.csproj", "{A3FE13EF-FA5C-44CE-BA2E-C00874CAE7AA}"
EndProject
Project("{9A19103F-16F7-4668-BE54-9A1E7A4F7556}") = "6KYU_41", "6KYU_41\6KYU_41.csproj", "{A51653CB-ADD4-4B7C-800A-59D2F7386CA1}"
EndProject
Project("{9A19103F-16F7-4668-BE54-9A1E7A4F7556}") = "7KYU_42", "7KYU_42\7KYU_42.csproj", "{DE04F3C7-E60F-40AA-AAAF-CF5B12C13DCB}"
EndProject
Project("{9A19103F-16F7-4668-BE54-9A1E7A4F7556}") = "6KYU_42", "6KYU_42\6KYU_42.csproj", "{B795F204-2D8B-48D0-84FD-B90EE6D085D2}"
EndProject
Project("{9A19103F-16F7-4668-BE54-9A1E7A4F7556}") = "7KYU_43", "7KYU_43\7KYU_43.csproj", "{33A1D083-681F-454B-9215-4AC9B19CE03A}"
EndProject
Project("{9A19103F-16F7-4668-BE54-9A1E7A4F7556}") = "6KYU_43", "6KYU_43\6KYU_43.csproj", "{795850A2-EF24-4975-BAE7-0EB00A5F6283}"
EndProject
Project("{9A19103F-16F7-4668-BE54-9A1E7A4F7556}") = "7KYU_44", "7KYU_44\7KYU_44.csproj", "{C2480120-64A5-4BD6-9ABF-B2760BB8FFAE}"
EndProject
Project("{9A19103F-16F7-4668-BE54-9A1E7A4F7556}") = "6KYU_44", "6KYU_44\6KYU_44.csproj", "{5B0ED4E9-F44C-43BF-8109-7318707B80C6}"
EndProject
Project("{9A19103F-16F7-4668-BE54-9A1E7A4F7556}") = "6KYU_45", "6KYU_45\6KYU_45.csproj", "{7E514599-50FD-4554-83CA-64E19DB602D7}"
EndProject
Project("{9A19103F-16F7-4668-BE54-9A1E7A4F7556}") = "7KYU_45", "7KYU_45\7KYU_45.csproj", "{162C1A21-258A-4F28-B9EF-44D6C8BC3C81}"
EndProject
Project("{9A19103F-16F7-4668-BE54-9A1E7A4F7556}") = "6KYU_46", "6KYU_46\6KYU_46.csproj", "{C86FFA34-F796-4883-8EF6-F24735FBBEED}"
EndProject
Project("{9A19103F-16F7-4668-BE54-9A1E7A4F7556}") = "7KYU_46", "7KYU_46\7KYU_46.csproj", "{6890AC95-51BC-413E-8227-198E31B4FFA3}"
EndProject
Project("{9A19103F-16F7-4668-BE54-9A1E7A4F7556}") = "5KYU_07", "5KYU_07\5KYU_07.csproj", "{96DE9B8E-19F4-4A9C-B950-D82E048498D5}"
EndProject
Project("{9A19103F-16F7-4668-BE54-9A1E7A4F7556}") = "q1", "q1\q1.csproj", "{35497194-F39C-432F-B657-1EB7A4DEE953}"
EndProject
Project("{9A19103F-16F7-4668-BE54-9A1E7A4F7556}") = "7KYU_47", "7KYU_47\7KYU_47.csproj", "{1EC4D817-3F16-4BA5-901F-F00E4C5AE0EA}"
EndProject
Project("{9A19103F-16F7-4668-BE54-9A1E7A4F7556}") = "7KYU_48", "7KYU_48\7KYU_48.csproj", "{CCCD66D1-0A17-4054-879B-7C94D8434C8C}"
EndProject
Project("{9A19103F-16F7-4668-BE54-9A1E7A4F7556}") = "7KYU_49", "7KYU_49\7KYU_49.csproj", "{57DFB44B-D536-4556-97F8-7B1F26AD66D0}"
EndProject
Project("{9A19103F-16F7-4668-BE54-9A1E7A4F7556}") = "7KYU_50", "7KYU_50\7KYU_50.csproj", "{5B3746F8-F315-440F-8684-418097BE78AA}"
EndProject
Project("{9A19103F-16F7-4668-BE54-9A1E7A4F7556}") = "7KYU_51", "7KYU_51\7KYU_51.csproj", "{2F791159-285C-42F6-8C61-8704ED9D95E6}"
EndProject
Project("{9A19103F-16F7-4668-BE54-9A1E7A4F7556}") = "7KYU_52", "7KYU_52\7KYU_52.csproj", "{840CB91B-8593-4F9B-B9CD-D7C925B5D8B5}"
EndProject
Project("{9A19103F-16F7-4668-BE54-9A1E7A4F7556}") = "6KYU_47", "6KYU_47\6KYU_47.csproj", "{606773B5-E333-41EC-B20F-94043E5D4C59}"
EndProject
Project("{9A19103F-16F7-4668-BE54-9A1E7A4F7556}") = "6KYU_48", "6KYU_48\6KYU_48.csproj", "{D27552A8-0CBD-40A9-9612-C7B2D42FCC4C}"
EndProject
Project("{9A19103F-16F7-4668-BE54-9A1E7A4F7556}") = "6KYU_49", "6KYU_49\6KYU_49.csproj", "{560692CE-0D3B-4ED5-8A68-066C67A6F0C5}"
EndProject
Project("{9A19103F-16F7-4668-BE54-9A1E7A4F7556}") = "6KYU_50", "6KYU_50\6KYU_50.csproj", "{731D24C2-10DE-4BF0-9E63-B56FDDA85994}"
EndProject
Project("{9A19103F-16F7-4668-BE54-9A1E7A4F7556}") = "7KYU_53", "7KYU_53\7KYU_53.csproj", "{F280AAC1-EAE7-471E-ABF5-C933E698BA60}"
EndProject
Project("{9A19103F-16F7-4668-BE54-9A1E7A4F7556}") = "6KYU_51", "6KYU_51\6KYU_51.csproj", "{D24D105B-E75C-4F0D-BD47-21825D7F600D}"
EndProject
Project("{9A19103F-16F7-4668-BE54-9A1E7A4F7556}") = "6KYU_52", "6KYU_52\6KYU_52.csproj", "{0180EC63-8709-4A51-97FC-F2E053A6F563}"
EndProject
Project("{9A19103F-16F7-4668-BE54-9A1E7A4F7556}") = "7KYU_54", "7KYU_54\7KYU_54.csproj", "{8B9FD75B-434A-44E2-875A-CF3623443356}"
EndProject
Project("{9A19103F-16F7-4668-BE54-9A1E7A4F7556}") = "7KYU_55", "7KYU_55\7KYU_55.csproj", "{90D7D2E1-B162-4D68-977C-FE147436781E}"
EndProject
Project("{9A19103F-16F7-4668-BE54-9A1E7A4F7556}") = "7KYU_56", "7KYU_56\7KYU_56.csproj", "{7BDB3FEE-B38B-4DD6-AEDD-C7213A127306}"
EndProject
Project("{9A19103F-16F7-4668-BE54-9A1E7A4F7556}") = "7KYU_57", "7KYU_57\7KYU_57.csproj", "{3E621625-0881-428A-89FE-B73796903D82}"
EndProject
Project("{FAE04EC0-301F-11D3-BF4B-00C04F79EFBC}") = "6KYU_53", "6KYU_53\6KYU_53.csproj", "{CEA95C8C-58C3-43F8-8239-76BCE05F7AF7}"
EndProject
Global
	GlobalSection(SolutionConfigurationPlatforms) = preSolution
		Debug|Any CPU = Debug|Any CPU
		Release|Any CPU = Release|Any CPU
	EndGlobalSection
	GlobalSection(ProjectConfigurationPlatforms) = postSolution
		{86946FFB-1208-4E87-AFA0-EEAA099EE8A7}.Debug|Any CPU.ActiveCfg = Debug|Any CPU
		{86946FFB-1208-4E87-AFA0-EEAA099EE8A7}.Debug|Any CPU.Build.0 = Debug|Any CPU
		{86946FFB-1208-4E87-AFA0-EEAA099EE8A7}.Release|Any CPU.ActiveCfg = Release|Any CPU
		{86946FFB-1208-4E87-AFA0-EEAA099EE8A7}.Release|Any CPU.Build.0 = Release|Any CPU
		{C663C70B-3B5D-43BC-BBCE-9C9B15552840}.Debug|Any CPU.ActiveCfg = Debug|Any CPU
		{C663C70B-3B5D-43BC-BBCE-9C9B15552840}.Debug|Any CPU.Build.0 = Debug|Any CPU
		{C663C70B-3B5D-43BC-BBCE-9C9B15552840}.Release|Any CPU.ActiveCfg = Release|Any CPU
		{C663C70B-3B5D-43BC-BBCE-9C9B15552840}.Release|Any CPU.Build.0 = Release|Any CPU
		{CDD542F3-310F-4E58-8B1F-3247403014A1}.Debug|Any CPU.ActiveCfg = Debug|Any CPU
		{CDD542F3-310F-4E58-8B1F-3247403014A1}.Debug|Any CPU.Build.0 = Debug|Any CPU
		{CDD542F3-310F-4E58-8B1F-3247403014A1}.Release|Any CPU.ActiveCfg = Release|Any CPU
		{CDD542F3-310F-4E58-8B1F-3247403014A1}.Release|Any CPU.Build.0 = Release|Any CPU
		{44CBEA02-E355-4512-A55C-65C9C7E4D07D}.Debug|Any CPU.ActiveCfg = Debug|Any CPU
		{44CBEA02-E355-4512-A55C-65C9C7E4D07D}.Debug|Any CPU.Build.0 = Debug|Any CPU
		{44CBEA02-E355-4512-A55C-65C9C7E4D07D}.Release|Any CPU.ActiveCfg = Release|Any CPU
		{44CBEA02-E355-4512-A55C-65C9C7E4D07D}.Release|Any CPU.Build.0 = Release|Any CPU
		{66812187-63FA-47CE-82F5-74C0CDFCCD78}.Debug|Any CPU.ActiveCfg = Debug|Any CPU
		{66812187-63FA-47CE-82F5-74C0CDFCCD78}.Debug|Any CPU.Build.0 = Debug|Any CPU
		{66812187-63FA-47CE-82F5-74C0CDFCCD78}.Release|Any CPU.ActiveCfg = Release|Any CPU
		{66812187-63FA-47CE-82F5-74C0CDFCCD78}.Release|Any CPU.Build.0 = Release|Any CPU
		{5CDD0F34-C679-422F-920E-34E39C587519}.Debug|Any CPU.ActiveCfg = Debug|Any CPU
		{5CDD0F34-C679-422F-920E-34E39C587519}.Debug|Any CPU.Build.0 = Debug|Any CPU
		{5CDD0F34-C679-422F-920E-34E39C587519}.Release|Any CPU.ActiveCfg = Release|Any CPU
		{5CDD0F34-C679-422F-920E-34E39C587519}.Release|Any CPU.Build.0 = Release|Any CPU
		{DB2A5B2E-2168-49F1-93DF-8B51975E73D3}.Debug|Any CPU.ActiveCfg = Debug|Any CPU
		{DB2A5B2E-2168-49F1-93DF-8B51975E73D3}.Debug|Any CPU.Build.0 = Debug|Any CPU
		{DB2A5B2E-2168-49F1-93DF-8B51975E73D3}.Release|Any CPU.ActiveCfg = Release|Any CPU
		{DB2A5B2E-2168-49F1-93DF-8B51975E73D3}.Release|Any CPU.Build.0 = Release|Any CPU
		{5E3DE2ED-A55D-4480-8CE0-C3C18DBE1EA2}.Debug|Any CPU.ActiveCfg = Debug|Any CPU
		{5E3DE2ED-A55D-4480-8CE0-C3C18DBE1EA2}.Debug|Any CPU.Build.0 = Debug|Any CPU
		{5E3DE2ED-A55D-4480-8CE0-C3C18DBE1EA2}.Release|Any CPU.ActiveCfg = Release|Any CPU
		{5E3DE2ED-A55D-4480-8CE0-C3C18DBE1EA2}.Release|Any CPU.Build.0 = Release|Any CPU
		{FC540188-96FF-434C-8433-0CACB768EFF5}.Debug|Any CPU.ActiveCfg = Debug|Any CPU
		{FC540188-96FF-434C-8433-0CACB768EFF5}.Debug|Any CPU.Build.0 = Debug|Any CPU
		{FC540188-96FF-434C-8433-0CACB768EFF5}.Release|Any CPU.ActiveCfg = Release|Any CPU
		{FC540188-96FF-434C-8433-0CACB768EFF5}.Release|Any CPU.Build.0 = Release|Any CPU
		{8EA01B90-81FA-40D0-882A-5DB666BA599A}.Debug|Any CPU.ActiveCfg = Debug|Any CPU
		{8EA01B90-81FA-40D0-882A-5DB666BA599A}.Debug|Any CPU.Build.0 = Debug|Any CPU
		{8EA01B90-81FA-40D0-882A-5DB666BA599A}.Release|Any CPU.ActiveCfg = Release|Any CPU
		{8EA01B90-81FA-40D0-882A-5DB666BA599A}.Release|Any CPU.Build.0 = Release|Any CPU
		{30342589-EBAF-4626-9DC3-D32F2885E127}.Debug|Any CPU.ActiveCfg = Debug|Any CPU
		{30342589-EBAF-4626-9DC3-D32F2885E127}.Debug|Any CPU.Build.0 = Debug|Any CPU
		{30342589-EBAF-4626-9DC3-D32F2885E127}.Release|Any CPU.ActiveCfg = Release|Any CPU
		{30342589-EBAF-4626-9DC3-D32F2885E127}.Release|Any CPU.Build.0 = Release|Any CPU
		{B98EB288-7EB5-43D9-8D3A-2DEE2DC284C7}.Debug|Any CPU.ActiveCfg = Debug|Any CPU
		{B98EB288-7EB5-43D9-8D3A-2DEE2DC284C7}.Debug|Any CPU.Build.0 = Debug|Any CPU
		{B98EB288-7EB5-43D9-8D3A-2DEE2DC284C7}.Release|Any CPU.ActiveCfg = Release|Any CPU
		{B98EB288-7EB5-43D9-8D3A-2DEE2DC284C7}.Release|Any CPU.Build.0 = Release|Any CPU
		{D2C8F32B-3EC9-403B-AC2E-0C87E9445664}.Debug|Any CPU.ActiveCfg = Debug|Any CPU
		{D2C8F32B-3EC9-403B-AC2E-0C87E9445664}.Debug|Any CPU.Build.0 = Debug|Any CPU
		{D2C8F32B-3EC9-403B-AC2E-0C87E9445664}.Release|Any CPU.ActiveCfg = Release|Any CPU
		{D2C8F32B-3EC9-403B-AC2E-0C87E9445664}.Release|Any CPU.Build.0 = Release|Any CPU
		{7E1C80A8-6EDC-4716-A2F8-C85A6BE70206}.Debug|Any CPU.ActiveCfg = Debug|Any CPU
		{7E1C80A8-6EDC-4716-A2F8-C85A6BE70206}.Debug|Any CPU.Build.0 = Debug|Any CPU
		{7E1C80A8-6EDC-4716-A2F8-C85A6BE70206}.Release|Any CPU.ActiveCfg = Release|Any CPU
		{7E1C80A8-6EDC-4716-A2F8-C85A6BE70206}.Release|Any CPU.Build.0 = Release|Any CPU
		{DCC506A5-2F1A-41EE-BFC2-D90127EBB8B6}.Debug|Any CPU.ActiveCfg = Debug|Any CPU
		{DCC506A5-2F1A-41EE-BFC2-D90127EBB8B6}.Debug|Any CPU.Build.0 = Debug|Any CPU
		{DCC506A5-2F1A-41EE-BFC2-D90127EBB8B6}.Release|Any CPU.ActiveCfg = Release|Any CPU
		{DCC506A5-2F1A-41EE-BFC2-D90127EBB8B6}.Release|Any CPU.Build.0 = Release|Any CPU
		{F9C1A8A8-A427-4700-BBEC-14B8341D864E}.Debug|Any CPU.ActiveCfg = Debug|Any CPU
		{F9C1A8A8-A427-4700-BBEC-14B8341D864E}.Debug|Any CPU.Build.0 = Debug|Any CPU
		{F9C1A8A8-A427-4700-BBEC-14B8341D864E}.Release|Any CPU.ActiveCfg = Release|Any CPU
		{F9C1A8A8-A427-4700-BBEC-14B8341D864E}.Release|Any CPU.Build.0 = Release|Any CPU
		{9701F165-D01B-4149-851F-B49659E7AC18}.Debug|Any CPU.ActiveCfg = Debug|Any CPU
		{9701F165-D01B-4149-851F-B49659E7AC18}.Debug|Any CPU.Build.0 = Debug|Any CPU
		{9701F165-D01B-4149-851F-B49659E7AC18}.Release|Any CPU.ActiveCfg = Release|Any CPU
		{9701F165-D01B-4149-851F-B49659E7AC18}.Release|Any CPU.Build.0 = Release|Any CPU
		{8A111540-3386-48E2-8BFC-5C20E325A5BB}.Debug|Any CPU.ActiveCfg = Debug|Any CPU
		{8A111540-3386-48E2-8BFC-5C20E325A5BB}.Debug|Any CPU.Build.0 = Debug|Any CPU
		{8A111540-3386-48E2-8BFC-5C20E325A5BB}.Release|Any CPU.ActiveCfg = Release|Any CPU
		{8A111540-3386-48E2-8BFC-5C20E325A5BB}.Release|Any CPU.Build.0 = Release|Any CPU
		{C712CA2A-0560-4103-8687-4CA83BC25C6D}.Debug|Any CPU.ActiveCfg = Debug|Any CPU
		{C712CA2A-0560-4103-8687-4CA83BC25C6D}.Debug|Any CPU.Build.0 = Debug|Any CPU
		{C712CA2A-0560-4103-8687-4CA83BC25C6D}.Release|Any CPU.ActiveCfg = Release|Any CPU
		{C712CA2A-0560-4103-8687-4CA83BC25C6D}.Release|Any CPU.Build.0 = Release|Any CPU
		{37C28F88-C1BD-4AA4-88B3-19EDB5847B0F}.Debug|Any CPU.ActiveCfg = Debug|Any CPU
		{37C28F88-C1BD-4AA4-88B3-19EDB5847B0F}.Debug|Any CPU.Build.0 = Debug|Any CPU
		{37C28F88-C1BD-4AA4-88B3-19EDB5847B0F}.Release|Any CPU.ActiveCfg = Release|Any CPU
		{37C28F88-C1BD-4AA4-88B3-19EDB5847B0F}.Release|Any CPU.Build.0 = Release|Any CPU
		{4F8567D6-C342-4831-9032-F8F2FAE77054}.Debug|Any CPU.ActiveCfg = Debug|Any CPU
		{4F8567D6-C342-4831-9032-F8F2FAE77054}.Debug|Any CPU.Build.0 = Debug|Any CPU
		{4F8567D6-C342-4831-9032-F8F2FAE77054}.Release|Any CPU.ActiveCfg = Release|Any CPU
		{4F8567D6-C342-4831-9032-F8F2FAE77054}.Release|Any CPU.Build.0 = Release|Any CPU
		{CF64F041-B6C1-44C7-B78F-D5B80197D1F6}.Debug|Any CPU.ActiveCfg = Debug|Any CPU
		{CF64F041-B6C1-44C7-B78F-D5B80197D1F6}.Debug|Any CPU.Build.0 = Debug|Any CPU
		{CF64F041-B6C1-44C7-B78F-D5B80197D1F6}.Release|Any CPU.ActiveCfg = Release|Any CPU
		{CF64F041-B6C1-44C7-B78F-D5B80197D1F6}.Release|Any CPU.Build.0 = Release|Any CPU
		{644836CD-C079-4F1F-8F97-B4DCFC841722}.Debug|Any CPU.ActiveCfg = Debug|Any CPU
		{644836CD-C079-4F1F-8F97-B4DCFC841722}.Debug|Any CPU.Build.0 = Debug|Any CPU
		{644836CD-C079-4F1F-8F97-B4DCFC841722}.Release|Any CPU.ActiveCfg = Release|Any CPU
		{644836CD-C079-4F1F-8F97-B4DCFC841722}.Release|Any CPU.Build.0 = Release|Any CPU
		{C1DEE03B-0187-4A7F-A1EC-5CD9D73A24E1}.Debug|Any CPU.ActiveCfg = Debug|Any CPU
		{C1DEE03B-0187-4A7F-A1EC-5CD9D73A24E1}.Debug|Any CPU.Build.0 = Debug|Any CPU
		{C1DEE03B-0187-4A7F-A1EC-5CD9D73A24E1}.Release|Any CPU.ActiveCfg = Release|Any CPU
		{C1DEE03B-0187-4A7F-A1EC-5CD9D73A24E1}.Release|Any CPU.Build.0 = Release|Any CPU
		{AA2AB543-EFF2-448B-878F-F584FB05E081}.Debug|Any CPU.ActiveCfg = Debug|Any CPU
		{AA2AB543-EFF2-448B-878F-F584FB05E081}.Debug|Any CPU.Build.0 = Debug|Any CPU
		{AA2AB543-EFF2-448B-878F-F584FB05E081}.Release|Any CPU.ActiveCfg = Release|Any CPU
		{AA2AB543-EFF2-448B-878F-F584FB05E081}.Release|Any CPU.Build.0 = Release|Any CPU
		{60DBF8F8-AC68-45AA-ABFE-DA94DB234E79}.Debug|Any CPU.ActiveCfg = Debug|Any CPU
		{60DBF8F8-AC68-45AA-ABFE-DA94DB234E79}.Debug|Any CPU.Build.0 = Debug|Any CPU
		{60DBF8F8-AC68-45AA-ABFE-DA94DB234E79}.Release|Any CPU.ActiveCfg = Release|Any CPU
		{60DBF8F8-AC68-45AA-ABFE-DA94DB234E79}.Release|Any CPU.Build.0 = Release|Any CPU
		{55F5B339-5348-4EC2-A31F-E1E9EF3813F6}.Debug|Any CPU.ActiveCfg = Debug|Any CPU
		{55F5B339-5348-4EC2-A31F-E1E9EF3813F6}.Debug|Any CPU.Build.0 = Debug|Any CPU
		{55F5B339-5348-4EC2-A31F-E1E9EF3813F6}.Release|Any CPU.ActiveCfg = Release|Any CPU
		{55F5B339-5348-4EC2-A31F-E1E9EF3813F6}.Release|Any CPU.Build.0 = Release|Any CPU
		{ACE2FB74-A260-4EB9-9BFB-30A5C18F3CD3}.Debug|Any CPU.ActiveCfg = Debug|Any CPU
		{ACE2FB74-A260-4EB9-9BFB-30A5C18F3CD3}.Debug|Any CPU.Build.0 = Debug|Any CPU
		{ACE2FB74-A260-4EB9-9BFB-30A5C18F3CD3}.Release|Any CPU.ActiveCfg = Release|Any CPU
		{ACE2FB74-A260-4EB9-9BFB-30A5C18F3CD3}.Release|Any CPU.Build.0 = Release|Any CPU
		{5979C742-FCA8-478B-BF36-242A104A77F7}.Debug|Any CPU.ActiveCfg = Debug|Any CPU
		{5979C742-FCA8-478B-BF36-242A104A77F7}.Debug|Any CPU.Build.0 = Debug|Any CPU
		{5979C742-FCA8-478B-BF36-242A104A77F7}.Release|Any CPU.ActiveCfg = Release|Any CPU
		{5979C742-FCA8-478B-BF36-242A104A77F7}.Release|Any CPU.Build.0 = Release|Any CPU
		{13792AD4-078D-495A-A8AD-CC2F8023D0FF}.Debug|Any CPU.ActiveCfg = Debug|Any CPU
		{13792AD4-078D-495A-A8AD-CC2F8023D0FF}.Debug|Any CPU.Build.0 = Debug|Any CPU
		{13792AD4-078D-495A-A8AD-CC2F8023D0FF}.Release|Any CPU.ActiveCfg = Release|Any CPU
		{13792AD4-078D-495A-A8AD-CC2F8023D0FF}.Release|Any CPU.Build.0 = Release|Any CPU
		{A4038E5C-AD77-4316-8AD7-61E08B0DC8D1}.Debug|Any CPU.ActiveCfg = Debug|Any CPU
		{A4038E5C-AD77-4316-8AD7-61E08B0DC8D1}.Debug|Any CPU.Build.0 = Debug|Any CPU
		{A4038E5C-AD77-4316-8AD7-61E08B0DC8D1}.Release|Any CPU.ActiveCfg = Release|Any CPU
		{A4038E5C-AD77-4316-8AD7-61E08B0DC8D1}.Release|Any CPU.Build.0 = Release|Any CPU
		{AA39CF4A-23AD-41D9-948F-C3A67CE09745}.Debug|Any CPU.ActiveCfg = Debug|Any CPU
		{AA39CF4A-23AD-41D9-948F-C3A67CE09745}.Debug|Any CPU.Build.0 = Debug|Any CPU
		{AA39CF4A-23AD-41D9-948F-C3A67CE09745}.Release|Any CPU.ActiveCfg = Release|Any CPU
		{AA39CF4A-23AD-41D9-948F-C3A67CE09745}.Release|Any CPU.Build.0 = Release|Any CPU
		{E4449571-FFAC-46D6-8CE4-1A47BD23F25E}.Debug|Any CPU.ActiveCfg = Debug|Any CPU
		{E4449571-FFAC-46D6-8CE4-1A47BD23F25E}.Debug|Any CPU.Build.0 = Debug|Any CPU
		{E4449571-FFAC-46D6-8CE4-1A47BD23F25E}.Release|Any CPU.ActiveCfg = Release|Any CPU
		{E4449571-FFAC-46D6-8CE4-1A47BD23F25E}.Release|Any CPU.Build.0 = Release|Any CPU
		{299A90A5-53C8-4FC4-B113-CC252BF74F24}.Debug|Any CPU.ActiveCfg = Debug|Any CPU
		{299A90A5-53C8-4FC4-B113-CC252BF74F24}.Debug|Any CPU.Build.0 = Debug|Any CPU
		{299A90A5-53C8-4FC4-B113-CC252BF74F24}.Release|Any CPU.ActiveCfg = Release|Any CPU
		{299A90A5-53C8-4FC4-B113-CC252BF74F24}.Release|Any CPU.Build.0 = Release|Any CPU
		{AB314E11-DFF0-44B4-971D-BB5EEC568679}.Debug|Any CPU.ActiveCfg = Debug|Any CPU
		{AB314E11-DFF0-44B4-971D-BB5EEC568679}.Debug|Any CPU.Build.0 = Debug|Any CPU
		{AB314E11-DFF0-44B4-971D-BB5EEC568679}.Release|Any CPU.ActiveCfg = Release|Any CPU
		{AB314E11-DFF0-44B4-971D-BB5EEC568679}.Release|Any CPU.Build.0 = Release|Any CPU
		{C57E320A-E8DB-4964-9606-020E01D32A89}.Debug|Any CPU.ActiveCfg = Debug|Any CPU
		{C57E320A-E8DB-4964-9606-020E01D32A89}.Debug|Any CPU.Build.0 = Debug|Any CPU
		{C57E320A-E8DB-4964-9606-020E01D32A89}.Release|Any CPU.ActiveCfg = Release|Any CPU
		{C57E320A-E8DB-4964-9606-020E01D32A89}.Release|Any CPU.Build.0 = Release|Any CPU
		{DC483FFC-899C-47CE-BD5E-1237066C0AB7}.Debug|Any CPU.ActiveCfg = Debug|Any CPU
		{DC483FFC-899C-47CE-BD5E-1237066C0AB7}.Debug|Any CPU.Build.0 = Debug|Any CPU
		{DC483FFC-899C-47CE-BD5E-1237066C0AB7}.Release|Any CPU.ActiveCfg = Release|Any CPU
		{DC483FFC-899C-47CE-BD5E-1237066C0AB7}.Release|Any CPU.Build.0 = Release|Any CPU
		{9C9BA749-CD62-407D-929A-0A81963E7E3E}.Debug|Any CPU.ActiveCfg = Debug|Any CPU
		{9C9BA749-CD62-407D-929A-0A81963E7E3E}.Debug|Any CPU.Build.0 = Debug|Any CPU
		{9C9BA749-CD62-407D-929A-0A81963E7E3E}.Release|Any CPU.ActiveCfg = Release|Any CPU
		{9C9BA749-CD62-407D-929A-0A81963E7E3E}.Release|Any CPU.Build.0 = Release|Any CPU
		{44CE1246-9C96-4F65-ACDC-EAD4CB35DE32}.Debug|Any CPU.ActiveCfg = Debug|Any CPU
		{44CE1246-9C96-4F65-ACDC-EAD4CB35DE32}.Debug|Any CPU.Build.0 = Debug|Any CPU
		{44CE1246-9C96-4F65-ACDC-EAD4CB35DE32}.Release|Any CPU.ActiveCfg = Release|Any CPU
		{44CE1246-9C96-4F65-ACDC-EAD4CB35DE32}.Release|Any CPU.Build.0 = Release|Any CPU
		{336787BD-4D1C-4267-B3AC-B7DCB5FB9A15}.Debug|Any CPU.ActiveCfg = Debug|Any CPU
		{336787BD-4D1C-4267-B3AC-B7DCB5FB9A15}.Debug|Any CPU.Build.0 = Debug|Any CPU
		{336787BD-4D1C-4267-B3AC-B7DCB5FB9A15}.Release|Any CPU.ActiveCfg = Release|Any CPU
		{336787BD-4D1C-4267-B3AC-B7DCB5FB9A15}.Release|Any CPU.Build.0 = Release|Any CPU
		{BF52977E-012E-4B2C-AC9A-8FFB636439FC}.Debug|Any CPU.ActiveCfg = Debug|Any CPU
		{BF52977E-012E-4B2C-AC9A-8FFB636439FC}.Debug|Any CPU.Build.0 = Debug|Any CPU
		{BF52977E-012E-4B2C-AC9A-8FFB636439FC}.Release|Any CPU.ActiveCfg = Release|Any CPU
		{BF52977E-012E-4B2C-AC9A-8FFB636439FC}.Release|Any CPU.Build.0 = Release|Any CPU
		{A7C37DC0-DD2D-4ECE-8A43-8A198CD00082}.Debug|Any CPU.ActiveCfg = Debug|Any CPU
		{A7C37DC0-DD2D-4ECE-8A43-8A198CD00082}.Debug|Any CPU.Build.0 = Debug|Any CPU
		{A7C37DC0-DD2D-4ECE-8A43-8A198CD00082}.Release|Any CPU.ActiveCfg = Release|Any CPU
		{A7C37DC0-DD2D-4ECE-8A43-8A198CD00082}.Release|Any CPU.Build.0 = Release|Any CPU
		{DAAAE29B-3CD3-48A4-B3EE-9ABC9751F3DC}.Debug|Any CPU.ActiveCfg = Debug|Any CPU
		{DAAAE29B-3CD3-48A4-B3EE-9ABC9751F3DC}.Debug|Any CPU.Build.0 = Debug|Any CPU
		{DAAAE29B-3CD3-48A4-B3EE-9ABC9751F3DC}.Release|Any CPU.ActiveCfg = Release|Any CPU
		{DAAAE29B-3CD3-48A4-B3EE-9ABC9751F3DC}.Release|Any CPU.Build.0 = Release|Any CPU
		{055848E2-A83F-402C-B04B-15BF34507C1A}.Debug|Any CPU.ActiveCfg = Debug|Any CPU
		{055848E2-A83F-402C-B04B-15BF34507C1A}.Debug|Any CPU.Build.0 = Debug|Any CPU
		{055848E2-A83F-402C-B04B-15BF34507C1A}.Release|Any CPU.ActiveCfg = Release|Any CPU
		{055848E2-A83F-402C-B04B-15BF34507C1A}.Release|Any CPU.Build.0 = Release|Any CPU
		{DE90370E-8E5E-496F-9C9D-E15BEE61DCFE}.Debug|Any CPU.ActiveCfg = Debug|Any CPU
		{DE90370E-8E5E-496F-9C9D-E15BEE61DCFE}.Debug|Any CPU.Build.0 = Debug|Any CPU
		{DE90370E-8E5E-496F-9C9D-E15BEE61DCFE}.Release|Any CPU.ActiveCfg = Release|Any CPU
		{DE90370E-8E5E-496F-9C9D-E15BEE61DCFE}.Release|Any CPU.Build.0 = Release|Any CPU
		{5EAC7A8A-9679-4E40-B938-08817A288798}.Debug|Any CPU.ActiveCfg = Debug|Any CPU
		{5EAC7A8A-9679-4E40-B938-08817A288798}.Debug|Any CPU.Build.0 = Debug|Any CPU
		{5EAC7A8A-9679-4E40-B938-08817A288798}.Release|Any CPU.ActiveCfg = Release|Any CPU
		{5EAC7A8A-9679-4E40-B938-08817A288798}.Release|Any CPU.Build.0 = Release|Any CPU
		{102512F9-1BC7-4561-A8EB-15AA9BA1B9C1}.Debug|Any CPU.ActiveCfg = Debug|Any CPU
		{102512F9-1BC7-4561-A8EB-15AA9BA1B9C1}.Debug|Any CPU.Build.0 = Debug|Any CPU
		{102512F9-1BC7-4561-A8EB-15AA9BA1B9C1}.Release|Any CPU.ActiveCfg = Release|Any CPU
		{102512F9-1BC7-4561-A8EB-15AA9BA1B9C1}.Release|Any CPU.Build.0 = Release|Any CPU
		{3DF432B0-A852-4016-9DEB-9F387547A581}.Debug|Any CPU.ActiveCfg = Debug|Any CPU
		{3DF432B0-A852-4016-9DEB-9F387547A581}.Debug|Any CPU.Build.0 = Debug|Any CPU
		{3DF432B0-A852-4016-9DEB-9F387547A581}.Release|Any CPU.ActiveCfg = Release|Any CPU
		{3DF432B0-A852-4016-9DEB-9F387547A581}.Release|Any CPU.Build.0 = Release|Any CPU
		{686E03CD-8547-4397-9E76-2D1C198569F4}.Debug|Any CPU.ActiveCfg = Debug|Any CPU
		{686E03CD-8547-4397-9E76-2D1C198569F4}.Debug|Any CPU.Build.0 = Debug|Any CPU
		{686E03CD-8547-4397-9E76-2D1C198569F4}.Release|Any CPU.ActiveCfg = Release|Any CPU
		{686E03CD-8547-4397-9E76-2D1C198569F4}.Release|Any CPU.Build.0 = Release|Any CPU
		{10DAB368-BAF1-41AF-A719-17F60E723C5D}.Debug|Any CPU.ActiveCfg = Debug|Any CPU
		{10DAB368-BAF1-41AF-A719-17F60E723C5D}.Debug|Any CPU.Build.0 = Debug|Any CPU
		{10DAB368-BAF1-41AF-A719-17F60E723C5D}.Release|Any CPU.ActiveCfg = Release|Any CPU
		{10DAB368-BAF1-41AF-A719-17F60E723C5D}.Release|Any CPU.Build.0 = Release|Any CPU
		{C126F003-9C5A-443C-A607-2B43A1BCD193}.Debug|Any CPU.ActiveCfg = Debug|Any CPU
		{C126F003-9C5A-443C-A607-2B43A1BCD193}.Debug|Any CPU.Build.0 = Debug|Any CPU
		{C126F003-9C5A-443C-A607-2B43A1BCD193}.Release|Any CPU.ActiveCfg = Release|Any CPU
		{C126F003-9C5A-443C-A607-2B43A1BCD193}.Release|Any CPU.Build.0 = Release|Any CPU
		{97075585-2322-4DD8-84FF-405ADA70779E}.Debug|Any CPU.ActiveCfg = Debug|Any CPU
		{97075585-2322-4DD8-84FF-405ADA70779E}.Debug|Any CPU.Build.0 = Debug|Any CPU
		{97075585-2322-4DD8-84FF-405ADA70779E}.Release|Any CPU.ActiveCfg = Release|Any CPU
		{97075585-2322-4DD8-84FF-405ADA70779E}.Release|Any CPU.Build.0 = Release|Any CPU
		{10A98D36-663E-4E44-A60F-D3F4FB902998}.Debug|Any CPU.ActiveCfg = Debug|Any CPU
		{10A98D36-663E-4E44-A60F-D3F4FB902998}.Debug|Any CPU.Build.0 = Debug|Any CPU
		{10A98D36-663E-4E44-A60F-D3F4FB902998}.Release|Any CPU.ActiveCfg = Release|Any CPU
		{10A98D36-663E-4E44-A60F-D3F4FB902998}.Release|Any CPU.Build.0 = Release|Any CPU
		{8D5C3600-03DE-4426-8BA2-E3BC4C942F87}.Debug|Any CPU.ActiveCfg = Debug|Any CPU
		{8D5C3600-03DE-4426-8BA2-E3BC4C942F87}.Debug|Any CPU.Build.0 = Debug|Any CPU
		{8D5C3600-03DE-4426-8BA2-E3BC4C942F87}.Release|Any CPU.ActiveCfg = Release|Any CPU
		{8D5C3600-03DE-4426-8BA2-E3BC4C942F87}.Release|Any CPU.Build.0 = Release|Any CPU
		{22100C0A-1633-4A2F-8C34-9F321F1D444B}.Debug|Any CPU.ActiveCfg = Debug|Any CPU
		{22100C0A-1633-4A2F-8C34-9F321F1D444B}.Debug|Any CPU.Build.0 = Debug|Any CPU
		{22100C0A-1633-4A2F-8C34-9F321F1D444B}.Release|Any CPU.ActiveCfg = Release|Any CPU
		{22100C0A-1633-4A2F-8C34-9F321F1D444B}.Release|Any CPU.Build.0 = Release|Any CPU
		{AB651CBE-81B0-47BE-BF2E-2607F765C92B}.Debug|Any CPU.ActiveCfg = Debug|Any CPU
		{AB651CBE-81B0-47BE-BF2E-2607F765C92B}.Debug|Any CPU.Build.0 = Debug|Any CPU
		{AB651CBE-81B0-47BE-BF2E-2607F765C92B}.Release|Any CPU.ActiveCfg = Release|Any CPU
		{AB651CBE-81B0-47BE-BF2E-2607F765C92B}.Release|Any CPU.Build.0 = Release|Any CPU
		{8AEFB109-C0EE-4E24-89D7-43B45DE4ADCA}.Debug|Any CPU.ActiveCfg = Debug|Any CPU
		{8AEFB109-C0EE-4E24-89D7-43B45DE4ADCA}.Debug|Any CPU.Build.0 = Debug|Any CPU
		{8AEFB109-C0EE-4E24-89D7-43B45DE4ADCA}.Release|Any CPU.ActiveCfg = Release|Any CPU
		{8AEFB109-C0EE-4E24-89D7-43B45DE4ADCA}.Release|Any CPU.Build.0 = Release|Any CPU
		{AC647C5C-64FE-4C1D-AE33-618471DF7C8C}.Debug|Any CPU.ActiveCfg = Debug|Any CPU
		{AC647C5C-64FE-4C1D-AE33-618471DF7C8C}.Debug|Any CPU.Build.0 = Debug|Any CPU
		{AC647C5C-64FE-4C1D-AE33-618471DF7C8C}.Release|Any CPU.ActiveCfg = Release|Any CPU
		{AC647C5C-64FE-4C1D-AE33-618471DF7C8C}.Release|Any CPU.Build.0 = Release|Any CPU
		{A6CF0CAA-7042-4066-80E0-B936C091ACC2}.Debug|Any CPU.ActiveCfg = Debug|Any CPU
		{A6CF0CAA-7042-4066-80E0-B936C091ACC2}.Debug|Any CPU.Build.0 = Debug|Any CPU
		{A6CF0CAA-7042-4066-80E0-B936C091ACC2}.Release|Any CPU.ActiveCfg = Release|Any CPU
		{A6CF0CAA-7042-4066-80E0-B936C091ACC2}.Release|Any CPU.Build.0 = Release|Any CPU
		{C17DE1C6-8E7C-47FF-A1DD-FEA891917BF3}.Debug|Any CPU.ActiveCfg = Debug|Any CPU
		{C17DE1C6-8E7C-47FF-A1DD-FEA891917BF3}.Debug|Any CPU.Build.0 = Debug|Any CPU
		{C17DE1C6-8E7C-47FF-A1DD-FEA891917BF3}.Release|Any CPU.ActiveCfg = Release|Any CPU
		{C17DE1C6-8E7C-47FF-A1DD-FEA891917BF3}.Release|Any CPU.Build.0 = Release|Any CPU
		{86D983FF-48DF-4018-A08C-E4A429C0116A}.Debug|Any CPU.ActiveCfg = Debug|Any CPU
		{86D983FF-48DF-4018-A08C-E4A429C0116A}.Debug|Any CPU.Build.0 = Debug|Any CPU
		{86D983FF-48DF-4018-A08C-E4A429C0116A}.Release|Any CPU.ActiveCfg = Release|Any CPU
		{86D983FF-48DF-4018-A08C-E4A429C0116A}.Release|Any CPU.Build.0 = Release|Any CPU
		{8E016CF6-51F6-42F5-92A9-5AB93278E911}.Debug|Any CPU.ActiveCfg = Debug|Any CPU
		{8E016CF6-51F6-42F5-92A9-5AB93278E911}.Debug|Any CPU.Build.0 = Debug|Any CPU
		{8E016CF6-51F6-42F5-92A9-5AB93278E911}.Release|Any CPU.ActiveCfg = Release|Any CPU
		{8E016CF6-51F6-42F5-92A9-5AB93278E911}.Release|Any CPU.Build.0 = Release|Any CPU
		{D2275029-223E-4A8D-A7DC-706234BA964B}.Debug|Any CPU.ActiveCfg = Debug|Any CPU
		{D2275029-223E-4A8D-A7DC-706234BA964B}.Debug|Any CPU.Build.0 = Debug|Any CPU
		{D2275029-223E-4A8D-A7DC-706234BA964B}.Release|Any CPU.ActiveCfg = Release|Any CPU
		{D2275029-223E-4A8D-A7DC-706234BA964B}.Release|Any CPU.Build.0 = Release|Any CPU
		{BB25F885-91FC-429C-9F84-BF104832F953}.Debug|Any CPU.ActiveCfg = Debug|Any CPU
		{BB25F885-91FC-429C-9F84-BF104832F953}.Debug|Any CPU.Build.0 = Debug|Any CPU
		{BB25F885-91FC-429C-9F84-BF104832F953}.Release|Any CPU.ActiveCfg = Release|Any CPU
		{BB25F885-91FC-429C-9F84-BF104832F953}.Release|Any CPU.Build.0 = Release|Any CPU
		{85F4FC8A-6172-417D-B9CD-44C10E5F639C}.Debug|Any CPU.ActiveCfg = Debug|Any CPU
		{85F4FC8A-6172-417D-B9CD-44C10E5F639C}.Debug|Any CPU.Build.0 = Debug|Any CPU
		{85F4FC8A-6172-417D-B9CD-44C10E5F639C}.Release|Any CPU.ActiveCfg = Release|Any CPU
		{85F4FC8A-6172-417D-B9CD-44C10E5F639C}.Release|Any CPU.Build.0 = Release|Any CPU
		{782B6577-A5C5-4671-893E-125228DBA43E}.Debug|Any CPU.ActiveCfg = Debug|Any CPU
		{782B6577-A5C5-4671-893E-125228DBA43E}.Debug|Any CPU.Build.0 = Debug|Any CPU
		{782B6577-A5C5-4671-893E-125228DBA43E}.Release|Any CPU.ActiveCfg = Release|Any CPU
		{782B6577-A5C5-4671-893E-125228DBA43E}.Release|Any CPU.Build.0 = Release|Any CPU
		{3DFB8333-D3F6-42DF-B28F-E08E332004AE}.Debug|Any CPU.ActiveCfg = Debug|Any CPU
		{3DFB8333-D3F6-42DF-B28F-E08E332004AE}.Debug|Any CPU.Build.0 = Debug|Any CPU
		{3DFB8333-D3F6-42DF-B28F-E08E332004AE}.Release|Any CPU.ActiveCfg = Release|Any CPU
		{3DFB8333-D3F6-42DF-B28F-E08E332004AE}.Release|Any CPU.Build.0 = Release|Any CPU
		{4A368C22-2C78-41C9-95BE-4CDA45921C92}.Debug|Any CPU.ActiveCfg = Debug|Any CPU
		{4A368C22-2C78-41C9-95BE-4CDA45921C92}.Debug|Any CPU.Build.0 = Debug|Any CPU
		{4A368C22-2C78-41C9-95BE-4CDA45921C92}.Release|Any CPU.ActiveCfg = Release|Any CPU
		{4A368C22-2C78-41C9-95BE-4CDA45921C92}.Release|Any CPU.Build.0 = Release|Any CPU
		{76D981B5-52EA-4D01-AF85-E8E771685D82}.Debug|Any CPU.ActiveCfg = Debug|Any CPU
		{76D981B5-52EA-4D01-AF85-E8E771685D82}.Debug|Any CPU.Build.0 = Debug|Any CPU
		{76D981B5-52EA-4D01-AF85-E8E771685D82}.Release|Any CPU.ActiveCfg = Release|Any CPU
		{76D981B5-52EA-4D01-AF85-E8E771685D82}.Release|Any CPU.Build.0 = Release|Any CPU
		{5445578E-2677-4F8E-A467-DD74A9E088B1}.Debug|Any CPU.ActiveCfg = Debug|Any CPU
		{5445578E-2677-4F8E-A467-DD74A9E088B1}.Debug|Any CPU.Build.0 = Debug|Any CPU
		{5445578E-2677-4F8E-A467-DD74A9E088B1}.Release|Any CPU.ActiveCfg = Release|Any CPU
		{5445578E-2677-4F8E-A467-DD74A9E088B1}.Release|Any CPU.Build.0 = Release|Any CPU
		{DB28908F-6514-4066-8A5D-90C387D4C7DE}.Debug|Any CPU.ActiveCfg = Debug|Any CPU
		{DB28908F-6514-4066-8A5D-90C387D4C7DE}.Debug|Any CPU.Build.0 = Debug|Any CPU
		{DB28908F-6514-4066-8A5D-90C387D4C7DE}.Release|Any CPU.ActiveCfg = Release|Any CPU
		{DB28908F-6514-4066-8A5D-90C387D4C7DE}.Release|Any CPU.Build.0 = Release|Any CPU
		{86CAD378-D4DC-4215-B59C-17BB21F2E287}.Debug|Any CPU.ActiveCfg = Debug|Any CPU
		{86CAD378-D4DC-4215-B59C-17BB21F2E287}.Debug|Any CPU.Build.0 = Debug|Any CPU
		{86CAD378-D4DC-4215-B59C-17BB21F2E287}.Release|Any CPU.ActiveCfg = Release|Any CPU
		{86CAD378-D4DC-4215-B59C-17BB21F2E287}.Release|Any CPU.Build.0 = Release|Any CPU
		{E07932BF-13CC-4DDD-8288-2F0DC52A7D38}.Debug|Any CPU.ActiveCfg = Debug|Any CPU
		{E07932BF-13CC-4DDD-8288-2F0DC52A7D38}.Debug|Any CPU.Build.0 = Debug|Any CPU
		{E07932BF-13CC-4DDD-8288-2F0DC52A7D38}.Release|Any CPU.ActiveCfg = Release|Any CPU
		{E07932BF-13CC-4DDD-8288-2F0DC52A7D38}.Release|Any CPU.Build.0 = Release|Any CPU
		{02CE3385-AAAA-4156-8D9D-49917CE4C358}.Debug|Any CPU.ActiveCfg = Debug|Any CPU
		{02CE3385-AAAA-4156-8D9D-49917CE4C358}.Debug|Any CPU.Build.0 = Debug|Any CPU
		{02CE3385-AAAA-4156-8D9D-49917CE4C358}.Release|Any CPU.ActiveCfg = Release|Any CPU
		{02CE3385-AAAA-4156-8D9D-49917CE4C358}.Release|Any CPU.Build.0 = Release|Any CPU
		{EA381CAF-60E2-43E4-8408-08B6C79DFB2A}.Debug|Any CPU.ActiveCfg = Debug|Any CPU
		{EA381CAF-60E2-43E4-8408-08B6C79DFB2A}.Debug|Any CPU.Build.0 = Debug|Any CPU
		{EA381CAF-60E2-43E4-8408-08B6C79DFB2A}.Release|Any CPU.ActiveCfg = Release|Any CPU
		{EA381CAF-60E2-43E4-8408-08B6C79DFB2A}.Release|Any CPU.Build.0 = Release|Any CPU
		{437EC1BD-DC8D-45B4-ADED-A98CF1D09791}.Debug|Any CPU.ActiveCfg = Debug|Any CPU
		{437EC1BD-DC8D-45B4-ADED-A98CF1D09791}.Debug|Any CPU.Build.0 = Debug|Any CPU
		{437EC1BD-DC8D-45B4-ADED-A98CF1D09791}.Release|Any CPU.ActiveCfg = Release|Any CPU
		{437EC1BD-DC8D-45B4-ADED-A98CF1D09791}.Release|Any CPU.Build.0 = Release|Any CPU
		{6AB5C188-85A0-4B06-BC1F-2471FB4F79A8}.Debug|Any CPU.ActiveCfg = Debug|Any CPU
		{6AB5C188-85A0-4B06-BC1F-2471FB4F79A8}.Debug|Any CPU.Build.0 = Debug|Any CPU
		{6AB5C188-85A0-4B06-BC1F-2471FB4F79A8}.Release|Any CPU.ActiveCfg = Release|Any CPU
		{6AB5C188-85A0-4B06-BC1F-2471FB4F79A8}.Release|Any CPU.Build.0 = Release|Any CPU
		{3663FF0B-1C58-4DC9-81FA-87427A347586}.Debug|Any CPU.ActiveCfg = Debug|Any CPU
		{3663FF0B-1C58-4DC9-81FA-87427A347586}.Debug|Any CPU.Build.0 = Debug|Any CPU
		{3663FF0B-1C58-4DC9-81FA-87427A347586}.Release|Any CPU.ActiveCfg = Release|Any CPU
		{3663FF0B-1C58-4DC9-81FA-87427A347586}.Release|Any CPU.Build.0 = Release|Any CPU
		{C69CC001-43C5-4660-8D88-02A8B20B4AC2}.Debug|Any CPU.ActiveCfg = Debug|Any CPU
		{C69CC001-43C5-4660-8D88-02A8B20B4AC2}.Debug|Any CPU.Build.0 = Debug|Any CPU
		{C69CC001-43C5-4660-8D88-02A8B20B4AC2}.Release|Any CPU.ActiveCfg = Release|Any CPU
		{C69CC001-43C5-4660-8D88-02A8B20B4AC2}.Release|Any CPU.Build.0 = Release|Any CPU
		{09F41670-AB54-46AB-80EC-647733B138C6}.Debug|Any CPU.ActiveCfg = Debug|Any CPU
		{09F41670-AB54-46AB-80EC-647733B138C6}.Debug|Any CPU.Build.0 = Debug|Any CPU
		{09F41670-AB54-46AB-80EC-647733B138C6}.Release|Any CPU.ActiveCfg = Release|Any CPU
		{09F41670-AB54-46AB-80EC-647733B138C6}.Release|Any CPU.Build.0 = Release|Any CPU
		{B0E1AE3D-B430-4DB4-B83F-6C27E2C4671B}.Debug|Any CPU.ActiveCfg = Debug|Any CPU
		{B0E1AE3D-B430-4DB4-B83F-6C27E2C4671B}.Debug|Any CPU.Build.0 = Debug|Any CPU
		{B0E1AE3D-B430-4DB4-B83F-6C27E2C4671B}.Release|Any CPU.ActiveCfg = Release|Any CPU
		{B0E1AE3D-B430-4DB4-B83F-6C27E2C4671B}.Release|Any CPU.Build.0 = Release|Any CPU
		{083BD8FF-BD39-4498-A3B3-8201A71C0A83}.Debug|Any CPU.ActiveCfg = Debug|Any CPU
		{083BD8FF-BD39-4498-A3B3-8201A71C0A83}.Debug|Any CPU.Build.0 = Debug|Any CPU
		{083BD8FF-BD39-4498-A3B3-8201A71C0A83}.Release|Any CPU.ActiveCfg = Release|Any CPU
		{083BD8FF-BD39-4498-A3B3-8201A71C0A83}.Release|Any CPU.Build.0 = Release|Any CPU
		{B6501FB5-C1A9-49AC-88FB-E2EB808BC5BF}.Debug|Any CPU.ActiveCfg = Debug|Any CPU
		{B6501FB5-C1A9-49AC-88FB-E2EB808BC5BF}.Debug|Any CPU.Build.0 = Debug|Any CPU
		{B6501FB5-C1A9-49AC-88FB-E2EB808BC5BF}.Release|Any CPU.ActiveCfg = Release|Any CPU
		{B6501FB5-C1A9-49AC-88FB-E2EB808BC5BF}.Release|Any CPU.Build.0 = Release|Any CPU
		{4E34EA8B-1BE9-4900-A4C8-6E567EA40873}.Debug|Any CPU.ActiveCfg = Debug|Any CPU
		{4E34EA8B-1BE9-4900-A4C8-6E567EA40873}.Debug|Any CPU.Build.0 = Debug|Any CPU
		{4E34EA8B-1BE9-4900-A4C8-6E567EA40873}.Release|Any CPU.ActiveCfg = Release|Any CPU
		{4E34EA8B-1BE9-4900-A4C8-6E567EA40873}.Release|Any CPU.Build.0 = Release|Any CPU
		{28379E83-80A0-431C-860E-B90B2E835A53}.Debug|Any CPU.ActiveCfg = Debug|Any CPU
		{28379E83-80A0-431C-860E-B90B2E835A53}.Debug|Any CPU.Build.0 = Debug|Any CPU
		{28379E83-80A0-431C-860E-B90B2E835A53}.Release|Any CPU.ActiveCfg = Release|Any CPU
		{28379E83-80A0-431C-860E-B90B2E835A53}.Release|Any CPU.Build.0 = Release|Any CPU
		{A4282B31-07CE-48CC-8155-0F7E7DBC0BF5}.Debug|Any CPU.ActiveCfg = Debug|Any CPU
		{A4282B31-07CE-48CC-8155-0F7E7DBC0BF5}.Debug|Any CPU.Build.0 = Debug|Any CPU
		{A4282B31-07CE-48CC-8155-0F7E7DBC0BF5}.Release|Any CPU.ActiveCfg = Release|Any CPU
		{A4282B31-07CE-48CC-8155-0F7E7DBC0BF5}.Release|Any CPU.Build.0 = Release|Any CPU
		{DB774B26-A112-4060-8DDB-9FA7DE6A9ABC}.Debug|Any CPU.ActiveCfg = Debug|Any CPU
		{DB774B26-A112-4060-8DDB-9FA7DE6A9ABC}.Debug|Any CPU.Build.0 = Debug|Any CPU
		{DB774B26-A112-4060-8DDB-9FA7DE6A9ABC}.Release|Any CPU.ActiveCfg = Release|Any CPU
		{DB774B26-A112-4060-8DDB-9FA7DE6A9ABC}.Release|Any CPU.Build.0 = Release|Any CPU
		{8AF8C344-D387-44D9-875F-4326E72F077E}.Debug|Any CPU.ActiveCfg = Debug|Any CPU
		{8AF8C344-D387-44D9-875F-4326E72F077E}.Debug|Any CPU.Build.0 = Debug|Any CPU
		{8AF8C344-D387-44D9-875F-4326E72F077E}.Release|Any CPU.ActiveCfg = Release|Any CPU
		{8AF8C344-D387-44D9-875F-4326E72F077E}.Release|Any CPU.Build.0 = Release|Any CPU
		{172D8D39-A7BE-4B92-99EB-3250CEBC9166}.Debug|Any CPU.ActiveCfg = Debug|Any CPU
		{172D8D39-A7BE-4B92-99EB-3250CEBC9166}.Debug|Any CPU.Build.0 = Debug|Any CPU
		{172D8D39-A7BE-4B92-99EB-3250CEBC9166}.Release|Any CPU.ActiveCfg = Release|Any CPU
		{172D8D39-A7BE-4B92-99EB-3250CEBC9166}.Release|Any CPU.Build.0 = Release|Any CPU
		{9D29E4D6-296A-4F1A-8B90-14A0E4CE7D98}.Debug|Any CPU.ActiveCfg = Debug|Any CPU
		{9D29E4D6-296A-4F1A-8B90-14A0E4CE7D98}.Debug|Any CPU.Build.0 = Debug|Any CPU
		{9D29E4D6-296A-4F1A-8B90-14A0E4CE7D98}.Release|Any CPU.ActiveCfg = Release|Any CPU
		{9D29E4D6-296A-4F1A-8B90-14A0E4CE7D98}.Release|Any CPU.Build.0 = Release|Any CPU
		{823FCDBE-23DA-460D-8F7C-B22C23B381D6}.Debug|Any CPU.ActiveCfg = Debug|Any CPU
		{823FCDBE-23DA-460D-8F7C-B22C23B381D6}.Debug|Any CPU.Build.0 = Debug|Any CPU
		{823FCDBE-23DA-460D-8F7C-B22C23B381D6}.Release|Any CPU.ActiveCfg = Release|Any CPU
		{823FCDBE-23DA-460D-8F7C-B22C23B381D6}.Release|Any CPU.Build.0 = Release|Any CPU
		{A7DCDB01-D374-4E23-BB23-72299610252C}.Debug|Any CPU.ActiveCfg = Debug|Any CPU
		{A7DCDB01-D374-4E23-BB23-72299610252C}.Debug|Any CPU.Build.0 = Debug|Any CPU
		{A7DCDB01-D374-4E23-BB23-72299610252C}.Release|Any CPU.ActiveCfg = Release|Any CPU
		{A7DCDB01-D374-4E23-BB23-72299610252C}.Release|Any CPU.Build.0 = Release|Any CPU
		{657230BC-F2DD-48ED-A48C-C5C028583186}.Debug|Any CPU.ActiveCfg = Debug|Any CPU
		{657230BC-F2DD-48ED-A48C-C5C028583186}.Debug|Any CPU.Build.0 = Debug|Any CPU
		{657230BC-F2DD-48ED-A48C-C5C028583186}.Release|Any CPU.ActiveCfg = Release|Any CPU
		{657230BC-F2DD-48ED-A48C-C5C028583186}.Release|Any CPU.Build.0 = Release|Any CPU
		{DA7A61CC-2022-4BAF-9DB5-59254428DE88}.Debug|Any CPU.ActiveCfg = Debug|Any CPU
		{DA7A61CC-2022-4BAF-9DB5-59254428DE88}.Debug|Any CPU.Build.0 = Debug|Any CPU
		{DA7A61CC-2022-4BAF-9DB5-59254428DE88}.Release|Any CPU.ActiveCfg = Release|Any CPU
		{DA7A61CC-2022-4BAF-9DB5-59254428DE88}.Release|Any CPU.Build.0 = Release|Any CPU
		{DBCC35F4-7C52-49C3-904B-CCB5F6FAC78D}.Debug|Any CPU.ActiveCfg = Debug|Any CPU
		{DBCC35F4-7C52-49C3-904B-CCB5F6FAC78D}.Debug|Any CPU.Build.0 = Debug|Any CPU
		{DBCC35F4-7C52-49C3-904B-CCB5F6FAC78D}.Release|Any CPU.ActiveCfg = Release|Any CPU
		{DBCC35F4-7C52-49C3-904B-CCB5F6FAC78D}.Release|Any CPU.Build.0 = Release|Any CPU
		{BFFC1670-D899-460C-8BEF-674C3D685EEB}.Debug|Any CPU.ActiveCfg = Debug|Any CPU
		{BFFC1670-D899-460C-8BEF-674C3D685EEB}.Debug|Any CPU.Build.0 = Debug|Any CPU
		{BFFC1670-D899-460C-8BEF-674C3D685EEB}.Release|Any CPU.ActiveCfg = Release|Any CPU
		{BFFC1670-D899-460C-8BEF-674C3D685EEB}.Release|Any CPU.Build.0 = Release|Any CPU
		{FDB29E57-4D72-42DD-914B-BCEA55DA42CF}.Debug|Any CPU.ActiveCfg = Debug|Any CPU
		{FDB29E57-4D72-42DD-914B-BCEA55DA42CF}.Debug|Any CPU.Build.0 = Debug|Any CPU
		{FDB29E57-4D72-42DD-914B-BCEA55DA42CF}.Release|Any CPU.ActiveCfg = Release|Any CPU
		{FDB29E57-4D72-42DD-914B-BCEA55DA42CF}.Release|Any CPU.Build.0 = Release|Any CPU
		{7E4AE844-160F-4D18-A934-8ED78FAEB1F8}.Debug|Any CPU.ActiveCfg = Debug|Any CPU
		{7E4AE844-160F-4D18-A934-8ED78FAEB1F8}.Debug|Any CPU.Build.0 = Debug|Any CPU
		{7E4AE844-160F-4D18-A934-8ED78FAEB1F8}.Release|Any CPU.ActiveCfg = Release|Any CPU
		{7E4AE844-160F-4D18-A934-8ED78FAEB1F8}.Release|Any CPU.Build.0 = Release|Any CPU
		{24481F83-8B5E-4B88-99F9-96941866705A}.Debug|Any CPU.ActiveCfg = Debug|Any CPU
		{24481F83-8B5E-4B88-99F9-96941866705A}.Debug|Any CPU.Build.0 = Debug|Any CPU
		{24481F83-8B5E-4B88-99F9-96941866705A}.Release|Any CPU.ActiveCfg = Release|Any CPU
		{24481F83-8B5E-4B88-99F9-96941866705A}.Release|Any CPU.Build.0 = Release|Any CPU
		{152F879A-6496-4E13-AEA5-9BFF37E73D6D}.Debug|Any CPU.ActiveCfg = Debug|Any CPU
		{152F879A-6496-4E13-AEA5-9BFF37E73D6D}.Debug|Any CPU.Build.0 = Debug|Any CPU
		{152F879A-6496-4E13-AEA5-9BFF37E73D6D}.Release|Any CPU.ActiveCfg = Release|Any CPU
		{152F879A-6496-4E13-AEA5-9BFF37E73D6D}.Release|Any CPU.Build.0 = Release|Any CPU
		{A7CA9F56-4C26-49CE-AD60-D16E058CF77F}.Debug|Any CPU.ActiveCfg = Debug|Any CPU
		{A7CA9F56-4C26-49CE-AD60-D16E058CF77F}.Debug|Any CPU.Build.0 = Debug|Any CPU
		{A7CA9F56-4C26-49CE-AD60-D16E058CF77F}.Release|Any CPU.ActiveCfg = Release|Any CPU
		{A7CA9F56-4C26-49CE-AD60-D16E058CF77F}.Release|Any CPU.Build.0 = Release|Any CPU
		{78868F9B-B1B6-473A-BB7B-44AA546B8BC6}.Debug|Any CPU.ActiveCfg = Debug|Any CPU
		{78868F9B-B1B6-473A-BB7B-44AA546B8BC6}.Debug|Any CPU.Build.0 = Debug|Any CPU
		{78868F9B-B1B6-473A-BB7B-44AA546B8BC6}.Release|Any CPU.ActiveCfg = Release|Any CPU
		{78868F9B-B1B6-473A-BB7B-44AA546B8BC6}.Release|Any CPU.Build.0 = Release|Any CPU
		{F25B78B0-3E56-4802-9956-C39C8BD8C996}.Debug|Any CPU.ActiveCfg = Debug|Any CPU
		{F25B78B0-3E56-4802-9956-C39C8BD8C996}.Debug|Any CPU.Build.0 = Debug|Any CPU
		{F25B78B0-3E56-4802-9956-C39C8BD8C996}.Release|Any CPU.ActiveCfg = Release|Any CPU
		{F25B78B0-3E56-4802-9956-C39C8BD8C996}.Release|Any CPU.Build.0 = Release|Any CPU
		{04D43C45-37CC-4C4B-9DEB-44A5420AE408}.Debug|Any CPU.ActiveCfg = Debug|Any CPU
		{04D43C45-37CC-4C4B-9DEB-44A5420AE408}.Debug|Any CPU.Build.0 = Debug|Any CPU
		{04D43C45-37CC-4C4B-9DEB-44A5420AE408}.Release|Any CPU.ActiveCfg = Release|Any CPU
		{04D43C45-37CC-4C4B-9DEB-44A5420AE408}.Release|Any CPU.Build.0 = Release|Any CPU
		{E40E4F53-81B4-4942-89F2-E46B038762CF}.Debug|Any CPU.ActiveCfg = Debug|Any CPU
		{E40E4F53-81B4-4942-89F2-E46B038762CF}.Debug|Any CPU.Build.0 = Debug|Any CPU
		{E40E4F53-81B4-4942-89F2-E46B038762CF}.Release|Any CPU.ActiveCfg = Release|Any CPU
		{E40E4F53-81B4-4942-89F2-E46B038762CF}.Release|Any CPU.Build.0 = Release|Any CPU
		{4026D788-237A-40AD-95D8-7DEC3502FD92}.Debug|Any CPU.ActiveCfg = Debug|Any CPU
		{4026D788-237A-40AD-95D8-7DEC3502FD92}.Debug|Any CPU.Build.0 = Debug|Any CPU
		{4026D788-237A-40AD-95D8-7DEC3502FD92}.Release|Any CPU.ActiveCfg = Release|Any CPU
		{4026D788-237A-40AD-95D8-7DEC3502FD92}.Release|Any CPU.Build.0 = Release|Any CPU
		{0CC5AA70-A020-4857-A864-E636366D1150}.Debug|Any CPU.ActiveCfg = Debug|Any CPU
		{0CC5AA70-A020-4857-A864-E636366D1150}.Debug|Any CPU.Build.0 = Debug|Any CPU
		{0CC5AA70-A020-4857-A864-E636366D1150}.Release|Any CPU.ActiveCfg = Release|Any CPU
		{0CC5AA70-A020-4857-A864-E636366D1150}.Release|Any CPU.Build.0 = Release|Any CPU
		{92EBA8B2-0661-4FA5-B0E9-0C236A2B53DF}.Debug|Any CPU.ActiveCfg = Debug|Any CPU
		{92EBA8B2-0661-4FA5-B0E9-0C236A2B53DF}.Debug|Any CPU.Build.0 = Debug|Any CPU
		{92EBA8B2-0661-4FA5-B0E9-0C236A2B53DF}.Release|Any CPU.ActiveCfg = Release|Any CPU
		{92EBA8B2-0661-4FA5-B0E9-0C236A2B53DF}.Release|Any CPU.Build.0 = Release|Any CPU
		{D9817009-5987-454A-A348-B89273C55422}.Debug|Any CPU.ActiveCfg = Debug|Any CPU
		{D9817009-5987-454A-A348-B89273C55422}.Debug|Any CPU.Build.0 = Debug|Any CPU
		{D9817009-5987-454A-A348-B89273C55422}.Release|Any CPU.ActiveCfg = Release|Any CPU
		{D9817009-5987-454A-A348-B89273C55422}.Release|Any CPU.Build.0 = Release|Any CPU
		{56ECFA1F-584A-499C-935C-A6E516B3F76A}.Debug|Any CPU.ActiveCfg = Debug|Any CPU
		{56ECFA1F-584A-499C-935C-A6E516B3F76A}.Debug|Any CPU.Build.0 = Debug|Any CPU
		{56ECFA1F-584A-499C-935C-A6E516B3F76A}.Release|Any CPU.ActiveCfg = Release|Any CPU
		{56ECFA1F-584A-499C-935C-A6E516B3F76A}.Release|Any CPU.Build.0 = Release|Any CPU
		{339A07C6-0AE4-4202-9D3D-CDA5322CA645}.Debug|Any CPU.ActiveCfg = Debug|Any CPU
		{339A07C6-0AE4-4202-9D3D-CDA5322CA645}.Debug|Any CPU.Build.0 = Debug|Any CPU
		{339A07C6-0AE4-4202-9D3D-CDA5322CA645}.Release|Any CPU.ActiveCfg = Release|Any CPU
		{339A07C6-0AE4-4202-9D3D-CDA5322CA645}.Release|Any CPU.Build.0 = Release|Any CPU
		{A3FE13EF-FA5C-44CE-BA2E-C00874CAE7AA}.Debug|Any CPU.ActiveCfg = Debug|Any CPU
		{A3FE13EF-FA5C-44CE-BA2E-C00874CAE7AA}.Debug|Any CPU.Build.0 = Debug|Any CPU
		{A3FE13EF-FA5C-44CE-BA2E-C00874CAE7AA}.Release|Any CPU.ActiveCfg = Release|Any CPU
		{A3FE13EF-FA5C-44CE-BA2E-C00874CAE7AA}.Release|Any CPU.Build.0 = Release|Any CPU
		{A51653CB-ADD4-4B7C-800A-59D2F7386CA1}.Debug|Any CPU.ActiveCfg = Debug|Any CPU
		{A51653CB-ADD4-4B7C-800A-59D2F7386CA1}.Debug|Any CPU.Build.0 = Debug|Any CPU
		{A51653CB-ADD4-4B7C-800A-59D2F7386CA1}.Release|Any CPU.ActiveCfg = Release|Any CPU
		{A51653CB-ADD4-4B7C-800A-59D2F7386CA1}.Release|Any CPU.Build.0 = Release|Any CPU
		{DE04F3C7-E60F-40AA-AAAF-CF5B12C13DCB}.Debug|Any CPU.ActiveCfg = Debug|Any CPU
		{DE04F3C7-E60F-40AA-AAAF-CF5B12C13DCB}.Debug|Any CPU.Build.0 = Debug|Any CPU
		{DE04F3C7-E60F-40AA-AAAF-CF5B12C13DCB}.Release|Any CPU.ActiveCfg = Release|Any CPU
		{DE04F3C7-E60F-40AA-AAAF-CF5B12C13DCB}.Release|Any CPU.Build.0 = Release|Any CPU
		{B795F204-2D8B-48D0-84FD-B90EE6D085D2}.Debug|Any CPU.ActiveCfg = Debug|Any CPU
		{B795F204-2D8B-48D0-84FD-B90EE6D085D2}.Debug|Any CPU.Build.0 = Debug|Any CPU
		{B795F204-2D8B-48D0-84FD-B90EE6D085D2}.Release|Any CPU.ActiveCfg = Release|Any CPU
		{B795F204-2D8B-48D0-84FD-B90EE6D085D2}.Release|Any CPU.Build.0 = Release|Any CPU
		{33A1D083-681F-454B-9215-4AC9B19CE03A}.Debug|Any CPU.ActiveCfg = Debug|Any CPU
		{33A1D083-681F-454B-9215-4AC9B19CE03A}.Debug|Any CPU.Build.0 = Debug|Any CPU
		{33A1D083-681F-454B-9215-4AC9B19CE03A}.Release|Any CPU.ActiveCfg = Release|Any CPU
		{33A1D083-681F-454B-9215-4AC9B19CE03A}.Release|Any CPU.Build.0 = Release|Any CPU
		{795850A2-EF24-4975-BAE7-0EB00A5F6283}.Debug|Any CPU.ActiveCfg = Debug|Any CPU
		{795850A2-EF24-4975-BAE7-0EB00A5F6283}.Debug|Any CPU.Build.0 = Debug|Any CPU
		{795850A2-EF24-4975-BAE7-0EB00A5F6283}.Release|Any CPU.ActiveCfg = Release|Any CPU
		{795850A2-EF24-4975-BAE7-0EB00A5F6283}.Release|Any CPU.Build.0 = Release|Any CPU
		{C2480120-64A5-4BD6-9ABF-B2760BB8FFAE}.Debug|Any CPU.ActiveCfg = Debug|Any CPU
		{C2480120-64A5-4BD6-9ABF-B2760BB8FFAE}.Debug|Any CPU.Build.0 = Debug|Any CPU
		{C2480120-64A5-4BD6-9ABF-B2760BB8FFAE}.Release|Any CPU.ActiveCfg = Release|Any CPU
		{C2480120-64A5-4BD6-9ABF-B2760BB8FFAE}.Release|Any CPU.Build.0 = Release|Any CPU
		{5B0ED4E9-F44C-43BF-8109-7318707B80C6}.Debug|Any CPU.ActiveCfg = Debug|Any CPU
		{5B0ED4E9-F44C-43BF-8109-7318707B80C6}.Debug|Any CPU.Build.0 = Debug|Any CPU
		{5B0ED4E9-F44C-43BF-8109-7318707B80C6}.Release|Any CPU.ActiveCfg = Release|Any CPU
		{5B0ED4E9-F44C-43BF-8109-7318707B80C6}.Release|Any CPU.Build.0 = Release|Any CPU
		{7E514599-50FD-4554-83CA-64E19DB602D7}.Debug|Any CPU.ActiveCfg = Debug|Any CPU
		{7E514599-50FD-4554-83CA-64E19DB602D7}.Debug|Any CPU.Build.0 = Debug|Any CPU
		{7E514599-50FD-4554-83CA-64E19DB602D7}.Release|Any CPU.ActiveCfg = Release|Any CPU
		{7E514599-50FD-4554-83CA-64E19DB602D7}.Release|Any CPU.Build.0 = Release|Any CPU
		{162C1A21-258A-4F28-B9EF-44D6C8BC3C81}.Debug|Any CPU.ActiveCfg = Debug|Any CPU
		{162C1A21-258A-4F28-B9EF-44D6C8BC3C81}.Debug|Any CPU.Build.0 = Debug|Any CPU
		{162C1A21-258A-4F28-B9EF-44D6C8BC3C81}.Release|Any CPU.ActiveCfg = Release|Any CPU
		{162C1A21-258A-4F28-B9EF-44D6C8BC3C81}.Release|Any CPU.Build.0 = Release|Any CPU
		{C86FFA34-F796-4883-8EF6-F24735FBBEED}.Debug|Any CPU.ActiveCfg = Debug|Any CPU
		{C86FFA34-F796-4883-8EF6-F24735FBBEED}.Debug|Any CPU.Build.0 = Debug|Any CPU
		{C86FFA34-F796-4883-8EF6-F24735FBBEED}.Release|Any CPU.ActiveCfg = Release|Any CPU
		{C86FFA34-F796-4883-8EF6-F24735FBBEED}.Release|Any CPU.Build.0 = Release|Any CPU
		{6890AC95-51BC-413E-8227-198E31B4FFA3}.Debug|Any CPU.ActiveCfg = Debug|Any CPU
		{6890AC95-51BC-413E-8227-198E31B4FFA3}.Debug|Any CPU.Build.0 = Debug|Any CPU
		{6890AC95-51BC-413E-8227-198E31B4FFA3}.Release|Any CPU.ActiveCfg = Release|Any CPU
		{6890AC95-51BC-413E-8227-198E31B4FFA3}.Release|Any CPU.Build.0 = Release|Any CPU
		{96DE9B8E-19F4-4A9C-B950-D82E048498D5}.Debug|Any CPU.ActiveCfg = Debug|Any CPU
		{96DE9B8E-19F4-4A9C-B950-D82E048498D5}.Debug|Any CPU.Build.0 = Debug|Any CPU
		{96DE9B8E-19F4-4A9C-B950-D82E048498D5}.Release|Any CPU.ActiveCfg = Release|Any CPU
		{96DE9B8E-19F4-4A9C-B950-D82E048498D5}.Release|Any CPU.Build.0 = Release|Any CPU
		{35497194-F39C-432F-B657-1EB7A4DEE953}.Debug|Any CPU.ActiveCfg = Debug|Any CPU
		{35497194-F39C-432F-B657-1EB7A4DEE953}.Debug|Any CPU.Build.0 = Debug|Any CPU
		{35497194-F39C-432F-B657-1EB7A4DEE953}.Release|Any CPU.ActiveCfg = Release|Any CPU
		{35497194-F39C-432F-B657-1EB7A4DEE953}.Release|Any CPU.Build.0 = Release|Any CPU
		{1EC4D817-3F16-4BA5-901F-F00E4C5AE0EA}.Debug|Any CPU.ActiveCfg = Debug|Any CPU
		{1EC4D817-3F16-4BA5-901F-F00E4C5AE0EA}.Debug|Any CPU.Build.0 = Debug|Any CPU
		{1EC4D817-3F16-4BA5-901F-F00E4C5AE0EA}.Release|Any CPU.ActiveCfg = Release|Any CPU
		{1EC4D817-3F16-4BA5-901F-F00E4C5AE0EA}.Release|Any CPU.Build.0 = Release|Any CPU
		{CCCD66D1-0A17-4054-879B-7C94D8434C8C}.Debug|Any CPU.ActiveCfg = Debug|Any CPU
		{CCCD66D1-0A17-4054-879B-7C94D8434C8C}.Debug|Any CPU.Build.0 = Debug|Any CPU
		{CCCD66D1-0A17-4054-879B-7C94D8434C8C}.Release|Any CPU.ActiveCfg = Release|Any CPU
		{CCCD66D1-0A17-4054-879B-7C94D8434C8C}.Release|Any CPU.Build.0 = Release|Any CPU
		{57DFB44B-D536-4556-97F8-7B1F26AD66D0}.Debug|Any CPU.ActiveCfg = Debug|Any CPU
		{57DFB44B-D536-4556-97F8-7B1F26AD66D0}.Debug|Any CPU.Build.0 = Debug|Any CPU
		{57DFB44B-D536-4556-97F8-7B1F26AD66D0}.Release|Any CPU.ActiveCfg = Release|Any CPU
		{57DFB44B-D536-4556-97F8-7B1F26AD66D0}.Release|Any CPU.Build.0 = Release|Any CPU
		{5B3746F8-F315-440F-8684-418097BE78AA}.Debug|Any CPU.ActiveCfg = Debug|Any CPU
		{5B3746F8-F315-440F-8684-418097BE78AA}.Debug|Any CPU.Build.0 = Debug|Any CPU
		{5B3746F8-F315-440F-8684-418097BE78AA}.Release|Any CPU.ActiveCfg = Release|Any CPU
		{5B3746F8-F315-440F-8684-418097BE78AA}.Release|Any CPU.Build.0 = Release|Any CPU
		{2F791159-285C-42F6-8C61-8704ED9D95E6}.Debug|Any CPU.ActiveCfg = Debug|Any CPU
		{2F791159-285C-42F6-8C61-8704ED9D95E6}.Debug|Any CPU.Build.0 = Debug|Any CPU
		{2F791159-285C-42F6-8C61-8704ED9D95E6}.Release|Any CPU.ActiveCfg = Release|Any CPU
		{2F791159-285C-42F6-8C61-8704ED9D95E6}.Release|Any CPU.Build.0 = Release|Any CPU
		{840CB91B-8593-4F9B-B9CD-D7C925B5D8B5}.Debug|Any CPU.ActiveCfg = Debug|Any CPU
		{840CB91B-8593-4F9B-B9CD-D7C925B5D8B5}.Debug|Any CPU.Build.0 = Debug|Any CPU
		{840CB91B-8593-4F9B-B9CD-D7C925B5D8B5}.Release|Any CPU.ActiveCfg = Release|Any CPU
		{840CB91B-8593-4F9B-B9CD-D7C925B5D8B5}.Release|Any CPU.Build.0 = Release|Any CPU
		{606773B5-E333-41EC-B20F-94043E5D4C59}.Debug|Any CPU.ActiveCfg = Debug|Any CPU
		{606773B5-E333-41EC-B20F-94043E5D4C59}.Debug|Any CPU.Build.0 = Debug|Any CPU
		{606773B5-E333-41EC-B20F-94043E5D4C59}.Release|Any CPU.ActiveCfg = Release|Any CPU
		{606773B5-E333-41EC-B20F-94043E5D4C59}.Release|Any CPU.Build.0 = Release|Any CPU
		{D27552A8-0CBD-40A9-9612-C7B2D42FCC4C}.Debug|Any CPU.ActiveCfg = Debug|Any CPU
		{D27552A8-0CBD-40A9-9612-C7B2D42FCC4C}.Debug|Any CPU.Build.0 = Debug|Any CPU
		{D27552A8-0CBD-40A9-9612-C7B2D42FCC4C}.Release|Any CPU.ActiveCfg = Release|Any CPU
		{D27552A8-0CBD-40A9-9612-C7B2D42FCC4C}.Release|Any CPU.Build.0 = Release|Any CPU
		{560692CE-0D3B-4ED5-8A68-066C67A6F0C5}.Debug|Any CPU.ActiveCfg = Debug|Any CPU
		{560692CE-0D3B-4ED5-8A68-066C67A6F0C5}.Debug|Any CPU.Build.0 = Debug|Any CPU
		{560692CE-0D3B-4ED5-8A68-066C67A6F0C5}.Release|Any CPU.ActiveCfg = Release|Any CPU
		{560692CE-0D3B-4ED5-8A68-066C67A6F0C5}.Release|Any CPU.Build.0 = Release|Any CPU
		{731D24C2-10DE-4BF0-9E63-B56FDDA85994}.Debug|Any CPU.ActiveCfg = Debug|Any CPU
		{731D24C2-10DE-4BF0-9E63-B56FDDA85994}.Debug|Any CPU.Build.0 = Debug|Any CPU
		{731D24C2-10DE-4BF0-9E63-B56FDDA85994}.Release|Any CPU.ActiveCfg = Release|Any CPU
		{731D24C2-10DE-4BF0-9E63-B56FDDA85994}.Release|Any CPU.Build.0 = Release|Any CPU
		{F280AAC1-EAE7-471E-ABF5-C933E698BA60}.Debug|Any CPU.ActiveCfg = Debug|Any CPU
		{F280AAC1-EAE7-471E-ABF5-C933E698BA60}.Debug|Any CPU.Build.0 = Debug|Any CPU
		{F280AAC1-EAE7-471E-ABF5-C933E698BA60}.Release|Any CPU.ActiveCfg = Release|Any CPU
		{F280AAC1-EAE7-471E-ABF5-C933E698BA60}.Release|Any CPU.Build.0 = Release|Any CPU
		{D24D105B-E75C-4F0D-BD47-21825D7F600D}.Debug|Any CPU.ActiveCfg = Debug|Any CPU
		{D24D105B-E75C-4F0D-BD47-21825D7F600D}.Debug|Any CPU.Build.0 = Debug|Any CPU
		{D24D105B-E75C-4F0D-BD47-21825D7F600D}.Release|Any CPU.ActiveCfg = Release|Any CPU
		{D24D105B-E75C-4F0D-BD47-21825D7F600D}.Release|Any CPU.Build.0 = Release|Any CPU
		{0180EC63-8709-4A51-97FC-F2E053A6F563}.Debug|Any CPU.ActiveCfg = Debug|Any CPU
		{0180EC63-8709-4A51-97FC-F2E053A6F563}.Debug|Any CPU.Build.0 = Debug|Any CPU
		{0180EC63-8709-4A51-97FC-F2E053A6F563}.Release|Any CPU.ActiveCfg = Release|Any CPU
		{0180EC63-8709-4A51-97FC-F2E053A6F563}.Release|Any CPU.Build.0 = Release|Any CPU
		{8B9FD75B-434A-44E2-875A-CF3623443356}.Debug|Any CPU.ActiveCfg = Debug|Any CPU
		{8B9FD75B-434A-44E2-875A-CF3623443356}.Debug|Any CPU.Build.0 = Debug|Any CPU
		{8B9FD75B-434A-44E2-875A-CF3623443356}.Release|Any CPU.ActiveCfg = Release|Any CPU
		{8B9FD75B-434A-44E2-875A-CF3623443356}.Release|Any CPU.Build.0 = Release|Any CPU
		{90D7D2E1-B162-4D68-977C-FE147436781E}.Debug|Any CPU.ActiveCfg = Debug|Any CPU
		{90D7D2E1-B162-4D68-977C-FE147436781E}.Debug|Any CPU.Build.0 = Debug|Any CPU
		{90D7D2E1-B162-4D68-977C-FE147436781E}.Release|Any CPU.ActiveCfg = Release|Any CPU
		{90D7D2E1-B162-4D68-977C-FE147436781E}.Release|Any CPU.Build.0 = Release|Any CPU
		{7BDB3FEE-B38B-4DD6-AEDD-C7213A127306}.Debug|Any CPU.ActiveCfg = Debug|Any CPU
		{7BDB3FEE-B38B-4DD6-AEDD-C7213A127306}.Debug|Any CPU.Build.0 = Debug|Any CPU
		{7BDB3FEE-B38B-4DD6-AEDD-C7213A127306}.Release|Any CPU.ActiveCfg = Release|Any CPU
		{7BDB3FEE-B38B-4DD6-AEDD-C7213A127306}.Release|Any CPU.Build.0 = Release|Any CPU
		{3E621625-0881-428A-89FE-B73796903D82}.Debug|Any CPU.ActiveCfg = Debug|Any CPU
		{3E621625-0881-428A-89FE-B73796903D82}.Debug|Any CPU.Build.0 = Debug|Any CPU
		{3E621625-0881-428A-89FE-B73796903D82}.Release|Any CPU.ActiveCfg = Release|Any CPU
		{3E621625-0881-428A-89FE-B73796903D82}.Release|Any CPU.Build.0 = Release|Any CPU
		{CEA95C8C-58C3-43F8-8239-76BCE05F7AF7}.Debug|Any CPU.ActiveCfg = Debug|Any CPU
		{CEA95C8C-58C3-43F8-8239-76BCE05F7AF7}.Debug|Any CPU.Build.0 = Debug|Any CPU
		{CEA95C8C-58C3-43F8-8239-76BCE05F7AF7}.Release|Any CPU.ActiveCfg = Release|Any CPU
		{CEA95C8C-58C3-43F8-8239-76BCE05F7AF7}.Release|Any CPU.Build.0 = Release|Any CPU
	EndGlobalSection
	GlobalSection(SolutionProperties) = preSolution
		HideSolutionNode = FALSE
	EndGlobalSection
	GlobalSection(NestedProjects) = preSolution
		{86946FFB-1208-4E87-AFA0-EEAA099EE8A7} = {D066F411-83EC-498D-AFFC-C3A7A4E7E738}
		{C663C70B-3B5D-43BC-BBCE-9C9B15552840} = {D066F411-83EC-498D-AFFC-C3A7A4E7E738}
		{CDD542F3-310F-4E58-8B1F-3247403014A1} = {96D748E6-B4F4-438F-A219-B3B2CDEA268A}
		{44CBEA02-E355-4512-A55C-65C9C7E4D07D} = {D066F411-83EC-498D-AFFC-C3A7A4E7E738}
		{66812187-63FA-47CE-82F5-74C0CDFCCD78} = {3742FCCD-B571-40BD-88F6-281963C812DE}
		{5CDD0F34-C679-422F-920E-34E39C587519} = {D066F411-83EC-498D-AFFC-C3A7A4E7E738}
		{DB2A5B2E-2168-49F1-93DF-8B51975E73D3} = {96D748E6-B4F4-438F-A219-B3B2CDEA268A}
		{5E3DE2ED-A55D-4480-8CE0-C3C18DBE1EA2} = {D066F411-83EC-498D-AFFC-C3A7A4E7E738}
		{FC540188-96FF-434C-8433-0CACB768EFF5} = {3742FCCD-B571-40BD-88F6-281963C812DE}
		{8EA01B90-81FA-40D0-882A-5DB666BA599A} = {96D748E6-B4F4-438F-A219-B3B2CDEA268A}
		{30342589-EBAF-4626-9DC3-D32F2885E127} = {D066F411-83EC-498D-AFFC-C3A7A4E7E738}
		{B98EB288-7EB5-43D9-8D3A-2DEE2DC284C7} = {3742FCCD-B571-40BD-88F6-281963C812DE}
		{D2C8F32B-3EC9-403B-AC2E-0C87E9445664} = {D066F411-83EC-498D-AFFC-C3A7A4E7E738}
		{7E1C80A8-6EDC-4716-A2F8-C85A6BE70206} = {96D748E6-B4F4-438F-A219-B3B2CDEA268A}
		{DCC506A5-2F1A-41EE-BFC2-D90127EBB8B6} = {96D748E6-B4F4-438F-A219-B3B2CDEA268A}
		{F9C1A8A8-A427-4700-BBEC-14B8341D864E} = {3742FCCD-B571-40BD-88F6-281963C812DE}
		{9701F165-D01B-4149-851F-B49659E7AC18} = {3742FCCD-B571-40BD-88F6-281963C812DE}
		{8A111540-3386-48E2-8BFC-5C20E325A5BB} = {3742FCCD-B571-40BD-88F6-281963C812DE}
		{C712CA2A-0560-4103-8687-4CA83BC25C6D} = {96D748E6-B4F4-438F-A219-B3B2CDEA268A}
		{37C28F88-C1BD-4AA4-88B3-19EDB5847B0F} = {96D748E6-B4F4-438F-A219-B3B2CDEA268A}
		{4F8567D6-C342-4831-9032-F8F2FAE77054} = {96D748E6-B4F4-438F-A219-B3B2CDEA268A}
		{CF64F041-B6C1-44C7-B78F-D5B80197D1F6} = {3742FCCD-B571-40BD-88F6-281963C812DE}
		{644836CD-C079-4F1F-8F97-B4DCFC841722} = {D066F411-83EC-498D-AFFC-C3A7A4E7E738}
		{C1DEE03B-0187-4A7F-A1EC-5CD9D73A24E1} = {9FE9F9D9-026A-471F-8142-B66884DA76F7}
		{AA2AB543-EFF2-448B-878F-F584FB05E081} = {96D748E6-B4F4-438F-A219-B3B2CDEA268A}
		{60DBF8F8-AC68-45AA-ABFE-DA94DB234E79} = {3742FCCD-B571-40BD-88F6-281963C812DE}
		{55F5B339-5348-4EC2-A31F-E1E9EF3813F6} = {D066F411-83EC-498D-AFFC-C3A7A4E7E738}
		{ACE2FB74-A260-4EB9-9BFB-30A5C18F3CD3} = {96D748E6-B4F4-438F-A219-B3B2CDEA268A}
		{5979C742-FCA8-478B-BF36-242A104A77F7} = {D066F411-83EC-498D-AFFC-C3A7A4E7E738}
		{13792AD4-078D-495A-A8AD-CC2F8023D0FF} = {D066F411-83EC-498D-AFFC-C3A7A4E7E738}
		{A4038E5C-AD77-4316-8AD7-61E08B0DC8D1} = {D066F411-83EC-498D-AFFC-C3A7A4E7E738}
		{AA39CF4A-23AD-41D9-948F-C3A67CE09745} = {3742FCCD-B571-40BD-88F6-281963C812DE}
		{E4449571-FFAC-46D6-8CE4-1A47BD23F25E} = {D066F411-83EC-498D-AFFC-C3A7A4E7E738}
		{299A90A5-53C8-4FC4-B113-CC252BF74F24} = {D066F411-83EC-498D-AFFC-C3A7A4E7E738}
		{AB314E11-DFF0-44B4-971D-BB5EEC568679} = {96D748E6-B4F4-438F-A219-B3B2CDEA268A}
		{C57E320A-E8DB-4964-9606-020E01D32A89} = {3742FCCD-B571-40BD-88F6-281963C812DE}
		{DC483FFC-899C-47CE-BD5E-1237066C0AB7} = {96D748E6-B4F4-438F-A219-B3B2CDEA268A}
		{9C9BA749-CD62-407D-929A-0A81963E7E3E} = {96D748E6-B4F4-438F-A219-B3B2CDEA268A}
		{44CE1246-9C96-4F65-ACDC-EAD4CB35DE32} = {3742FCCD-B571-40BD-88F6-281963C812DE}
		{336787BD-4D1C-4267-B3AC-B7DCB5FB9A15} = {D066F411-83EC-498D-AFFC-C3A7A4E7E738}
		{BF52977E-012E-4B2C-AC9A-8FFB636439FC} = {96D748E6-B4F4-438F-A219-B3B2CDEA268A}
		{A7C37DC0-DD2D-4ECE-8A43-8A198CD00082} = {D066F411-83EC-498D-AFFC-C3A7A4E7E738}
		{DAAAE29B-3CD3-48A4-B3EE-9ABC9751F3DC} = {3742FCCD-B571-40BD-88F6-281963C812DE}
		{055848E2-A83F-402C-B04B-15BF34507C1A} = {D066F411-83EC-498D-AFFC-C3A7A4E7E738}
		{DE90370E-8E5E-496F-9C9D-E15BEE61DCFE} = {96D748E6-B4F4-438F-A219-B3B2CDEA268A}
		{5EAC7A8A-9679-4E40-B938-08817A288798} = {96D748E6-B4F4-438F-A219-B3B2CDEA268A}
		{102512F9-1BC7-4561-A8EB-15AA9BA1B9C1} = {D066F411-83EC-498D-AFFC-C3A7A4E7E738}
		{3DF432B0-A852-4016-9DEB-9F387547A581} = {96D748E6-B4F4-438F-A219-B3B2CDEA268A}
		{686E03CD-8547-4397-9E76-2D1C198569F4} = {D066F411-83EC-498D-AFFC-C3A7A4E7E738}
		{10DAB368-BAF1-41AF-A719-17F60E723C5D} = {3742FCCD-B571-40BD-88F6-281963C812DE}
		{C126F003-9C5A-443C-A607-2B43A1BCD193} = {96D748E6-B4F4-438F-A219-B3B2CDEA268A}
		{97075585-2322-4DD8-84FF-405ADA70779E} = {3742FCCD-B571-40BD-88F6-281963C812DE}
		{10A98D36-663E-4E44-A60F-D3F4FB902998} = {3742FCCD-B571-40BD-88F6-281963C812DE}
		{8D5C3600-03DE-4426-8BA2-E3BC4C942F87} = {96D748E6-B4F4-438F-A219-B3B2CDEA268A}
		{22100C0A-1633-4A2F-8C34-9F321F1D444B} = {3742FCCD-B571-40BD-88F6-281963C812DE}
		{AB651CBE-81B0-47BE-BF2E-2607F765C92B} = {D066F411-83EC-498D-AFFC-C3A7A4E7E738}
		{8AEFB109-C0EE-4E24-89D7-43B45DE4ADCA} = {96D748E6-B4F4-438F-A219-B3B2CDEA268A}
		{AC647C5C-64FE-4C1D-AE33-618471DF7C8C} = {3742FCCD-B571-40BD-88F6-281963C812DE}
		{A6CF0CAA-7042-4066-80E0-B936C091ACC2} = {96D748E6-B4F4-438F-A219-B3B2CDEA268A}
		{C17DE1C6-8E7C-47FF-A1DD-FEA891917BF3} = {3742FCCD-B571-40BD-88F6-281963C812DE}
		{86D983FF-48DF-4018-A08C-E4A429C0116A} = {96D748E6-B4F4-438F-A219-B3B2CDEA268A}
		{8E016CF6-51F6-42F5-92A9-5AB93278E911} = {3742FCCD-B571-40BD-88F6-281963C812DE}
		{D2275029-223E-4A8D-A7DC-706234BA964B} = {3742FCCD-B571-40BD-88F6-281963C812DE}
		{BB25F885-91FC-429C-9F84-BF104832F953} = {96D748E6-B4F4-438F-A219-B3B2CDEA268A}
		{85F4FC8A-6172-417D-B9CD-44C10E5F639C} = {96D748E6-B4F4-438F-A219-B3B2CDEA268A}
		{782B6577-A5C5-4671-893E-125228DBA43E} = {3742FCCD-B571-40BD-88F6-281963C812DE}
		{3DFB8333-D3F6-42DF-B28F-E08E332004AE} = {96D748E6-B4F4-438F-A219-B3B2CDEA268A}
		{4A368C22-2C78-41C9-95BE-4CDA45921C92} = {3742FCCD-B571-40BD-88F6-281963C812DE}
		{76D981B5-52EA-4D01-AF85-E8E771685D82} = {9FE9F9D9-026A-471F-8142-B66884DA76F7}
		{5445578E-2677-4F8E-A467-DD74A9E088B1} = {3742FCCD-B571-40BD-88F6-281963C812DE}
		{DB28908F-6514-4066-8A5D-90C387D4C7DE} = {3742FCCD-B571-40BD-88F6-281963C812DE}
		{86CAD378-D4DC-4215-B59C-17BB21F2E287} = {96D748E6-B4F4-438F-A219-B3B2CDEA268A}
		{E07932BF-13CC-4DDD-8288-2F0DC52A7D38} = {96D748E6-B4F4-438F-A219-B3B2CDEA268A}
		{02CE3385-AAAA-4156-8D9D-49917CE4C358} = {3742FCCD-B571-40BD-88F6-281963C812DE}
		{EA381CAF-60E2-43E4-8408-08B6C79DFB2A} = {3742FCCD-B571-40BD-88F6-281963C812DE}
		{437EC1BD-DC8D-45B4-ADED-A98CF1D09791} = {3742FCCD-B571-40BD-88F6-281963C812DE}
		{6AB5C188-85A0-4B06-BC1F-2471FB4F79A8} = {3742FCCD-B571-40BD-88F6-281963C812DE}
		{3663FF0B-1C58-4DC9-81FA-87427A347586} = {9FE9F9D9-026A-471F-8142-B66884DA76F7}
		{C69CC001-43C5-4660-8D88-02A8B20B4AC2} = {9FE9F9D9-026A-471F-8142-B66884DA76F7}
		{09F41670-AB54-46AB-80EC-647733B138C6} = {96D748E6-B4F4-438F-A219-B3B2CDEA268A}
		{B0E1AE3D-B430-4DB4-B83F-6C27E2C4671B} = {3742FCCD-B571-40BD-88F6-281963C812DE}
		{083BD8FF-BD39-4498-A3B3-8201A71C0A83} = {3742FCCD-B571-40BD-88F6-281963C812DE}
		{B6501FB5-C1A9-49AC-88FB-E2EB808BC5BF} = {96D748E6-B4F4-438F-A219-B3B2CDEA268A}
		{4E34EA8B-1BE9-4900-A4C8-6E567EA40873} = {D066F411-83EC-498D-AFFC-C3A7A4E7E738}
		{28379E83-80A0-431C-860E-B90B2E835A53} = {96D748E6-B4F4-438F-A219-B3B2CDEA268A}
		{A4282B31-07CE-48CC-8155-0F7E7DBC0BF5} = {3742FCCD-B571-40BD-88F6-281963C812DE}
		{DB774B26-A112-4060-8DDB-9FA7DE6A9ABC} = {3742FCCD-B571-40BD-88F6-281963C812DE}
		{8AF8C344-D387-44D9-875F-4326E72F077E} = {96D748E6-B4F4-438F-A219-B3B2CDEA268A}
		{172D8D39-A7BE-4B92-99EB-3250CEBC9166} = {3742FCCD-B571-40BD-88F6-281963C812DE}
		{9D29E4D6-296A-4F1A-8B90-14A0E4CE7D98} = {9FE9F9D9-026A-471F-8142-B66884DA76F7}
		{823FCDBE-23DA-460D-8F7C-B22C23B381D6} = {96D748E6-B4F4-438F-A219-B3B2CDEA268A}
		{A7DCDB01-D374-4E23-BB23-72299610252C} = {3742FCCD-B571-40BD-88F6-281963C812DE}
		{657230BC-F2DD-48ED-A48C-C5C028583186} = {96D748E6-B4F4-438F-A219-B3B2CDEA268A}
		{DA7A61CC-2022-4BAF-9DB5-59254428DE88} = {3742FCCD-B571-40BD-88F6-281963C812DE}
		{DBCC35F4-7C52-49C3-904B-CCB5F6FAC78D} = {96D748E6-B4F4-438F-A219-B3B2CDEA268A}
		{BFFC1670-D899-460C-8BEF-674C3D685EEB} = {3742FCCD-B571-40BD-88F6-281963C812DE}
		{FDB29E57-4D72-42DD-914B-BCEA55DA42CF} = {9FE9F9D9-026A-471F-8142-B66884DA76F7}
		{7E4AE844-160F-4D18-A934-8ED78FAEB1F8} = {D066F411-83EC-498D-AFFC-C3A7A4E7E738}
		{24481F83-8B5E-4B88-99F9-96941866705A} = {96D748E6-B4F4-438F-A219-B3B2CDEA268A}
		{152F879A-6496-4E13-AEA5-9BFF37E73D6D} = {3742FCCD-B571-40BD-88F6-281963C812DE}
		{A7CA9F56-4C26-49CE-AD60-D16E058CF77F} = {96D748E6-B4F4-438F-A219-B3B2CDEA268A}
		{78868F9B-B1B6-473A-BB7B-44AA546B8BC6} = {B7C6C902-A1E6-4114-9897-C030EE84DFC4}
		{F25B78B0-3E56-4802-9956-C39C8BD8C996} = {96D748E6-B4F4-438F-A219-B3B2CDEA268A}
		{04D43C45-37CC-4C4B-9DEB-44A5420AE408} = {D066F411-83EC-498D-AFFC-C3A7A4E7E738}
		{E40E4F53-81B4-4942-89F2-E46B038762CF} = {96D748E6-B4F4-438F-A219-B3B2CDEA268A}
		{4026D788-237A-40AD-95D8-7DEC3502FD92} = {3742FCCD-B571-40BD-88F6-281963C812DE}
		{0CC5AA70-A020-4857-A864-E636366D1150} = {D066F411-83EC-498D-AFFC-C3A7A4E7E738}
		{92EBA8B2-0661-4FA5-B0E9-0C236A2B53DF} = {96D748E6-B4F4-438F-A219-B3B2CDEA268A}
		{D9817009-5987-454A-A348-B89273C55422} = {3742FCCD-B571-40BD-88F6-281963C812DE}
		{56ECFA1F-584A-499C-935C-A6E516B3F76A} = {D066F411-83EC-498D-AFFC-C3A7A4E7E738}
		{339A07C6-0AE4-4202-9D3D-CDA5322CA645} = {96D748E6-B4F4-438F-A219-B3B2CDEA268A}
		{A3FE13EF-FA5C-44CE-BA2E-C00874CAE7AA} = {96D748E6-B4F4-438F-A219-B3B2CDEA268A}
		{A51653CB-ADD4-4B7C-800A-59D2F7386CA1} = {3742FCCD-B571-40BD-88F6-281963C812DE}
		{DE04F3C7-E60F-40AA-AAAF-CF5B12C13DCB} = {96D748E6-B4F4-438F-A219-B3B2CDEA268A}
		{B795F204-2D8B-48D0-84FD-B90EE6D085D2} = {3742FCCD-B571-40BD-88F6-281963C812DE}
		{33A1D083-681F-454B-9215-4AC9B19CE03A} = {96D748E6-B4F4-438F-A219-B3B2CDEA268A}
		{795850A2-EF24-4975-BAE7-0EB00A5F6283} = {3742FCCD-B571-40BD-88F6-281963C812DE}
		{C2480120-64A5-4BD6-9ABF-B2760BB8FFAE} = {96D748E6-B4F4-438F-A219-B3B2CDEA268A}
		{5B0ED4E9-F44C-43BF-8109-7318707B80C6} = {3742FCCD-B571-40BD-88F6-281963C812DE}
		{7E514599-50FD-4554-83CA-64E19DB602D7} = {3742FCCD-B571-40BD-88F6-281963C812DE}
		{162C1A21-258A-4F28-B9EF-44D6C8BC3C81} = {96D748E6-B4F4-438F-A219-B3B2CDEA268A}
		{C86FFA34-F796-4883-8EF6-F24735FBBEED} = {3742FCCD-B571-40BD-88F6-281963C812DE}
		{6890AC95-51BC-413E-8227-198E31B4FFA3} = {96D748E6-B4F4-438F-A219-B3B2CDEA268A}
		{96DE9B8E-19F4-4A9C-B950-D82E048498D5} = {9FE9F9D9-026A-471F-8142-B66884DA76F7}
		{35497194-F39C-432F-B657-1EB7A4DEE953} = {B7C6C902-A1E6-4114-9897-C030EE84DFC4}
		{1EC4D817-3F16-4BA5-901F-F00E4C5AE0EA} = {96D748E6-B4F4-438F-A219-B3B2CDEA268A}
		{CCCD66D1-0A17-4054-879B-7C94D8434C8C} = {96D748E6-B4F4-438F-A219-B3B2CDEA268A}
		{57DFB44B-D536-4556-97F8-7B1F26AD66D0} = {96D748E6-B4F4-438F-A219-B3B2CDEA268A}
		{5B3746F8-F315-440F-8684-418097BE78AA} = {96D748E6-B4F4-438F-A219-B3B2CDEA268A}
		{2F791159-285C-42F6-8C61-8704ED9D95E6} = {96D748E6-B4F4-438F-A219-B3B2CDEA268A}
		{840CB91B-8593-4F9B-B9CD-D7C925B5D8B5} = {96D748E6-B4F4-438F-A219-B3B2CDEA268A}
		{606773B5-E333-41EC-B20F-94043E5D4C59} = {3742FCCD-B571-40BD-88F6-281963C812DE}
		{D27552A8-0CBD-40A9-9612-C7B2D42FCC4C} = {3742FCCD-B571-40BD-88F6-281963C812DE}
		{560692CE-0D3B-4ED5-8A68-066C67A6F0C5} = {3742FCCD-B571-40BD-88F6-281963C812DE}
		{731D24C2-10DE-4BF0-9E63-B56FDDA85994} = {3742FCCD-B571-40BD-88F6-281963C812DE}
		{F280AAC1-EAE7-471E-ABF5-C933E698BA60} = {96D748E6-B4F4-438F-A219-B3B2CDEA268A}
		{D24D105B-E75C-4F0D-BD47-21825D7F600D} = {3742FCCD-B571-40BD-88F6-281963C812DE}
		{0180EC63-8709-4A51-97FC-F2E053A6F563} = {3742FCCD-B571-40BD-88F6-281963C812DE}
		{8B9FD75B-434A-44E2-875A-CF3623443356} = {96D748E6-B4F4-438F-A219-B3B2CDEA268A}
		{90D7D2E1-B162-4D68-977C-FE147436781E} = {96D748E6-B4F4-438F-A219-B3B2CDEA268A}
		{7BDB3FEE-B38B-4DD6-AEDD-C7213A127306} = {96D748E6-B4F4-438F-A219-B3B2CDEA268A}
		{3E621625-0881-428A-89FE-B73796903D82} = {96D748E6-B4F4-438F-A219-B3B2CDEA268A}
		{CEA95C8C-58C3-43F8-8239-76BCE05F7AF7} = {3742FCCD-B571-40BD-88F6-281963C812DE}
	EndGlobalSection
	GlobalSection(ExtensibilityGlobals) = postSolution
		SolutionGuid = {E98DC5D3-1A12-4A79-86FB-1CF34D8BDAA5}
	EndGlobalSection
EndGlobal
