
Microsoft Visual Studio Solution File, Format Version 12.00
# Visual Studio Version 17
VisualStudioVersion = 17.10.35004.147
MinimumVisualStudioVersion = 10.0.40219.1
Project("{9A19103F-16F7-4668-BE54-9A1E7A4F7556}") = "8KYU_01", "8KYU_01\8KYU_01.csproj", "{86946FFB-1208-4E87-AFA0-EEAA099EE8A7}"
EndProject
Project("{2150E333-8FDC-42A3-9474-1A3956D46DE8}") = "8KYU", "8KYU", "{D066F411-83EC-498D-AFFC-C3A7A4E7E738}"
EndProject
Project("{9A19103F-16F7-4668-BE54-9A1E7A4F7556}") = "8KYU_02", "8KYU_02\8KYU_02.csproj", "{C663C70B-3B5D-43BC-BBCE-9C9B15552840}"
EndProject
Project("{2150E333-8FDC-42A3-9474-1A3956D46DE8}") = "7KYU", "7KYU", "{96D748E6-B4F4-438F-A219-B3B2CDEA268A}"
EndProject
Project("{9A19103F-16F7-4668-BE54-9A1E7A4F7556}") = "7KYU_01", "7KYU_#01\7KYU_01.csproj", "{CDD542F3-310F-4E58-8B1F-3247403014A1}"
EndProject
Project("{9A19103F-16F7-4668-BE54-9A1E7A4F7556}") = "8KYU_03", "8KYU_03\8KYU_03.csproj", "{44CBEA02-E355-4512-A55C-65C9C7E4D07D}"
EndProject
Project("{2150E333-8FDC-42A3-9474-1A3956D46DE8}") = "6KYU", "6KYU", "{3742FCCD-B571-40BD-88F6-281963C812DE}"
EndProject
Project("{9A19103F-16F7-4668-BE54-9A1E7A4F7556}") = "6KYU_01", "6KYU_01\6KYU_01.csproj", "{66812187-63FA-47CE-82F5-74C0CDFCCD78}"
EndProject
Project("{9A19103F-16F7-4668-BE54-9A1E7A4F7556}") = "8KYU_04", "8KYU_04\8KYU_04.csproj", "{5CDD0F34-C679-422F-920E-34E39C587519}"
EndProject
Project("{9A19103F-16F7-4668-BE54-9A1E7A4F7556}") = "7KYU_02", "7KYU_02\7KYU_02.csproj", "{DB2A5B2E-2168-49F1-93DF-8B51975E73D3}"
EndProject
Project("{9A19103F-16F7-4668-BE54-9A1E7A4F7556}") = "8KYU_05", "8KYU_05\8KYU_05.csproj", "{5E3DE2ED-A55D-4480-8CE0-C3C18DBE1EA2}"
EndProject
Project("{9A19103F-16F7-4668-BE54-9A1E7A4F7556}") = "6KYU_02", "6KYU_02\6KYU_02.csproj", "{FC540188-96FF-434C-8433-0CACB768EFF5}"
EndProject
Project("{9A19103F-16F7-4668-BE54-9A1E7A4F7556}") = "7KYU_03", "7KYU_03\7KYU_03.csproj", "{8EA01B90-81FA-40D0-882A-5DB666BA599A}"
EndProject
Project("{9A19103F-16F7-4668-BE54-9A1E7A4F7556}") = "8KYU_06", "8KYU_06\8KYU_06.csproj", "{30342589-EBAF-4626-9DC3-D32F2885E127}"
EndProject
Project("{9A19103F-16F7-4668-BE54-9A1E7A4F7556}") = "6KYU_03", "6KYU_03\6KYU_03.csproj", "{B98EB288-7EB5-43D9-8D3A-2DEE2DC284C7}"
EndProject
Project("{9A19103F-16F7-4668-BE54-9A1E7A4F7556}") = "8KYU_07", "8KYU_07\8KYU_07.csproj", "{D2C8F32B-3EC9-403B-AC2E-0C87E9445664}"
EndProject
Project("{9A19103F-16F7-4668-BE54-9A1E7A4F7556}") = "7KYU_04", "7KYU_04\7KYU_04.csproj", "{7E1C80A8-6EDC-4716-A2F8-C85A6BE70206}"
EndProject
Project("{9A19103F-16F7-4668-BE54-9A1E7A4F7556}") = "7KYU_05", "KYU_05\7KYU_05.csproj", "{DCC506A5-2F1A-41EE-BFC2-D90127EBB8B6}"
EndProject
Project("{9A19103F-16F7-4668-BE54-9A1E7A4F7556}") = "6KYU_05", "6KYU_05\6KYU_05.csproj", "{F9C1A8A8-A427-4700-BBEC-14B8341D864E}"
EndProject
Project("{9A19103F-16F7-4668-BE54-9A1E7A4F7556}") = "6KYU_06", "6KYU_06\6KYU_06.csproj", "{9701F165-D01B-4149-851F-B49659E7AC18}"
EndProject
Project("{9A19103F-16F7-4668-BE54-9A1E7A4F7556}") = "6KYU_07", "6KYU_07\6KYU_07.csproj", "{8A111540-3386-48E2-8BFC-5C20E325A5BB}"
EndProject
Project("{9A19103F-16F7-4668-BE54-9A1E7A4F7556}") = "7KYU_06", "7KYU_06\7KYU_06.csproj", "{C712CA2A-0560-4103-8687-4CA83BC25C6D}"
EndProject
Project("{9A19103F-16F7-4668-BE54-9A1E7A4F7556}") = "7KYU_07", "7KYU_07\7KYU_07.csproj", "{37C28F88-C1BD-4AA4-88B3-19EDB5847B0F}"
EndProject
Project("{9A19103F-16F7-4668-BE54-9A1E7A4F7556}") = "7KYU_08", "7KYU_08\7KYU_08.csproj", "{4F8567D6-C342-4831-9032-F8F2FAE77054}"
EndProject
Project("{9A19103F-16F7-4668-BE54-9A1E7A4F7556}") = "6KYU_08", "6KYU_08\6KYU_08.csproj", "{CF64F041-B6C1-44C7-B78F-D5B80197D1F6}"
EndProject
Project("{9A19103F-16F7-4668-BE54-9A1E7A4F7556}") = "8KYU_08", "8KYU_08\8KYU_08.csproj", "{644836CD-C079-4F1F-8F97-B4DCFC841722}"
EndProject
Project("{2150E333-8FDC-42A3-9474-1A3956D46DE8}") = "5KYU", "5KYU", "{9FE9F9D9-026A-471F-8142-B66884DA76F7}"
EndProject
Project("{9A19103F-16F7-4668-BE54-9A1E7A4F7556}") = "5KYU_01", "5KYU_01\5KYU_01.csproj", "{C1DEE03B-0187-4A7F-A1EC-5CD9D73A24E1}"
EndProject
Project("{9A19103F-16F7-4668-BE54-9A1E7A4F7556}") = "7KYU_09", "7KYU_09\7KYU_09.csproj", "{AA2AB543-EFF2-448B-878F-F584FB05E081}"
EndProject
Project("{9A19103F-16F7-4668-BE54-9A1E7A4F7556}") = "6KYU_09", "6KYU_09\6KYU_09.csproj", "{60DBF8F8-AC68-45AA-ABFE-DA94DB234E79}"
EndProject
Project("{9A19103F-16F7-4668-BE54-9A1E7A4F7556}") = "8KYU_09", "8KYU_09\8KYU_09.csproj", "{55F5B339-5348-4EC2-A31F-E1E9EF3813F6}"
EndProject
Project("{9A19103F-16F7-4668-BE54-9A1E7A4F7556}") = "7KYU_10", "7KYU_10\7KYU_10.csproj", "{ACE2FB74-A260-4EB9-9BFB-30A5C18F3CD3}"
EndProject
Project("{9A19103F-16F7-4668-BE54-9A1E7A4F7556}") = "8KYU_10", "8KYU_10\8KYU_10.csproj", "{5979C742-FCA8-478B-BF36-242A104A77F7}"
EndProject
Project("{9A19103F-16F7-4668-BE54-9A1E7A4F7556}") = "8KYU_11", "8KYU_11\8KYU_11.csproj", "{13792AD4-078D-495A-A8AD-CC2F8023D0FF}"
EndProject
Project("{9A19103F-16F7-4668-BE54-9A1E7A4F7556}") = "8KYU_12", "8KYU_12\8KYU_12.csproj", "{A4038E5C-AD77-4316-8AD7-61E08B0DC8D1}"
EndProject
Project("{9A19103F-16F7-4668-BE54-9A1E7A4F7556}") = "6KYU_10", "6KYU_10\6KYU_10.csproj", "{AA39CF4A-23AD-41D9-948F-C3A67CE09745}"
EndProject
Project("{9A19103F-16F7-4668-BE54-9A1E7A4F7556}") = "8KYU_13", "8KYU_13\8KYU_13.csproj", "{E4449571-FFAC-46D6-8CE4-1A47BD23F25E}"
EndProject
Project("{9A19103F-16F7-4668-BE54-9A1E7A4F7556}") = "8KYU_14", "8KYU_14\8KYU_14.csproj", "{299A90A5-53C8-4FC4-B113-CC252BF74F24}"
EndProject
Project("{9A19103F-16F7-4668-BE54-9A1E7A4F7556}") = "7KYU_11", "7KYU_11\7KYU_11.csproj", "{AB314E11-DFF0-44B4-971D-BB5EEC568679}"
EndProject
Project("{9A19103F-16F7-4668-BE54-9A1E7A4F7556}") = "6KYU_11", "6KYU_11\6KYU_11.csproj", "{C57E320A-E8DB-4964-9606-020E01D32A89}"
EndProject
Project("{9A19103F-16F7-4668-BE54-9A1E7A4F7556}") = "7KYU_12", "7KYU_12\7KYU_12.csproj", "{DC483FFC-899C-47CE-BD5E-1237066C0AB7}"
EndProject
Project("{9A19103F-16F7-4668-BE54-9A1E7A4F7556}") = "7KYU_13", "7KYU_13\7KYU_13.csproj", "{9C9BA749-CD62-407D-929A-0A81963E7E3E}"
EndProject
Project("{9A19103F-16F7-4668-BE54-9A1E7A4F7556}") = "6KYU_12", "6KYU_12\6KYU_12.csproj", "{44CE1246-9C96-4F65-ACDC-EAD4CB35DE32}"
EndProject
Project("{9A19103F-16F7-4668-BE54-9A1E7A4F7556}") = "8KYU_15", "8KYU_15\8KYU_15.csproj", "{336787BD-4D1C-4267-B3AC-B7DCB5FB9A15}"
EndProject
Project("{9A19103F-16F7-4668-BE54-9A1E7A4F7556}") = "7KYU_14", "7KYU_14\7KYU_14.csproj", "{BF52977E-012E-4B2C-AC9A-8FFB636439FC}"
EndProject
Project("{9A19103F-16F7-4668-BE54-9A1E7A4F7556}") = "8KYU_16", "8KYU_16\8KYU_16.csproj", "{A7C37DC0-DD2D-4ECE-8A43-8A198CD00082}"
EndProject
Project("{9A19103F-16F7-4668-BE54-9A1E7A4F7556}") = "6KYU_13", "6KYU_13\6KYU_13.csproj", "{DAAAE29B-3CD3-48A4-B3EE-9ABC9751F3DC}"
EndProject
Project("{9A19103F-16F7-4668-BE54-9A1E7A4F7556}") = "8KYU_17", "8KYU_17\8KYU_17.csproj", "{055848E2-A83F-402C-B04B-15BF34507C1A}"
EndProject
Project("{9A19103F-16F7-4668-BE54-9A1E7A4F7556}") = "7KYU_15", "7KYU_15\7KYU_15.csproj", "{DE90370E-8E5E-496F-9C9D-E15BEE61DCFE}"
EndProject
Project("{9A19103F-16F7-4668-BE54-9A1E7A4F7556}") = "7KYU_16", "7KYU_16\7KYU_16.csproj", "{5EAC7A8A-9679-4E40-B938-08817A288798}"
EndProject
Project("{9A19103F-16F7-4668-BE54-9A1E7A4F7556}") = "8KYU_18", "8KYU_18\8KYU_18.csproj", "{102512F9-1BC7-4561-A8EB-15AA9BA1B9C1}"
EndProject
Project("{9A19103F-16F7-4668-BE54-9A1E7A4F7556}") = "7KYU_17", "7KYU_17\7KYU_17.csproj", "{3DF432B0-A852-4016-9DEB-9F387547A581}"
EndProject
Project("{9A19103F-16F7-4668-BE54-9A1E7A4F7556}") = "8KYU_19", "8KYU_19\8KYU_19.csproj", "{686E03CD-8547-4397-9E76-2D1C198569F4}"
EndProject
Project("{9A19103F-16F7-4668-BE54-9A1E7A4F7556}") = "6KYU_14", "6KYU_14\6KYU_14.csproj", "{10DAB368-BAF1-41AF-A719-17F60E723C5D}"
EndProject
Project("{9A19103F-16F7-4668-BE54-9A1E7A4F7556}") = "7KYU_18", "7KYU_18\7KYU_18.csproj", "{C126F003-9C5A-443C-A607-2B43A1BCD193}"
EndProject
Project("{9A19103F-16F7-4668-BE54-9A1E7A4F7556}") = "6KYU_15", "6KYU_15\6KYU_15.csproj", "{97075585-2322-4DD8-84FF-405ADA70779E}"
EndProject
Project("{9A19103F-16F7-4668-BE54-9A1E7A4F7556}") = "6KYU_16", "6KYU_16\6KYU_16.csproj", "{10A98D36-663E-4E44-A60F-D3F4FB902998}"
EndProject
Project("{9A19103F-16F7-4668-BE54-9A1E7A4F7556}") = "7KYU_19", "7KYU_19\7KYU_19.csproj", "{8D5C3600-03DE-4426-8BA2-E3BC4C942F87}"
EndProject
Project("{9A19103F-16F7-4668-BE54-9A1E7A4F7556}") = "6KYU_17", "6KYU_17\6KYU_17.csproj", "{22100C0A-1633-4A2F-8C34-9F321F1D444B}"
EndProject
Project("{9A19103F-16F7-4668-BE54-9A1E7A4F7556}") = "8KYU_20", "8KYU_20\8KYU_20.csproj", "{AB651CBE-81B0-47BE-BF2E-2607F765C92B}"
EndProject
Project("{9A19103F-16F7-4668-BE54-9A1E7A4F7556}") = "7KYU_20", "7KYU_20\7KYU_20.csproj", "{8AEFB109-C0EE-4E24-89D7-43B45DE4ADCA}"
EndProject
Project("{9A19103F-16F7-4668-BE54-9A1E7A4F7556}") = "6KYU_18", "6KYU_18\6KYU_18.csproj", "{AC647C5C-64FE-4C1D-AE33-618471DF7C8C}"
EndProject
Project("{9A19103F-16F7-4668-BE54-9A1E7A4F7556}") = "7KYU_21", "7KYU_21\7KYU_21.csproj", "{A6CF0CAA-7042-4066-80E0-B936C091ACC2}"
EndProject
Project("{9A19103F-16F7-4668-BE54-9A1E7A4F7556}") = "6KYU_19", "6KYU_19\6KYU_19.csproj", "{C17DE1C6-8E7C-47FF-A1DD-FEA891917BF3}"
EndProject
Project("{9A19103F-16F7-4668-BE54-9A1E7A4F7556}") = "7KYU_22", "7KYU_22\7KYU_22.csproj", "{86D983FF-48DF-4018-A08C-E4A429C0116A}"
EndProject
Project("{9A19103F-16F7-4668-BE54-9A1E7A4F7556}") = "6KYU_20", "6KYU_20\6KYU_20.csproj", "{8E016CF6-51F6-42F5-92A9-5AB93278E911}"
EndProject
Project("{9A19103F-16F7-4668-BE54-9A1E7A4F7556}") = "6KYU_21", "6KYU_21\6KYU_21.csproj", "{D2275029-223E-4A8D-A7DC-706234BA964B}"
EndProject
Project("{FAE04EC0-301F-11D3-BF4B-00C04F79EFBC}") = "7KYU_23", "7KYU_23\7KYU_23.csproj", "{BB25F885-91FC-429C-9F84-BF104832F953}"
EndProject
Project("{FAE04EC0-301F-11D3-BF4B-00C04F79EFBC}") = "7KYU_24", "7KYU_24\7KYU_24.csproj", "{85F4FC8A-6172-417D-B9CD-44C10E5F639C}"
EndProject
Project("{FAE04EC0-301F-11D3-BF4B-00C04F79EFBC}") = "6KYU_22", "6KYU_22\6KYU_22.csproj", "{782B6577-A5C5-4671-893E-125228DBA43E}"
EndProject
Global
	GlobalSection(SolutionConfigurationPlatforms) = preSolution
		Debug|Any CPU = Debug|Any CPU
		Release|Any CPU = Release|Any CPU
	EndGlobalSection
	GlobalSection(ProjectConfigurationPlatforms) = postSolution
		{86946FFB-1208-4E87-AFA0-EEAA099EE8A7}.Debug|Any CPU.ActiveCfg = Debug|Any CPU
		{86946FFB-1208-4E87-AFA0-EEAA099EE8A7}.Debug|Any CPU.Build.0 = Debug|Any CPU
		{86946FFB-1208-4E87-AFA0-EEAA099EE8A7}.Release|Any CPU.ActiveCfg = Release|Any CPU
		{86946FFB-1208-4E87-AFA0-EEAA099EE8A7}.Release|Any CPU.Build.0 = Release|Any CPU
		{C663C70B-3B5D-43BC-BBCE-9C9B15552840}.Debug|Any CPU.ActiveCfg = Debug|Any CPU
		{C663C70B-3B5D-43BC-BBCE-9C9B15552840}.Debug|Any CPU.Build.0 = Debug|Any CPU
		{C663C70B-3B5D-43BC-BBCE-9C9B15552840}.Release|Any CPU.ActiveCfg = Release|Any CPU
		{C663C70B-3B5D-43BC-BBCE-9C9B15552840}.Release|Any CPU.Build.0 = Release|Any CPU
		{CDD542F3-310F-4E58-8B1F-3247403014A1}.Debug|Any CPU.ActiveCfg = Debug|Any CPU
		{CDD542F3-310F-4E58-8B1F-3247403014A1}.Debug|Any CPU.Build.0 = Debug|Any CPU
		{CDD542F3-310F-4E58-8B1F-3247403014A1}.Release|Any CPU.ActiveCfg = Release|Any CPU
		{CDD542F3-310F-4E58-8B1F-3247403014A1}.Release|Any CPU.Build.0 = Release|Any CPU
		{44CBEA02-E355-4512-A55C-65C9C7E4D07D}.Debug|Any CPU.ActiveCfg = Debug|Any CPU
		{44CBEA02-E355-4512-A55C-65C9C7E4D07D}.Debug|Any CPU.Build.0 = Debug|Any CPU
		{44CBEA02-E355-4512-A55C-65C9C7E4D07D}.Release|Any CPU.ActiveCfg = Release|Any CPU
		{44CBEA02-E355-4512-A55C-65C9C7E4D07D}.Release|Any CPU.Build.0 = Release|Any CPU
		{66812187-63FA-47CE-82F5-74C0CDFCCD78}.Debug|Any CPU.ActiveCfg = Debug|Any CPU
		{66812187-63FA-47CE-82F5-74C0CDFCCD78}.Debug|Any CPU.Build.0 = Debug|Any CPU
		{66812187-63FA-47CE-82F5-74C0CDFCCD78}.Release|Any CPU.ActiveCfg = Release|Any CPU
		{66812187-63FA-47CE-82F5-74C0CDFCCD78}.Release|Any CPU.Build.0 = Release|Any CPU
		{5CDD0F34-C679-422F-920E-34E39C587519}.Debug|Any CPU.ActiveCfg = Debug|Any CPU
		{5CDD0F34-C679-422F-920E-34E39C587519}.Debug|Any CPU.Build.0 = Debug|Any CPU
		{5CDD0F34-C679-422F-920E-34E39C587519}.Release|Any CPU.ActiveCfg = Release|Any CPU
		{5CDD0F34-C679-422F-920E-34E39C587519}.Release|Any CPU.Build.0 = Release|Any CPU
		{DB2A5B2E-2168-49F1-93DF-8B51975E73D3}.Debug|Any CPU.ActiveCfg = Debug|Any CPU
		{DB2A5B2E-2168-49F1-93DF-8B51975E73D3}.Debug|Any CPU.Build.0 = Debug|Any CPU
		{DB2A5B2E-2168-49F1-93DF-8B51975E73D3}.Release|Any CPU.ActiveCfg = Release|Any CPU
		{DB2A5B2E-2168-49F1-93DF-8B51975E73D3}.Release|Any CPU.Build.0 = Release|Any CPU
		{5E3DE2ED-A55D-4480-8CE0-C3C18DBE1EA2}.Debug|Any CPU.ActiveCfg = Debug|Any CPU
		{5E3DE2ED-A55D-4480-8CE0-C3C18DBE1EA2}.Debug|Any CPU.Build.0 = Debug|Any CPU
		{5E3DE2ED-A55D-4480-8CE0-C3C18DBE1EA2}.Release|Any CPU.ActiveCfg = Release|Any CPU
		{5E3DE2ED-A55D-4480-8CE0-C3C18DBE1EA2}.Release|Any CPU.Build.0 = Release|Any CPU
		{FC540188-96FF-434C-8433-0CACB768EFF5}.Debug|Any CPU.ActiveCfg = Debug|Any CPU
		{FC540188-96FF-434C-8433-0CACB768EFF5}.Debug|Any CPU.Build.0 = Debug|Any CPU
		{FC540188-96FF-434C-8433-0CACB768EFF5}.Release|Any CPU.ActiveCfg = Release|Any CPU
		{FC540188-96FF-434C-8433-0CACB768EFF5}.Release|Any CPU.Build.0 = Release|Any CPU
		{8EA01B90-81FA-40D0-882A-5DB666BA599A}.Debug|Any CPU.ActiveCfg = Debug|Any CPU
		{8EA01B90-81FA-40D0-882A-5DB666BA599A}.Debug|Any CPU.Build.0 = Debug|Any CPU
		{8EA01B90-81FA-40D0-882A-5DB666BA599A}.Release|Any CPU.ActiveCfg = Release|Any CPU
		{8EA01B90-81FA-40D0-882A-5DB666BA599A}.Release|Any CPU.Build.0 = Release|Any CPU
		{30342589-EBAF-4626-9DC3-D32F2885E127}.Debug|Any CPU.ActiveCfg = Debug|Any CPU
		{30342589-EBAF-4626-9DC3-D32F2885E127}.Debug|Any CPU.Build.0 = Debug|Any CPU
		{30342589-EBAF-4626-9DC3-D32F2885E127}.Release|Any CPU.ActiveCfg = Release|Any CPU
		{30342589-EBAF-4626-9DC3-D32F2885E127}.Release|Any CPU.Build.0 = Release|Any CPU
		{B98EB288-7EB5-43D9-8D3A-2DEE2DC284C7}.Debug|Any CPU.ActiveCfg = Debug|Any CPU
		{B98EB288-7EB5-43D9-8D3A-2DEE2DC284C7}.Debug|Any CPU.Build.0 = Debug|Any CPU
		{B98EB288-7EB5-43D9-8D3A-2DEE2DC284C7}.Release|Any CPU.ActiveCfg = Release|Any CPU
		{B98EB288-7EB5-43D9-8D3A-2DEE2DC284C7}.Release|Any CPU.Build.0 = Release|Any CPU
		{D2C8F32B-3EC9-403B-AC2E-0C87E9445664}.Debug|Any CPU.ActiveCfg = Debug|Any CPU
		{D2C8F32B-3EC9-403B-AC2E-0C87E9445664}.Debug|Any CPU.Build.0 = Debug|Any CPU
		{D2C8F32B-3EC9-403B-AC2E-0C87E9445664}.Release|Any CPU.ActiveCfg = Release|Any CPU
		{D2C8F32B-3EC9-403B-AC2E-0C87E9445664}.Release|Any CPU.Build.0 = Release|Any CPU
		{7E1C80A8-6EDC-4716-A2F8-C85A6BE70206}.Debug|Any CPU.ActiveCfg = Debug|Any CPU
		{7E1C80A8-6EDC-4716-A2F8-C85A6BE70206}.Debug|Any CPU.Build.0 = Debug|Any CPU
		{7E1C80A8-6EDC-4716-A2F8-C85A6BE70206}.Release|Any CPU.ActiveCfg = Release|Any CPU
		{7E1C80A8-6EDC-4716-A2F8-C85A6BE70206}.Release|Any CPU.Build.0 = Release|Any CPU
		{DCC506A5-2F1A-41EE-BFC2-D90127EBB8B6}.Debug|Any CPU.ActiveCfg = Debug|Any CPU
		{DCC506A5-2F1A-41EE-BFC2-D90127EBB8B6}.Debug|Any CPU.Build.0 = Debug|Any CPU
		{DCC506A5-2F1A-41EE-BFC2-D90127EBB8B6}.Release|Any CPU.ActiveCfg = Release|Any CPU
		{DCC506A5-2F1A-41EE-BFC2-D90127EBB8B6}.Release|Any CPU.Build.0 = Release|Any CPU
		{F9C1A8A8-A427-4700-BBEC-14B8341D864E}.Debug|Any CPU.ActiveCfg = Debug|Any CPU
		{F9C1A8A8-A427-4700-BBEC-14B8341D864E}.Debug|Any CPU.Build.0 = Debug|Any CPU
		{F9C1A8A8-A427-4700-BBEC-14B8341D864E}.Release|Any CPU.ActiveCfg = Release|Any CPU
		{F9C1A8A8-A427-4700-BBEC-14B8341D864E}.Release|Any CPU.Build.0 = Release|Any CPU
		{9701F165-D01B-4149-851F-B49659E7AC18}.Debug|Any CPU.ActiveCfg = Debug|Any CPU
		{9701F165-D01B-4149-851F-B49659E7AC18}.Debug|Any CPU.Build.0 = Debug|Any CPU
		{9701F165-D01B-4149-851F-B49659E7AC18}.Release|Any CPU.ActiveCfg = Release|Any CPU
		{9701F165-D01B-4149-851F-B49659E7AC18}.Release|Any CPU.Build.0 = Release|Any CPU
		{8A111540-3386-48E2-8BFC-5C20E325A5BB}.Debug|Any CPU.ActiveCfg = Debug|Any CPU
		{8A111540-3386-48E2-8BFC-5C20E325A5BB}.Debug|Any CPU.Build.0 = Debug|Any CPU
		{8A111540-3386-48E2-8BFC-5C20E325A5BB}.Release|Any CPU.ActiveCfg = Release|Any CPU
		{8A111540-3386-48E2-8BFC-5C20E325A5BB}.Release|Any CPU.Build.0 = Release|Any CPU
		{C712CA2A-0560-4103-8687-4CA83BC25C6D}.Debug|Any CPU.ActiveCfg = Debug|Any CPU
		{C712CA2A-0560-4103-8687-4CA83BC25C6D}.Debug|Any CPU.Build.0 = Debug|Any CPU
		{C712CA2A-0560-4103-8687-4CA83BC25C6D}.Release|Any CPU.ActiveCfg = Release|Any CPU
		{C712CA2A-0560-4103-8687-4CA83BC25C6D}.Release|Any CPU.Build.0 = Release|Any CPU
		{37C28F88-C1BD-4AA4-88B3-19EDB5847B0F}.Debug|Any CPU.ActiveCfg = Debug|Any CPU
		{37C28F88-C1BD-4AA4-88B3-19EDB5847B0F}.Debug|Any CPU.Build.0 = Debug|Any CPU
		{37C28F88-C1BD-4AA4-88B3-19EDB5847B0F}.Release|Any CPU.ActiveCfg = Release|Any CPU
		{37C28F88-C1BD-4AA4-88B3-19EDB5847B0F}.Release|Any CPU.Build.0 = Release|Any CPU
		{4F8567D6-C342-4831-9032-F8F2FAE77054}.Debug|Any CPU.ActiveCfg = Debug|Any CPU
		{4F8567D6-C342-4831-9032-F8F2FAE77054}.Debug|Any CPU.Build.0 = Debug|Any CPU
		{4F8567D6-C342-4831-9032-F8F2FAE77054}.Release|Any CPU.ActiveCfg = Release|Any CPU
		{4F8567D6-C342-4831-9032-F8F2FAE77054}.Release|Any CPU.Build.0 = Release|Any CPU
		{CF64F041-B6C1-44C7-B78F-D5B80197D1F6}.Debug|Any CPU.ActiveCfg = Debug|Any CPU
		{CF64F041-B6C1-44C7-B78F-D5B80197D1F6}.Debug|Any CPU.Build.0 = Debug|Any CPU
		{CF64F041-B6C1-44C7-B78F-D5B80197D1F6}.Release|Any CPU.ActiveCfg = Release|Any CPU
		{CF64F041-B6C1-44C7-B78F-D5B80197D1F6}.Release|Any CPU.Build.0 = Release|Any CPU
		{644836CD-C079-4F1F-8F97-B4DCFC841722}.Debug|Any CPU.ActiveCfg = Debug|Any CPU
		{644836CD-C079-4F1F-8F97-B4DCFC841722}.Debug|Any CPU.Build.0 = Debug|Any CPU
		{644836CD-C079-4F1F-8F97-B4DCFC841722}.Release|Any CPU.ActiveCfg = Release|Any CPU
		{644836CD-C079-4F1F-8F97-B4DCFC841722}.Release|Any CPU.Build.0 = Release|Any CPU
		{C1DEE03B-0187-4A7F-A1EC-5CD9D73A24E1}.Debug|Any CPU.ActiveCfg = Debug|Any CPU
		{C1DEE03B-0187-4A7F-A1EC-5CD9D73A24E1}.Debug|Any CPU.Build.0 = Debug|Any CPU
		{C1DEE03B-0187-4A7F-A1EC-5CD9D73A24E1}.Release|Any CPU.ActiveCfg = Release|Any CPU
		{C1DEE03B-0187-4A7F-A1EC-5CD9D73A24E1}.Release|Any CPU.Build.0 = Release|Any CPU
		{AA2AB543-EFF2-448B-878F-F584FB05E081}.Debug|Any CPU.ActiveCfg = Debug|Any CPU
		{AA2AB543-EFF2-448B-878F-F584FB05E081}.Debug|Any CPU.Build.0 = Debug|Any CPU
		{AA2AB543-EFF2-448B-878F-F584FB05E081}.Release|Any CPU.ActiveCfg = Release|Any CPU
		{AA2AB543-EFF2-448B-878F-F584FB05E081}.Release|Any CPU.Build.0 = Release|Any CPU
		{60DBF8F8-AC68-45AA-ABFE-DA94DB234E79}.Debug|Any CPU.ActiveCfg = Debug|Any CPU
		{60DBF8F8-AC68-45AA-ABFE-DA94DB234E79}.Debug|Any CPU.Build.0 = Debug|Any CPU
		{60DBF8F8-AC68-45AA-ABFE-DA94DB234E79}.Release|Any CPU.ActiveCfg = Release|Any CPU
		{60DBF8F8-AC68-45AA-ABFE-DA94DB234E79}.Release|Any CPU.Build.0 = Release|Any CPU
		{55F5B339-5348-4EC2-A31F-E1E9EF3813F6}.Debug|Any CPU.ActiveCfg = Debug|Any CPU
		{55F5B339-5348-4EC2-A31F-E1E9EF3813F6}.Debug|Any CPU.Build.0 = Debug|Any CPU
		{55F5B339-5348-4EC2-A31F-E1E9EF3813F6}.Release|Any CPU.ActiveCfg = Release|Any CPU
		{55F5B339-5348-4EC2-A31F-E1E9EF3813F6}.Release|Any CPU.Build.0 = Release|Any CPU
		{ACE2FB74-A260-4EB9-9BFB-30A5C18F3CD3}.Debug|Any CPU.ActiveCfg = Debug|Any CPU
		{ACE2FB74-A260-4EB9-9BFB-30A5C18F3CD3}.Debug|Any CPU.Build.0 = Debug|Any CPU
		{ACE2FB74-A260-4EB9-9BFB-30A5C18F3CD3}.Release|Any CPU.ActiveCfg = Release|Any CPU
		{ACE2FB74-A260-4EB9-9BFB-30A5C18F3CD3}.Release|Any CPU.Build.0 = Release|Any CPU
		{5979C742-FCA8-478B-BF36-242A104A77F7}.Debug|Any CPU.ActiveCfg = Debug|Any CPU
		{5979C742-FCA8-478B-BF36-242A104A77F7}.Debug|Any CPU.Build.0 = Debug|Any CPU
		{5979C742-FCA8-478B-BF36-242A104A77F7}.Release|Any CPU.ActiveCfg = Release|Any CPU
		{5979C742-FCA8-478B-BF36-242A104A77F7}.Release|Any CPU.Build.0 = Release|Any CPU
		{13792AD4-078D-495A-A8AD-CC2F8023D0FF}.Debug|Any CPU.ActiveCfg = Debug|Any CPU
		{13792AD4-078D-495A-A8AD-CC2F8023D0FF}.Debug|Any CPU.Build.0 = Debug|Any CPU
		{13792AD4-078D-495A-A8AD-CC2F8023D0FF}.Release|Any CPU.ActiveCfg = Release|Any CPU
		{13792AD4-078D-495A-A8AD-CC2F8023D0FF}.Release|Any CPU.Build.0 = Release|Any CPU
		{A4038E5C-AD77-4316-8AD7-61E08B0DC8D1}.Debug|Any CPU.ActiveCfg = Debug|Any CPU
		{A4038E5C-AD77-4316-8AD7-61E08B0DC8D1}.Debug|Any CPU.Build.0 = Debug|Any CPU
		{A4038E5C-AD77-4316-8AD7-61E08B0DC8D1}.Release|Any CPU.ActiveCfg = Release|Any CPU
		{A4038E5C-AD77-4316-8AD7-61E08B0DC8D1}.Release|Any CPU.Build.0 = Release|Any CPU
		{AA39CF4A-23AD-41D9-948F-C3A67CE09745}.Debug|Any CPU.ActiveCfg = Debug|Any CPU
		{AA39CF4A-23AD-41D9-948F-C3A67CE09745}.Debug|Any CPU.Build.0 = Debug|Any CPU
		{AA39CF4A-23AD-41D9-948F-C3A67CE09745}.Release|Any CPU.ActiveCfg = Release|Any CPU
		{AA39CF4A-23AD-41D9-948F-C3A67CE09745}.Release|Any CPU.Build.0 = Release|Any CPU
		{E4449571-FFAC-46D6-8CE4-1A47BD23F25E}.Debug|Any CPU.ActiveCfg = Debug|Any CPU
		{E4449571-FFAC-46D6-8CE4-1A47BD23F25E}.Debug|Any CPU.Build.0 = Debug|Any CPU
		{E4449571-FFAC-46D6-8CE4-1A47BD23F25E}.Release|Any CPU.ActiveCfg = Release|Any CPU
		{E4449571-FFAC-46D6-8CE4-1A47BD23F25E}.Release|Any CPU.Build.0 = Release|Any CPU
		{299A90A5-53C8-4FC4-B113-CC252BF74F24}.Debug|Any CPU.ActiveCfg = Debug|Any CPU
		{299A90A5-53C8-4FC4-B113-CC252BF74F24}.Debug|Any CPU.Build.0 = Debug|Any CPU
		{299A90A5-53C8-4FC4-B113-CC252BF74F24}.Release|Any CPU.ActiveCfg = Release|Any CPU
		{299A90A5-53C8-4FC4-B113-CC252BF74F24}.Release|Any CPU.Build.0 = Release|Any CPU
		{AB314E11-DFF0-44B4-971D-BB5EEC568679}.Debug|Any CPU.ActiveCfg = Debug|Any CPU
		{AB314E11-DFF0-44B4-971D-BB5EEC568679}.Debug|Any CPU.Build.0 = Debug|Any CPU
		{AB314E11-DFF0-44B4-971D-BB5EEC568679}.Release|Any CPU.ActiveCfg = Release|Any CPU
		{AB314E11-DFF0-44B4-971D-BB5EEC568679}.Release|Any CPU.Build.0 = Release|Any CPU
		{C57E320A-E8DB-4964-9606-020E01D32A89}.Debug|Any CPU.ActiveCfg = Debug|Any CPU
		{C57E320A-E8DB-4964-9606-020E01D32A89}.Debug|Any CPU.Build.0 = Debug|Any CPU
		{C57E320A-E8DB-4964-9606-020E01D32A89}.Release|Any CPU.ActiveCfg = Release|Any CPU
		{C57E320A-E8DB-4964-9606-020E01D32A89}.Release|Any CPU.Build.0 = Release|Any CPU
		{DC483FFC-899C-47CE-BD5E-1237066C0AB7}.Debug|Any CPU.ActiveCfg = Debug|Any CPU
		{DC483FFC-899C-47CE-BD5E-1237066C0AB7}.Debug|Any CPU.Build.0 = Debug|Any CPU
		{DC483FFC-899C-47CE-BD5E-1237066C0AB7}.Release|Any CPU.ActiveCfg = Release|Any CPU
		{DC483FFC-899C-47CE-BD5E-1237066C0AB7}.Release|Any CPU.Build.0 = Release|Any CPU
		{9C9BA749-CD62-407D-929A-0A81963E7E3E}.Debug|Any CPU.ActiveCfg = Debug|Any CPU
		{9C9BA749-CD62-407D-929A-0A81963E7E3E}.Debug|Any CPU.Build.0 = Debug|Any CPU
		{9C9BA749-CD62-407D-929A-0A81963E7E3E}.Release|Any CPU.ActiveCfg = Release|Any CPU
		{9C9BA749-CD62-407D-929A-0A81963E7E3E}.Release|Any CPU.Build.0 = Release|Any CPU
		{44CE1246-9C96-4F65-ACDC-EAD4CB35DE32}.Debug|Any CPU.ActiveCfg = Debug|Any CPU
		{44CE1246-9C96-4F65-ACDC-EAD4CB35DE32}.Debug|Any CPU.Build.0 = Debug|Any CPU
		{44CE1246-9C96-4F65-ACDC-EAD4CB35DE32}.Release|Any CPU.ActiveCfg = Release|Any CPU
		{44CE1246-9C96-4F65-ACDC-EAD4CB35DE32}.Release|Any CPU.Build.0 = Release|Any CPU
		{336787BD-4D1C-4267-B3AC-B7DCB5FB9A15}.Debug|Any CPU.ActiveCfg = Debug|Any CPU
		{336787BD-4D1C-4267-B3AC-B7DCB5FB9A15}.Debug|Any CPU.Build.0 = Debug|Any CPU
		{336787BD-4D1C-4267-B3AC-B7DCB5FB9A15}.Release|Any CPU.ActiveCfg = Release|Any CPU
		{336787BD-4D1C-4267-B3AC-B7DCB5FB9A15}.Release|Any CPU.Build.0 = Release|Any CPU
		{BF52977E-012E-4B2C-AC9A-8FFB636439FC}.Debug|Any CPU.ActiveCfg = Debug|Any CPU
		{BF52977E-012E-4B2C-AC9A-8FFB636439FC}.Debug|Any CPU.Build.0 = Debug|Any CPU
		{BF52977E-012E-4B2C-AC9A-8FFB636439FC}.Release|Any CPU.ActiveCfg = Release|Any CPU
		{BF52977E-012E-4B2C-AC9A-8FFB636439FC}.Release|Any CPU.Build.0 = Release|Any CPU
		{A7C37DC0-DD2D-4ECE-8A43-8A198CD00082}.Debug|Any CPU.ActiveCfg = Debug|Any CPU
		{A7C37DC0-DD2D-4ECE-8A43-8A198CD00082}.Debug|Any CPU.Build.0 = Debug|Any CPU
		{A7C37DC0-DD2D-4ECE-8A43-8A198CD00082}.Release|Any CPU.ActiveCfg = Release|Any CPU
		{A7C37DC0-DD2D-4ECE-8A43-8A198CD00082}.Release|Any CPU.Build.0 = Release|Any CPU
		{DAAAE29B-3CD3-48A4-B3EE-9ABC9751F3DC}.Debug|Any CPU.ActiveCfg = Debug|Any CPU
		{DAAAE29B-3CD3-48A4-B3EE-9ABC9751F3DC}.Debug|Any CPU.Build.0 = Debug|Any CPU
		{DAAAE29B-3CD3-48A4-B3EE-9ABC9751F3DC}.Release|Any CPU.ActiveCfg = Release|Any CPU
		{DAAAE29B-3CD3-48A4-B3EE-9ABC9751F3DC}.Release|Any CPU.Build.0 = Release|Any CPU
		{055848E2-A83F-402C-B04B-15BF34507C1A}.Debug|Any CPU.ActiveCfg = Debug|Any CPU
		{055848E2-A83F-402C-B04B-15BF34507C1A}.Debug|Any CPU.Build.0 = Debug|Any CPU
		{055848E2-A83F-402C-B04B-15BF34507C1A}.Release|Any CPU.ActiveCfg = Release|Any CPU
		{055848E2-A83F-402C-B04B-15BF34507C1A}.Release|Any CPU.Build.0 = Release|Any CPU
		{DE90370E-8E5E-496F-9C9D-E15BEE61DCFE}.Debug|Any CPU.ActiveCfg = Debug|Any CPU
		{DE90370E-8E5E-496F-9C9D-E15BEE61DCFE}.Debug|Any CPU.Build.0 = Debug|Any CPU
		{DE90370E-8E5E-496F-9C9D-E15BEE61DCFE}.Release|Any CPU.ActiveCfg = Release|Any CPU
		{DE90370E-8E5E-496F-9C9D-E15BEE61DCFE}.Release|Any CPU.Build.0 = Release|Any CPU
		{5EAC7A8A-9679-4E40-B938-08817A288798}.Debug|Any CPU.ActiveCfg = Debug|Any CPU
		{5EAC7A8A-9679-4E40-B938-08817A288798}.Debug|Any CPU.Build.0 = Debug|Any CPU
		{5EAC7A8A-9679-4E40-B938-08817A288798}.Release|Any CPU.ActiveCfg = Release|Any CPU
		{5EAC7A8A-9679-4E40-B938-08817A288798}.Release|Any CPU.Build.0 = Release|Any CPU
		{102512F9-1BC7-4561-A8EB-15AA9BA1B9C1}.Debug|Any CPU.ActiveCfg = Debug|Any CPU
		{102512F9-1BC7-4561-A8EB-15AA9BA1B9C1}.Debug|Any CPU.Build.0 = Debug|Any CPU
		{102512F9-1BC7-4561-A8EB-15AA9BA1B9C1}.Release|Any CPU.ActiveCfg = Release|Any CPU
		{102512F9-1BC7-4561-A8EB-15AA9BA1B9C1}.Release|Any CPU.Build.0 = Release|Any CPU
		{3DF432B0-A852-4016-9DEB-9F387547A581}.Debug|Any CPU.ActiveCfg = Debug|Any CPU
		{3DF432B0-A852-4016-9DEB-9F387547A581}.Debug|Any CPU.Build.0 = Debug|Any CPU
		{3DF432B0-A852-4016-9DEB-9F387547A581}.Release|Any CPU.ActiveCfg = Release|Any CPU
		{3DF432B0-A852-4016-9DEB-9F387547A581}.Release|Any CPU.Build.0 = Release|Any CPU
		{686E03CD-8547-4397-9E76-2D1C198569F4}.Debug|Any CPU.ActiveCfg = Debug|Any CPU
		{686E03CD-8547-4397-9E76-2D1C198569F4}.Debug|Any CPU.Build.0 = Debug|Any CPU
		{686E03CD-8547-4397-9E76-2D1C198569F4}.Release|Any CPU.ActiveCfg = Release|Any CPU
		{686E03CD-8547-4397-9E76-2D1C198569F4}.Release|Any CPU.Build.0 = Release|Any CPU
		{10DAB368-BAF1-41AF-A719-17F60E723C5D}.Debug|Any CPU.ActiveCfg = Debug|Any CPU
		{10DAB368-BAF1-41AF-A719-17F60E723C5D}.Debug|Any CPU.Build.0 = Debug|Any CPU
		{10DAB368-BAF1-41AF-A719-17F60E723C5D}.Release|Any CPU.ActiveCfg = Release|Any CPU
		{10DAB368-BAF1-41AF-A719-17F60E723C5D}.Release|Any CPU.Build.0 = Release|Any CPU
		{C126F003-9C5A-443C-A607-2B43A1BCD193}.Debug|Any CPU.ActiveCfg = Debug|Any CPU
		{C126F003-9C5A-443C-A607-2B43A1BCD193}.Debug|Any CPU.Build.0 = Debug|Any CPU
		{C126F003-9C5A-443C-A607-2B43A1BCD193}.Release|Any CPU.ActiveCfg = Release|Any CPU
		{C126F003-9C5A-443C-A607-2B43A1BCD193}.Release|Any CPU.Build.0 = Release|Any CPU
		{97075585-2322-4DD8-84FF-405ADA70779E}.Debug|Any CPU.ActiveCfg = Debug|Any CPU
		{97075585-2322-4DD8-84FF-405ADA70779E}.Debug|Any CPU.Build.0 = Debug|Any CPU
		{97075585-2322-4DD8-84FF-405ADA70779E}.Release|Any CPU.ActiveCfg = Release|Any CPU
		{97075585-2322-4DD8-84FF-405ADA70779E}.Release|Any CPU.Build.0 = Release|Any CPU
		{10A98D36-663E-4E44-A60F-D3F4FB902998}.Debug|Any CPU.ActiveCfg = Debug|Any CPU
		{10A98D36-663E-4E44-A60F-D3F4FB902998}.Debug|Any CPU.Build.0 = Debug|Any CPU
		{10A98D36-663E-4E44-A60F-D3F4FB902998}.Release|Any CPU.ActiveCfg = Release|Any CPU
		{10A98D36-663E-4E44-A60F-D3F4FB902998}.Release|Any CPU.Build.0 = Release|Any CPU
		{8D5C3600-03DE-4426-8BA2-E3BC4C942F87}.Debug|Any CPU.ActiveCfg = Debug|Any CPU
		{8D5C3600-03DE-4426-8BA2-E3BC4C942F87}.Debug|Any CPU.Build.0 = Debug|Any CPU
		{8D5C3600-03DE-4426-8BA2-E3BC4C942F87}.Release|Any CPU.ActiveCfg = Release|Any CPU
		{8D5C3600-03DE-4426-8BA2-E3BC4C942F87}.Release|Any CPU.Build.0 = Release|Any CPU
		{22100C0A-1633-4A2F-8C34-9F321F1D444B}.Debug|Any CPU.ActiveCfg = Debug|Any CPU
		{22100C0A-1633-4A2F-8C34-9F321F1D444B}.Debug|Any CPU.Build.0 = Debug|Any CPU
		{22100C0A-1633-4A2F-8C34-9F321F1D444B}.Release|Any CPU.ActiveCfg = Release|Any CPU
		{22100C0A-1633-4A2F-8C34-9F321F1D444B}.Release|Any CPU.Build.0 = Release|Any CPU
		{AB651CBE-81B0-47BE-BF2E-2607F765C92B}.Debug|Any CPU.ActiveCfg = Debug|Any CPU
		{AB651CBE-81B0-47BE-BF2E-2607F765C92B}.Debug|Any CPU.Build.0 = Debug|Any CPU
		{AB651CBE-81B0-47BE-BF2E-2607F765C92B}.Release|Any CPU.ActiveCfg = Release|Any CPU
		{AB651CBE-81B0-47BE-BF2E-2607F765C92B}.Release|Any CPU.Build.0 = Release|Any CPU
		{8AEFB109-C0EE-4E24-89D7-43B45DE4ADCA}.Debug|Any CPU.ActiveCfg = Debug|Any CPU
		{8AEFB109-C0EE-4E24-89D7-43B45DE4ADCA}.Debug|Any CPU.Build.0 = Debug|Any CPU
		{8AEFB109-C0EE-4E24-89D7-43B45DE4ADCA}.Release|Any CPU.ActiveCfg = Release|Any CPU
		{8AEFB109-C0EE-4E24-89D7-43B45DE4ADCA}.Release|Any CPU.Build.0 = Release|Any CPU
		{AC647C5C-64FE-4C1D-AE33-618471DF7C8C}.Debug|Any CPU.ActiveCfg = Debug|Any CPU
		{AC647C5C-64FE-4C1D-AE33-618471DF7C8C}.Debug|Any CPU.Build.0 = Debug|Any CPU
		{AC647C5C-64FE-4C1D-AE33-618471DF7C8C}.Release|Any CPU.ActiveCfg = Release|Any CPU
		{AC647C5C-64FE-4C1D-AE33-618471DF7C8C}.Release|Any CPU.Build.0 = Release|Any CPU
		{A6CF0CAA-7042-4066-80E0-B936C091ACC2}.Debug|Any CPU.ActiveCfg = Debug|Any CPU
		{A6CF0CAA-7042-4066-80E0-B936C091ACC2}.Debug|Any CPU.Build.0 = Debug|Any CPU
		{A6CF0CAA-7042-4066-80E0-B936C091ACC2}.Release|Any CPU.ActiveCfg = Release|Any CPU
		{A6CF0CAA-7042-4066-80E0-B936C091ACC2}.Release|Any CPU.Build.0 = Release|Any CPU
		{C17DE1C6-8E7C-47FF-A1DD-FEA891917BF3}.Debug|Any CPU.ActiveCfg = Debug|Any CPU
		{C17DE1C6-8E7C-47FF-A1DD-FEA891917BF3}.Debug|Any CPU.Build.0 = Debug|Any CPU
		{C17DE1C6-8E7C-47FF-A1DD-FEA891917BF3}.Release|Any CPU.ActiveCfg = Release|Any CPU
		{C17DE1C6-8E7C-47FF-A1DD-FEA891917BF3}.Release|Any CPU.Build.0 = Release|Any CPU
		{86D983FF-48DF-4018-A08C-E4A429C0116A}.Debug|Any CPU.ActiveCfg = Debug|Any CPU
		{86D983FF-48DF-4018-A08C-E4A429C0116A}.Debug|Any CPU.Build.0 = Debug|Any CPU
		{86D983FF-48DF-4018-A08C-E4A429C0116A}.Release|Any CPU.ActiveCfg = Release|Any CPU
		{86D983FF-48DF-4018-A08C-E4A429C0116A}.Release|Any CPU.Build.0 = Release|Any CPU
		{8E016CF6-51F6-42F5-92A9-5AB93278E911}.Debug|Any CPU.ActiveCfg = Debug|Any CPU
		{8E016CF6-51F6-42F5-92A9-5AB93278E911}.Debug|Any CPU.Build.0 = Debug|Any CPU
		{8E016CF6-51F6-42F5-92A9-5AB93278E911}.Release|Any CPU.ActiveCfg = Release|Any CPU
		{8E016CF6-51F6-42F5-92A9-5AB93278E911}.Release|Any CPU.Build.0 = Release|Any CPU
		{D2275029-223E-4A8D-A7DC-706234BA964B}.Debug|Any CPU.ActiveCfg = Debug|Any CPU
		{D2275029-223E-4A8D-A7DC-706234BA964B}.Debug|Any CPU.Build.0 = Debug|Any CPU
		{D2275029-223E-4A8D-A7DC-706234BA964B}.Release|Any CPU.ActiveCfg = Release|Any CPU
		{D2275029-223E-4A8D-A7DC-706234BA964B}.Release|Any CPU.Build.0 = Release|Any CPU
		{BB25F885-91FC-429C-9F84-BF104832F953}.Debug|Any CPU.ActiveCfg = Debug|Any CPU
		{BB25F885-91FC-429C-9F84-BF104832F953}.Debug|Any CPU.Build.0 = Debug|Any CPU
		{BB25F885-91FC-429C-9F84-BF104832F953}.Release|Any CPU.ActiveCfg = Release|Any CPU
		{BB25F885-91FC-429C-9F84-BF104832F953}.Release|Any CPU.Build.0 = Release|Any CPU
		{85F4FC8A-6172-417D-B9CD-44C10E5F639C}.Debug|Any CPU.ActiveCfg = Debug|Any CPU
		{85F4FC8A-6172-417D-B9CD-44C10E5F639C}.Debug|Any CPU.Build.0 = Debug|Any CPU
		{85F4FC8A-6172-417D-B9CD-44C10E5F639C}.Release|Any CPU.ActiveCfg = Release|Any CPU
		{85F4FC8A-6172-417D-B9CD-44C10E5F639C}.Release|Any CPU.Build.0 = Release|Any CPU
		{782B6577-A5C5-4671-893E-125228DBA43E}.Debug|Any CPU.ActiveCfg = Debug|Any CPU
		{782B6577-A5C5-4671-893E-125228DBA43E}.Debug|Any CPU.Build.0 = Debug|Any CPU
		{782B6577-A5C5-4671-893E-125228DBA43E}.Release|Any CPU.ActiveCfg = Release|Any CPU
		{782B6577-A5C5-4671-893E-125228DBA43E}.Release|Any CPU.Build.0 = Release|Any CPU
	EndGlobalSection
	GlobalSection(SolutionProperties) = preSolution
		HideSolutionNode = FALSE
	EndGlobalSection
	GlobalSection(NestedProjects) = preSolution
		{86946FFB-1208-4E87-AFA0-EEAA099EE8A7} = {D066F411-83EC-498D-AFFC-C3A7A4E7E738}
		{C663C70B-3B5D-43BC-BBCE-9C9B15552840} = {D066F411-83EC-498D-AFFC-C3A7A4E7E738}
		{CDD542F3-310F-4E58-8B1F-3247403014A1} = {96D748E6-B4F4-438F-A219-B3B2CDEA268A}
		{44CBEA02-E355-4512-A55C-65C9C7E4D07D} = {D066F411-83EC-498D-AFFC-C3A7A4E7E738}
		{66812187-63FA-47CE-82F5-74C0CDFCCD78} = {3742FCCD-B571-40BD-88F6-281963C812DE}
		{5CDD0F34-C679-422F-920E-34E39C587519} = {D066F411-83EC-498D-AFFC-C3A7A4E7E738}
		{DB2A5B2E-2168-49F1-93DF-8B51975E73D3} = {96D748E6-B4F4-438F-A219-B3B2CDEA268A}
		{5E3DE2ED-A55D-4480-8CE0-C3C18DBE1EA2} = {D066F411-83EC-498D-AFFC-C3A7A4E7E738}
		{FC540188-96FF-434C-8433-0CACB768EFF5} = {3742FCCD-B571-40BD-88F6-281963C812DE}
		{8EA01B90-81FA-40D0-882A-5DB666BA599A} = {96D748E6-B4F4-438F-A219-B3B2CDEA268A}
		{30342589-EBAF-4626-9DC3-D32F2885E127} = {D066F411-83EC-498D-AFFC-C3A7A4E7E738}
		{B98EB288-7EB5-43D9-8D3A-2DEE2DC284C7} = {3742FCCD-B571-40BD-88F6-281963C812DE}
		{D2C8F32B-3EC9-403B-AC2E-0C87E9445664} = {D066F411-83EC-498D-AFFC-C3A7A4E7E738}
		{7E1C80A8-6EDC-4716-A2F8-C85A6BE70206} = {96D748E6-B4F4-438F-A219-B3B2CDEA268A}
		{DCC506A5-2F1A-41EE-BFC2-D90127EBB8B6} = {96D748E6-B4F4-438F-A219-B3B2CDEA268A}
		{F9C1A8A8-A427-4700-BBEC-14B8341D864E} = {3742FCCD-B571-40BD-88F6-281963C812DE}
		{9701F165-D01B-4149-851F-B49659E7AC18} = {3742FCCD-B571-40BD-88F6-281963C812DE}
		{8A111540-3386-48E2-8BFC-5C20E325A5BB} = {3742FCCD-B571-40BD-88F6-281963C812DE}
		{C712CA2A-0560-4103-8687-4CA83BC25C6D} = {96D748E6-B4F4-438F-A219-B3B2CDEA268A}
		{37C28F88-C1BD-4AA4-88B3-19EDB5847B0F} = {96D748E6-B4F4-438F-A219-B3B2CDEA268A}
		{4F8567D6-C342-4831-9032-F8F2FAE77054} = {96D748E6-B4F4-438F-A219-B3B2CDEA268A}
		{CF64F041-B6C1-44C7-B78F-D5B80197D1F6} = {3742FCCD-B571-40BD-88F6-281963C812DE}
		{644836CD-C079-4F1F-8F97-B4DCFC841722} = {D066F411-83EC-498D-AFFC-C3A7A4E7E738}
		{C1DEE03B-0187-4A7F-A1EC-5CD9D73A24E1} = {9FE9F9D9-026A-471F-8142-B66884DA76F7}
		{AA2AB543-EFF2-448B-878F-F584FB05E081} = {96D748E6-B4F4-438F-A219-B3B2CDEA268A}
		{60DBF8F8-AC68-45AA-ABFE-DA94DB234E79} = {3742FCCD-B571-40BD-88F6-281963C812DE}
		{55F5B339-5348-4EC2-A31F-E1E9EF3813F6} = {D066F411-83EC-498D-AFFC-C3A7A4E7E738}
		{ACE2FB74-A260-4EB9-9BFB-30A5C18F3CD3} = {96D748E6-B4F4-438F-A219-B3B2CDEA268A}
		{5979C742-FCA8-478B-BF36-242A104A77F7} = {D066F411-83EC-498D-AFFC-C3A7A4E7E738}
		{13792AD4-078D-495A-A8AD-CC2F8023D0FF} = {D066F411-83EC-498D-AFFC-C3A7A4E7E738}
		{A4038E5C-AD77-4316-8AD7-61E08B0DC8D1} = {D066F411-83EC-498D-AFFC-C3A7A4E7E738}
		{AA39CF4A-23AD-41D9-948F-C3A67CE09745} = {3742FCCD-B571-40BD-88F6-281963C812DE}
		{E4449571-FFAC-46D6-8CE4-1A47BD23F25E} = {D066F411-83EC-498D-AFFC-C3A7A4E7E738}
		{299A90A5-53C8-4FC4-B113-CC252BF74F24} = {D066F411-83EC-498D-AFFC-C3A7A4E7E738}
		{AB314E11-DFF0-44B4-971D-BB5EEC568679} = {96D748E6-B4F4-438F-A219-B3B2CDEA268A}
		{C57E320A-E8DB-4964-9606-020E01D32A89} = {3742FCCD-B571-40BD-88F6-281963C812DE}
		{DC483FFC-899C-47CE-BD5E-1237066C0AB7} = {96D748E6-B4F4-438F-A219-B3B2CDEA268A}
		{9C9BA749-CD62-407D-929A-0A81963E7E3E} = {96D748E6-B4F4-438F-A219-B3B2CDEA268A}
		{44CE1246-9C96-4F65-ACDC-EAD4CB35DE32} = {3742FCCD-B571-40BD-88F6-281963C812DE}
		{336787BD-4D1C-4267-B3AC-B7DCB5FB9A15} = {D066F411-83EC-498D-AFFC-C3A7A4E7E738}
		{BF52977E-012E-4B2C-AC9A-8FFB636439FC} = {96D748E6-B4F4-438F-A219-B3B2CDEA268A}
		{A7C37DC0-DD2D-4ECE-8A43-8A198CD00082} = {D066F411-83EC-498D-AFFC-C3A7A4E7E738}
		{DAAAE29B-3CD3-48A4-B3EE-9ABC9751F3DC} = {3742FCCD-B571-40BD-88F6-281963C812DE}
		{055848E2-A83F-402C-B04B-15BF34507C1A} = {D066F411-83EC-498D-AFFC-C3A7A4E7E738}
		{DE90370E-8E5E-496F-9C9D-E15BEE61DCFE} = {96D748E6-B4F4-438F-A219-B3B2CDEA268A}
		{5EAC7A8A-9679-4E40-B938-08817A288798} = {96D748E6-B4F4-438F-A219-B3B2CDEA268A}
		{102512F9-1BC7-4561-A8EB-15AA9BA1B9C1} = {D066F411-83EC-498D-AFFC-C3A7A4E7E738}
		{3DF432B0-A852-4016-9DEB-9F387547A581} = {96D748E6-B4F4-438F-A219-B3B2CDEA268A}
		{686E03CD-8547-4397-9E76-2D1C198569F4} = {D066F411-83EC-498D-AFFC-C3A7A4E7E738}
		{10DAB368-BAF1-41AF-A719-17F60E723C5D} = {3742FCCD-B571-40BD-88F6-281963C812DE}
		{C126F003-9C5A-443C-A607-2B43A1BCD193} = {96D748E6-B4F4-438F-A219-B3B2CDEA268A}
		{97075585-2322-4DD8-84FF-405ADA70779E} = {3742FCCD-B571-40BD-88F6-281963C812DE}
		{10A98D36-663E-4E44-A60F-D3F4FB902998} = {3742FCCD-B571-40BD-88F6-281963C812DE}
		{8D5C3600-03DE-4426-8BA2-E3BC4C942F87} = {96D748E6-B4F4-438F-A219-B3B2CDEA268A}
		{22100C0A-1633-4A2F-8C34-9F321F1D444B} = {3742FCCD-B571-40BD-88F6-281963C812DE}
		{AB651CBE-81B0-47BE-BF2E-2607F765C92B} = {D066F411-83EC-498D-AFFC-C3A7A4E7E738}
		{8AEFB109-C0EE-4E24-89D7-43B45DE4ADCA} = {96D748E6-B4F4-438F-A219-B3B2CDEA268A}
		{AC647C5C-64FE-4C1D-AE33-618471DF7C8C} = {3742FCCD-B571-40BD-88F6-281963C812DE}
		{A6CF0CAA-7042-4066-80E0-B936C091ACC2} = {96D748E6-B4F4-438F-A219-B3B2CDEA268A}
		{C17DE1C6-8E7C-47FF-A1DD-FEA891917BF3} = {3742FCCD-B571-40BD-88F6-281963C812DE}
		{86D983FF-48DF-4018-A08C-E4A429C0116A} = {96D748E6-B4F4-438F-A219-B3B2CDEA268A}
		{8E016CF6-51F6-42F5-92A9-5AB93278E911} = {3742FCCD-B571-40BD-88F6-281963C812DE}
		{D2275029-223E-4A8D-A7DC-706234BA964B} = {3742FCCD-B571-40BD-88F6-281963C812DE}
		{BB25F885-91FC-429C-9F84-BF104832F953} = {96D748E6-B4F4-438F-A219-B3B2CDEA268A}
		{85F4FC8A-6172-417D-B9CD-44C10E5F639C} = {96D748E6-B4F4-438F-A219-B3B2CDEA268A}
		{782B6577-A5C5-4671-893E-125228DBA43E} = {3742FCCD-B571-40BD-88F6-281963C812DE}
	EndGlobalSection
	GlobalSection(ExtensibilityGlobals) = postSolution
		SolutionGuid = {E98DC5D3-1A12-4A79-86FB-1CF34D8BDAA5}
	EndGlobalSection
EndGlobal
